Microsoft Visual Studio Solution File, Format Version 12.00
# Visual Studio 14
Project("{8BC9CEB8-8B4A-11D0-8D11-00A0C91BC942}") = "ALL_BUILD", "ALL_BUILD.vcxproj", "{0E2E0FD7-ABFD-3AF5-8F17-95BB245BFA21}"
	ProjectSection(ProjectDependencies) = postProject
		{C327A719-E9DC-3623-8614-83DE65424E77} = {C327A719-E9DC-3623-8614-83DE65424E77}
		{4B9E668B-C2AB-3558-B669-48C5101F821D} = {4B9E668B-C2AB-3558-B669-48C5101F821D}
		{034F7B14-6DC4-30B9-B1B9-7D4401AFF709} = {034F7B14-6DC4-30B9-B1B9-7D4401AFF709}
		{A2BCEB61-F5C2-3E61-AB16-B4CDACE96100} = {A2BCEB61-F5C2-3E61-AB16-B4CDACE96100}
		{AF647A03-9CAA-3661-8B31-548B9F367B31} = {AF647A03-9CAA-3661-8B31-548B9F367B31}
		{256BD609-0EBA-3325-B648-F226BEAB497D} = {256BD609-0EBA-3325-B648-F226BEAB497D}
		{597AE9FD-51B9-3011-B7BF-5A27539A2B40} = {597AE9FD-51B9-3011-B7BF-5A27539A2B40}
		{BD54599C-9114-30A0-A240-5BEB83FD10B3} = {BD54599C-9114-30A0-A240-5BEB83FD10B3}
		{72E53D06-129F-383F-A531-80BFD84BC1EE} = {72E53D06-129F-383F-A531-80BFD84BC1EE}
		{8D7BB307-4F9F-3D8A-B99F-2DD79ABA1A16} = {8D7BB307-4F9F-3D8A-B99F-2DD79ABA1A16}
		{7C4429CF-9979-3DC6-A959-228A2FEB4715} = {7C4429CF-9979-3DC6-A959-228A2FEB4715}
		{AE04B1C6-0C26-3747-A86A-A323516366E9} = {AE04B1C6-0C26-3747-A86A-A323516366E9}
		{1E1161A5-2668-3F5B-9671-E10092CF340F} = {1E1161A5-2668-3F5B-9671-E10092CF340F}
		{41E06D86-73B6-3440-9952-666FCC0BE98C} = {41E06D86-73B6-3440-9952-666FCC0BE98C}
		{5E947662-538D-3940-AB97-109677827683} = {5E947662-538D-3940-AB97-109677827683}
		{04DE5F73-796A-334C-B5DC-CC9F0F6B38FC} = {04DE5F73-796A-334C-B5DC-CC9F0F6B38FC}
		{CF6E0ADD-A349-3BC5-B6A3-5017466C23BF} = {CF6E0ADD-A349-3BC5-B6A3-5017466C23BF}
		{71EB07FE-A6A6-3F92-A124-2C3A297FAE21} = {71EB07FE-A6A6-3F92-A124-2C3A297FAE21}
		{EA178732-5F48-3EE6-9FC6-2EBEE53D6F8B} = {EA178732-5F48-3EE6-9FC6-2EBEE53D6F8B}
		{63C9798D-C692-3EF9-B056-E7A1A0B34047} = {63C9798D-C692-3EF9-B056-E7A1A0B34047}
		{C37EB02C-B227-3648-B56F-6103C31BE48A} = {C37EB02C-B227-3648-B56F-6103C31BE48A}
		{A36F180E-7461-355D-952A-43D2C9DFD37E} = {A36F180E-7461-355D-952A-43D2C9DFD37E}
		{D0828FB7-1C32-3F5E-856A-DC29C940E40E} = {D0828FB7-1C32-3F5E-856A-DC29C940E40E}
		{CF0C942D-DB58-3D1E-9D6E-F0CA4BC05673} = {CF0C942D-DB58-3D1E-9D6E-F0CA4BC05673}
		{BC10F168-385D-3A5A-BEB3-453EE8DE4AD3} = {BC10F168-385D-3A5A-BEB3-453EE8DE4AD3}
		{5EC10CED-BDAE-3616-A463-0A06E584FB51} = {5EC10CED-BDAE-3616-A463-0A06E584FB51}
		{D332F684-764F-3624-8F10-F909B0F42006} = {D332F684-764F-3624-8F10-F909B0F42006}
		{C4D903D1-0995-3A7F-B87D-BB7BB76FFFA0} = {C4D903D1-0995-3A7F-B87D-BB7BB76FFFA0}
		{04638050-1FEE-37CC-AE1B-CBDC11913AFB} = {04638050-1FEE-37CC-AE1B-CBDC11913AFB}
		{A1D27173-4687-35C9-A01C-52177BBC65ED} = {A1D27173-4687-35C9-A01C-52177BBC65ED}
		{C3C66759-49DD-388E-98EF-1ADAC4F043D0} = {C3C66759-49DD-388E-98EF-1ADAC4F043D0}
		{289A6BC0-4D8D-378A-8E54-572106E35666} = {289A6BC0-4D8D-378A-8E54-572106E35666}
		{65C41E29-F133-3595-B6ED-BD7D6A4CC902} = {65C41E29-F133-3595-B6ED-BD7D6A4CC902}
		{7EA41AA4-78CA-37FF-9B7B-B8AABBB6C8D0} = {7EA41AA4-78CA-37FF-9B7B-B8AABBB6C8D0}
		{C9A08890-1F45-3CBE-A726-66F1CB0BFF5D} = {C9A08890-1F45-3CBE-A726-66F1CB0BFF5D}
		{BDE8A48D-44D9-3031-AFB2-3E627FB9D59F} = {BDE8A48D-44D9-3031-AFB2-3E627FB9D59F}
		{1D99B2CA-52FF-35ED-A4E9-8AEBFD61E35E} = {1D99B2CA-52FF-35ED-A4E9-8AEBFD61E35E}
		{1F44038E-B93F-3B03-A12E-4C7F15DE6011} = {1F44038E-B93F-3B03-A12E-4C7F15DE6011}
		{D33DC1F7-6D8B-3491-9AEC-4ADA4FA9F0E9} = {D33DC1F7-6D8B-3491-9AEC-4ADA4FA9F0E9}
		{57D980DA-B34A-38DA-8E5E-F420124BA68B} = {57D980DA-B34A-38DA-8E5E-F420124BA68B}
		{C721D6F9-5CE2-3C1A-BD76-E07DC9829047} = {C721D6F9-5CE2-3C1A-BD76-E07DC9829047}
		{1CECEB3A-11E3-3521-A993-25B7800946C1} = {1CECEB3A-11E3-3521-A993-25B7800946C1}
		{29926CEC-0A46-35A9-984F-13B396398352} = {29926CEC-0A46-35A9-984F-13B396398352}
		{3976687B-8C09-3D12-832C-C6F6738E79C3} = {3976687B-8C09-3D12-832C-C6F6738E79C3}
		{45FF95D6-A448-39F6-AC47-81D18D847149} = {45FF95D6-A448-39F6-AC47-81D18D847149}
		{0230C352-D9D3-3E07-A5ED-8B52D627E4B1} = {0230C352-D9D3-3E07-A5ED-8B52D627E4B1}
		{DD80FF6C-C6F9-3B2F-98A1-DBA6BAC5488C} = {DD80FF6C-C6F9-3B2F-98A1-DBA6BAC5488C}
		{2756E27B-E6D6-3FD1-9F41-5B063792998B} = {2756E27B-E6D6-3FD1-9F41-5B063792998B}
		{89B5F9EB-2E31-3971-B3CD-6CAF642343D9} = {89B5F9EB-2E31-3971-B3CD-6CAF642343D9}
		{3E7D84D4-F1A2-320C-A534-1ED584E21961} = {3E7D84D4-F1A2-320C-A534-1ED584E21961}
		{B380FD9C-AB71-32F4-8E89-9F059388D574} = {B380FD9C-AB71-32F4-8E89-9F059388D574}
		{874D412A-EBAC-30D7-8FB0-D80745EB86A1} = {874D412A-EBAC-30D7-8FB0-D80745EB86A1}
		{17E1E1C7-0E36-30ED-B323-EF88B22415FF} = {17E1E1C7-0E36-30ED-B323-EF88B22415FF}
		{39C489E5-0D1B-310D-9B89-36D03BC7332C} = {39C489E5-0D1B-310D-9B89-36D03BC7332C}
	EndProjectSection
EndProject
Project("{8BC9CEB8-8B4A-11D0-8D11-00A0C91BC942}") = "INSTALL", "INSTALL.vcxproj", "{24CE0EFD-40A0-3523-9567-6273A747D753}"
	ProjectSection(ProjectDependencies) = postProject
		{C327A719-E9DC-3623-8614-83DE65424E77} = {C327A719-E9DC-3623-8614-83DE65424E77}
	EndProjectSection
EndProject
Project("{8BC9CEB8-8B4A-11D0-8D11-00A0C91BC942}") = "RUN_TESTS", "RUN_TESTS.vcxproj", "{0BE12C9F-DEAD-3359-B762-B962775B9D58}"
	ProjectSection(ProjectDependencies) = postProject
		{C327A719-E9DC-3623-8614-83DE65424E77} = {C327A719-E9DC-3623-8614-83DE65424E77}
	EndProjectSection
EndProject
Project("{8BC9CEB8-8B4A-11D0-8D11-00A0C91BC942}") = "ZERO_CHECK", "ZERO_CHECK.vcxproj", "{C327A719-E9DC-3623-8614-83DE65424E77}"
	ProjectSection(ProjectDependencies) = postProject
	EndProjectSection
EndProject
Project("{8BC9CEB8-8B4A-11D0-8D11-00A0C91BC942}") = "daemon", "osquery\daemon.vcxproj", "{4B9E668B-C2AB-3558-B669-48C5101F821D}"
	ProjectSection(ProjectDependencies) = postProject
		{C327A719-E9DC-3623-8614-83DE65424E77} = {C327A719-E9DC-3623-8614-83DE65424E77}
		{BD54599C-9114-30A0-A240-5BEB83FD10B3} = {BD54599C-9114-30A0-A240-5BEB83FD10B3}
		{72E53D06-129F-383F-A531-80BFD84BC1EE} = {72E53D06-129F-383F-A531-80BFD84BC1EE}
	EndProjectSection
EndProject
Project("{8BC9CEB8-8B4A-11D0-8D11-00A0C91BC942}") = "devel", "osquery\devel.vcxproj", "{F77812CF-70F8-37DF-8AA0-BA730B46D38A}"
	ProjectSection(ProjectDependencies) = postProject
		{C327A719-E9DC-3623-8614-83DE65424E77} = {C327A719-E9DC-3623-8614-83DE65424E77}
		{BD54599C-9114-30A0-A240-5BEB83FD10B3} = {BD54599C-9114-30A0-A240-5BEB83FD10B3}
	EndProjectSection
EndProject
Project("{8BC9CEB8-8B4A-11D0-8D11-00A0C91BC942}") = "docs", "docs.vcxproj", "{A0A85017-526D-3C45-AB58-0B45BE8D27FF}"
	ProjectSection(ProjectDependencies) = postProject
		{C327A719-E9DC-3623-8614-83DE65424E77} = {C327A719-E9DC-3623-8614-83DE65424E77}
	EndProjectSection
EndProject
Project("{8BC9CEB8-8B4A-11D0-8D11-00A0C91BC942}") = "example_extension", "osquery\example_extension.vcxproj", "{034F7B14-6DC4-30B9-B1B9-7D4401AFF709}"
	ProjectSection(ProjectDependencies) = postProject
		{C327A719-E9DC-3623-8614-83DE65424E77} = {C327A719-E9DC-3623-8614-83DE65424E77}
		{BD54599C-9114-30A0-A240-5BEB83FD10B3} = {BD54599C-9114-30A0-A240-5BEB83FD10B3}
	EndProjectSection
EndProject
Project("{8BC9CEB8-8B4A-11D0-8D11-00A0C91BC942}") = "externals", "external\externals.vcxproj", "{B4ABCEF5-F32F-3237-80B5-25221B2E5CF7}"
	ProjectSection(ProjectDependencies) = postProject
		{C327A719-E9DC-3623-8614-83DE65424E77} = {C327A719-E9DC-3623-8614-83DE65424E77}
	EndProjectSection
EndProject
Project("{8BC9CEB8-8B4A-11D0-8D11-00A0C91BC942}") = "format", "format.vcxproj", "{AF94341C-395A-3025-9197-B96207F435D1}"
	ProjectSection(ProjectDependencies) = postProject
		{C327A719-E9DC-3623-8614-83DE65424E77} = {C327A719-E9DC-3623-8614-83DE65424E77}
	EndProjectSection
EndProject
Project("{8BC9CEB8-8B4A-11D0-8D11-00A0C91BC942}") = "format_all", "format_all.vcxproj", "{B176CCE3-D776-3232-922D-014DDE2AE13B}"
	ProjectSection(ProjectDependencies) = postProject
		{C327A719-E9DC-3623-8614-83DE65424E77} = {C327A719-E9DC-3623-8614-83DE65424E77}
	EndProjectSection
EndProject
Project("{8BC9CEB8-8B4A-11D0-8D11-00A0C91BC942}") = "gmock", "third-party\googletest\googlemock\gmock.vcxproj", "{A2BCEB61-F5C2-3E61-AB16-B4CDACE96100}"
	ProjectSection(ProjectDependencies) = postProject
		{C327A719-E9DC-3623-8614-83DE65424E77} = {C327A719-E9DC-3623-8614-83DE65424E77}
	EndProjectSection
EndProject
Project("{8BC9CEB8-8B4A-11D0-8D11-00A0C91BC942}") = "gmock_main", "third-party\googletest\googlemock\gmock_main.vcxproj", "{AF647A03-9CAA-3661-8B31-548B9F367B31}"
	ProjectSection(ProjectDependencies) = postProject
		{C327A719-E9DC-3623-8614-83DE65424E77} = {C327A719-E9DC-3623-8614-83DE65424E77}
	EndProjectSection
EndProject
Project("{8BC9CEB8-8B4A-11D0-8D11-00A0C91BC942}") = "gtest", "third-party\googletest\googlemock\gtest\gtest.vcxproj", "{256BD609-0EBA-3325-B648-F226BEAB497D}"
	ProjectSection(ProjectDependencies) = postProject
		{C327A719-E9DC-3623-8614-83DE65424E77} = {C327A719-E9DC-3623-8614-83DE65424E77}
	EndProjectSection
EndProject
Project("{8BC9CEB8-8B4A-11D0-8D11-00A0C91BC942}") = "gtest_main", "third-party\googletest\googlemock\gtest\gtest_main.vcxproj", "{597AE9FD-51B9-3011-B7BF-5A27539A2B40}"
	ProjectSection(ProjectDependencies) = postProject
		{C327A719-E9DC-3623-8614-83DE65424E77} = {C327A719-E9DC-3623-8614-83DE65424E77}
		{256BD609-0EBA-3325-B648-F226BEAB497D} = {256BD609-0EBA-3325-B648-F226BEAB497D}
	EndProjectSection
EndProject
Project("{8BC9CEB8-8B4A-11D0-8D11-00A0C91BC942}") = "libosquery", "osquery\libosquery.vcxproj", "{BD54599C-9114-30A0-A240-5BEB83FD10B3}"
	ProjectSection(ProjectDependencies) = postProject
		{C327A719-E9DC-3623-8614-83DE65424E77} = {C327A719-E9DC-3623-8614-83DE65424E77}
		{7C4429CF-9979-3DC6-A959-228A2FEB4715} = {7C4429CF-9979-3DC6-A959-228A2FEB4715}
		{5E947662-538D-3940-AB97-109677827683} = {5E947662-538D-3940-AB97-109677827683}
		{63C9798D-C692-3EF9-B056-E7A1A0B34047} = {63C9798D-C692-3EF9-B056-E7A1A0B34047}
		{C37EB02C-B227-3648-B56F-6103C31BE48A} = {C37EB02C-B227-3648-B56F-6103C31BE48A}
		{D0828FB7-1C32-3F5E-856A-DC29C940E40E} = {D0828FB7-1C32-3F5E-856A-DC29C940E40E}
		{CF0C942D-DB58-3D1E-9D6E-F0CA4BC05673} = {CF0C942D-DB58-3D1E-9D6E-F0CA4BC05673}
		{D332F684-764F-3624-8F10-F909B0F42006} = {D332F684-764F-3624-8F10-F909B0F42006}
		{04638050-1FEE-37CC-AE1B-CBDC11913AFB} = {04638050-1FEE-37CC-AE1B-CBDC11913AFB}
		{289A6BC0-4D8D-378A-8E54-572106E35666} = {289A6BC0-4D8D-378A-8E54-572106E35666}
		{C9A08890-1F45-3CBE-A726-66F1CB0BFF5D} = {C9A08890-1F45-3CBE-A726-66F1CB0BFF5D}
		{BDE8A48D-44D9-3031-AFB2-3E627FB9D59F} = {BDE8A48D-44D9-3031-AFB2-3E627FB9D59F}
		{C721D6F9-5CE2-3C1A-BD76-E07DC9829047} = {C721D6F9-5CE2-3C1A-BD76-E07DC9829047}
		{45FF95D6-A448-39F6-AC47-81D18D847149} = {45FF95D6-A448-39F6-AC47-81D18D847149}
		{DD80FF6C-C6F9-3B2F-98A1-DBA6BAC5488C} = {DD80FF6C-C6F9-3B2F-98A1-DBA6BAC5488C}
		{89B5F9EB-2E31-3971-B3CD-6CAF642343D9} = {89B5F9EB-2E31-3971-B3CD-6CAF642343D9}
		{874D412A-EBAC-30D7-8FB0-D80745EB86A1} = {874D412A-EBAC-30D7-8FB0-D80745EB86A1}
	EndProjectSection
EndProject
Project("{8BC9CEB8-8B4A-11D0-8D11-00A0C91BC942}") = "libosquery_additional", "osquery\libosquery_additional.vcxproj", "{72E53D06-129F-383F-A531-80BFD84BC1EE}"
	ProjectSection(ProjectDependencies) = postProject
		{C327A719-E9DC-3623-8614-83DE65424E77} = {C327A719-E9DC-3623-8614-83DE65424E77}
		{AE04B1C6-0C26-3747-A86A-A323516366E9} = {AE04B1C6-0C26-3747-A86A-A323516366E9}
		{1E1161A5-2668-3F5B-9671-E10092CF340F} = {1E1161A5-2668-3F5B-9671-E10092CF340F}
		{04DE5F73-796A-334C-B5DC-CC9F0F6B38FC} = {04DE5F73-796A-334C-B5DC-CC9F0F6B38FC}
		{CF6E0ADD-A349-3BC5-B6A3-5017466C23BF} = {CF6E0ADD-A349-3BC5-B6A3-5017466C23BF}
		{EA178732-5F48-3EE6-9FC6-2EBEE53D6F8B} = {EA178732-5F48-3EE6-9FC6-2EBEE53D6F8B}
		{A36F180E-7461-355D-952A-43D2C9DFD37E} = {A36F180E-7461-355D-952A-43D2C9DFD37E}
		{BC10F168-385D-3A5A-BEB3-453EE8DE4AD3} = {BC10F168-385D-3A5A-BEB3-453EE8DE4AD3}
		{5EC10CED-BDAE-3616-A463-0A06E584FB51} = {5EC10CED-BDAE-3616-A463-0A06E584FB51}
		{C4D903D1-0995-3A7F-B87D-BB7BB76FFFA0} = {C4D903D1-0995-3A7F-B87D-BB7BB76FFFA0}
		{A1D27173-4687-35C9-A01C-52177BBC65ED} = {A1D27173-4687-35C9-A01C-52177BBC65ED}
		{C3C66759-49DD-388E-98EF-1ADAC4F043D0} = {C3C66759-49DD-388E-98EF-1ADAC4F043D0}
		{65C41E29-F133-3595-B6ED-BD7D6A4CC902} = {65C41E29-F133-3595-B6ED-BD7D6A4CC902}
		{7EA41AA4-78CA-37FF-9B7B-B8AABBB6C8D0} = {7EA41AA4-78CA-37FF-9B7B-B8AABBB6C8D0}
		{1D99B2CA-52FF-35ED-A4E9-8AEBFD61E35E} = {1D99B2CA-52FF-35ED-A4E9-8AEBFD61E35E}
		{1F44038E-B93F-3B03-A12E-4C7F15DE6011} = {1F44038E-B93F-3B03-A12E-4C7F15DE6011}
		{D33DC1F7-6D8B-3491-9AEC-4ADA4FA9F0E9} = {D33DC1F7-6D8B-3491-9AEC-4ADA4FA9F0E9}
		{1CECEB3A-11E3-3521-A993-25B7800946C1} = {1CECEB3A-11E3-3521-A993-25B7800946C1}
		{29926CEC-0A46-35A9-984F-13B396398352} = {29926CEC-0A46-35A9-984F-13B396398352}
		{3976687B-8C09-3D12-832C-C6F6738E79C3} = {3976687B-8C09-3D12-832C-C6F6738E79C3}
		{0230C352-D9D3-3E07-A5ED-8B52D627E4B1} = {0230C352-D9D3-3E07-A5ED-8B52D627E4B1}
		{2756E27B-E6D6-3FD1-9F41-5B063792998B} = {2756E27B-E6D6-3FD1-9F41-5B063792998B}
		{3E7D84D4-F1A2-320C-A534-1ED584E21961} = {3E7D84D4-F1A2-320C-A534-1ED584E21961}
	EndProjectSection
EndProject
Project("{8BC9CEB8-8B4A-11D0-8D11-00A0C91BC942}") = "libosquery_testing", "osquery\libosquery_testing.vcxproj", "{8D7BB307-4F9F-3D8A-B99F-2DD79ABA1A16}"
	ProjectSection(ProjectDependencies) = postProject
		{C327A719-E9DC-3623-8614-83DE65424E77} = {C327A719-E9DC-3623-8614-83DE65424E77}
		{BD54599C-9114-30A0-A240-5BEB83FD10B3} = {BD54599C-9114-30A0-A240-5BEB83FD10B3}
	EndProjectSection
EndProject
Project("{8BC9CEB8-8B4A-11D0-8D11-00A0C91BC942}") = "linenoise-ng", "third-party\linenoise-ng\linenoise-ng.vcxproj", "{7C4429CF-9979-3DC6-A959-228A2FEB4715}"
	ProjectSection(ProjectDependencies) = postProject
		{C327A719-E9DC-3623-8614-83DE65424E77} = {C327A719-E9DC-3623-8614-83DE65424E77}
	EndProjectSection
EndProject
Project("{8BC9CEB8-8B4A-11D0-8D11-00A0C91BC942}") = "osquery_additional_amalgamation", "osquery\osquery_additional_amalgamation.vcxproj", "{AE04B1C6-0C26-3747-A86A-A323516366E9}"
	ProjectSection(ProjectDependencies) = postProject
		{C327A719-E9DC-3623-8614-83DE65424E77} = {C327A719-E9DC-3623-8614-83DE65424E77}
		{C9A08890-1F45-3CBE-A726-66F1CB0BFF5D} = {C9A08890-1F45-3CBE-A726-66F1CB0BFF5D}
	EndProjectSection
EndProject
Project("{8BC9CEB8-8B4A-11D0-8D11-00A0C91BC942}") = "osquery_additional_config_parsers", "osquery\config\osquery_additional_config_parsers.vcxproj", "{1E1161A5-2668-3F5B-9671-E10092CF340F}"
	ProjectSection(ProjectDependencies) = postProject
		{C327A719-E9DC-3623-8614-83DE65424E77} = {C327A719-E9DC-3623-8614-83DE65424E77}
		{C9A08890-1F45-3CBE-A726-66F1CB0BFF5D} = {C9A08890-1F45-3CBE-A726-66F1CB0BFF5D}
	EndProjectSection
EndProject
Project("{8BC9CEB8-8B4A-11D0-8D11-00A0C91BC942}") = "osquery_additional_tests", "osquery\osquery_additional_tests.vcxproj", "{41E06D86-73B6-3440-9952-666FCC0BE98C}"
	ProjectSection(ProjectDependencies) = postProject
		{C327A719-E9DC-3623-8614-83DE65424E77} = {C327A719-E9DC-3623-8614-83DE65424E77}
		{A2BCEB61-F5C2-3E61-AB16-B4CDACE96100} = {A2BCEB61-F5C2-3E61-AB16-B4CDACE96100}
		{256BD609-0EBA-3325-B648-F226BEAB497D} = {256BD609-0EBA-3325-B648-F226BEAB497D}
		{BD54599C-9114-30A0-A240-5BEB83FD10B3} = {BD54599C-9114-30A0-A240-5BEB83FD10B3}
		{72E53D06-129F-383F-A531-80BFD84BC1EE} = {72E53D06-129F-383F-A531-80BFD84BC1EE}
		{8D7BB307-4F9F-3D8A-B99F-2DD79ABA1A16} = {8D7BB307-4F9F-3D8A-B99F-2DD79ABA1A16}
	EndProjectSection
EndProject
Project("{8BC9CEB8-8B4A-11D0-8D11-00A0C91BC942}") = "osquery_amalgamation", "osquery\osquery_amalgamation.vcxproj", "{5E947662-538D-3940-AB97-109677827683}"
	ProjectSection(ProjectDependencies) = postProject
		{C327A719-E9DC-3623-8614-83DE65424E77} = {C327A719-E9DC-3623-8614-83DE65424E77}
		{C9A08890-1F45-3CBE-A726-66F1CB0BFF5D} = {C9A08890-1F45-3CBE-A726-66F1CB0BFF5D}
	EndProjectSection
EndProject
Project("{8BC9CEB8-8B4A-11D0-8D11-00A0C91BC942}") = "osquery_applications_tables", "osquery\tables\osquery_applications_tables.vcxproj", "{04DE5F73-796A-334C-B5DC-CC9F0F6B38FC}"
	ProjectSection(ProjectDependencies) = postProject
		{C327A719-E9DC-3623-8614-83DE65424E77} = {C327A719-E9DC-3623-8614-83DE65424E77}
		{C9A08890-1F45-3CBE-A726-66F1CB0BFF5D} = {C9A08890-1F45-3CBE-A726-66F1CB0BFF5D}
	EndProjectSection
EndProject
Project("{8BC9CEB8-8B4A-11D0-8D11-00A0C91BC942}") = "osquery_aws_util", "osquery\utils\osquery_aws_util.vcxproj", "{CF6E0ADD-A349-3BC5-B6A3-5017466C23BF}"
	ProjectSection(ProjectDependencies) = postProject
		{C327A719-E9DC-3623-8614-83DE65424E77} = {C327A719-E9DC-3623-8614-83DE65424E77}
		{C9A08890-1F45-3CBE-A726-66F1CB0BFF5D} = {C9A08890-1F45-3CBE-A726-66F1CB0BFF5D}
	EndProjectSection
EndProject
Project("{8BC9CEB8-8B4A-11D0-8D11-00A0C91BC942}") = "osquery_benchmarks", "osquery\osquery_benchmarks.vcxproj", "{71EB07FE-A6A6-3F92-A124-2C3A297FAE21}"
	ProjectSection(ProjectDependencies) = postProject
		{C327A719-E9DC-3623-8614-83DE65424E77} = {C327A719-E9DC-3623-8614-83DE65424E77}
		{BD54599C-9114-30A0-A240-5BEB83FD10B3} = {BD54599C-9114-30A0-A240-5BEB83FD10B3}
		{72E53D06-129F-383F-A531-80BFD84BC1EE} = {72E53D06-129F-383F-A531-80BFD84BC1EE}
		{8D7BB307-4F9F-3D8A-B99F-2DD79ABA1A16} = {8D7BB307-4F9F-3D8A-B99F-2DD79ABA1A16}
	EndProjectSection
EndProject
Project("{8BC9CEB8-8B4A-11D0-8D11-00A0C91BC942}") = "osquery_carver", "osquery\carver\osquery_carver.vcxproj", "{EA178732-5F48-3EE6-9FC6-2EBEE53D6F8B}"
	ProjectSection(ProjectDependencies) = postProject
		{C327A719-E9DC-3623-8614-83DE65424E77} = {C327A719-E9DC-3623-8614-83DE65424E77}
		{C9A08890-1F45-3CBE-A726-66F1CB0BFF5D} = {C9A08890-1F45-3CBE-A726-66F1CB0BFF5D}
	EndProjectSection
EndProject
Project("{8BC9CEB8-8B4A-11D0-8D11-00A0C91BC942}") = "osquery_config", "osquery\config\osquery_config.vcxproj", "{63C9798D-C692-3EF9-B056-E7A1A0B34047}"
	ProjectSection(ProjectDependencies) = postProject
		{C327A719-E9DC-3623-8614-83DE65424E77} = {C327A719-E9DC-3623-8614-83DE65424E77}
		{C9A08890-1F45-3CBE-A726-66F1CB0BFF5D} = {C9A08890-1F45-3CBE-A726-66F1CB0BFF5D}
	EndProjectSection
EndProject
Project("{8BC9CEB8-8B4A-11D0-8D11-00A0C91BC942}") = "osquery_config_parsers", "osquery\config\osquery_config_parsers.vcxproj", "{C37EB02C-B227-3648-B56F-6103C31BE48A}"
	ProjectSection(ProjectDependencies) = postProject
		{C327A719-E9DC-3623-8614-83DE65424E77} = {C327A719-E9DC-3623-8614-83DE65424E77}
		{C9A08890-1F45-3CBE-A726-66F1CB0BFF5D} = {C9A08890-1F45-3CBE-A726-66F1CB0BFF5D}
	EndProjectSection
EndProject
Project("{8BC9CEB8-8B4A-11D0-8D11-00A0C91BC942}") = "osquery_config_plugins", "osquery\config\osquery_config_plugins.vcxproj", "{A36F180E-7461-355D-952A-43D2C9DFD37E}"
	ProjectSection(ProjectDependencies) = postProject
		{C327A719-E9DC-3623-8614-83DE65424E77} = {C327A719-E9DC-3623-8614-83DE65424E77}
		{C9A08890-1F45-3CBE-A726-66F1CB0BFF5D} = {C9A08890-1F45-3CBE-A726-66F1CB0BFF5D}
	EndProjectSection
EndProject
Project("{8BC9CEB8-8B4A-11D0-8D11-00A0C91BC942}") = "osquery_core", "osquery\core\osquery_core.vcxproj", "{D0828FB7-1C32-3F5E-856A-DC29C940E40E}"
	ProjectSection(ProjectDependencies) = postProject
		{C327A719-E9DC-3623-8614-83DE65424E77} = {C327A719-E9DC-3623-8614-83DE65424E77}
		{C9A08890-1F45-3CBE-A726-66F1CB0BFF5D} = {C9A08890-1F45-3CBE-A726-66F1CB0BFF5D}
	EndProjectSection
EndProject
Project("{8BC9CEB8-8B4A-11D0-8D11-00A0C91BC942}") = "osquery_database", "osquery\database\osquery_database.vcxproj", "{CF0C942D-DB58-3D1E-9D6E-F0CA4BC05673}"
	ProjectSection(ProjectDependencies) = postProject
		{C327A719-E9DC-3623-8614-83DE65424E77} = {C327A719-E9DC-3623-8614-83DE65424E77}
		{C9A08890-1F45-3CBE-A726-66F1CB0BFF5D} = {C9A08890-1F45-3CBE-A726-66F1CB0BFF5D}
	EndProjectSection
EndProject
Project("{8BC9CEB8-8B4A-11D0-8D11-00A0C91BC942}") = "osquery_database_plugins", "osquery\database\osquery_database_plugins.vcxproj", "{BC10F168-385D-3A5A-BEB3-453EE8DE4AD3}"
	ProjectSection(ProjectDependencies) = postProject
		{C327A719-E9DC-3623-8614-83DE65424E77} = {C327A719-E9DC-3623-8614-83DE65424E77}
		{C9A08890-1F45-3CBE-A726-66F1CB0BFF5D} = {C9A08890-1F45-3CBE-A726-66F1CB0BFF5D}
	EndProjectSection
EndProject
Project("{8BC9CEB8-8B4A-11D0-8D11-00A0C91BC942}") = "osquery_devtools", "osquery\devtools\osquery_devtools.vcxproj", "{5EC10CED-BDAE-3616-A463-0A06E584FB51}"
	ProjectSection(ProjectDependencies) = postProject
		{C327A719-E9DC-3623-8614-83DE65424E77} = {C327A719-E9DC-3623-8614-83DE65424E77}
		{C9A08890-1F45-3CBE-A726-66F1CB0BFF5D} = {C9A08890-1F45-3CBE-A726-66F1CB0BFF5D}
	EndProjectSection
EndProject
Project("{8BC9CEB8-8B4A-11D0-8D11-00A0C91BC942}") = "osquery_dispatcher", "osquery\dispatcher\osquery_dispatcher.vcxproj", "{D332F684-764F-3624-8F10-F909B0F42006}"
	ProjectSection(ProjectDependencies) = postProject
		{C327A719-E9DC-3623-8614-83DE65424E77} = {C327A719-E9DC-3623-8614-83DE65424E77}
		{C9A08890-1F45-3CBE-A726-66F1CB0BFF5D} = {C9A08890-1F45-3CBE-A726-66F1CB0BFF5D}
	EndProjectSection
EndProject
Project("{8BC9CEB8-8B4A-11D0-8D11-00A0C91BC942}") = "osquery_dispatcher_runners", "osquery\dispatcher\osquery_dispatcher_runners.vcxproj", "{C4D903D1-0995-3A7F-B87D-BB7BB76FFFA0}"
	ProjectSection(ProjectDependencies) = postProject
		{C327A719-E9DC-3623-8614-83DE65424E77} = {C327A719-E9DC-3623-8614-83DE65424E77}
		{C9A08890-1F45-3CBE-A726-66F1CB0BFF5D} = {C9A08890-1F45-3CBE-A726-66F1CB0BFF5D}
	EndProjectSection
EndProject
Project("{8BC9CEB8-8B4A-11D0-8D11-00A0C91BC942}") = "osquery_distributed", "osquery\distributed\osquery_distributed.vcxproj", "{04638050-1FEE-37CC-AE1B-CBDC11913AFB}"
	ProjectSection(ProjectDependencies) = postProject
		{C327A719-E9DC-3623-8614-83DE65424E77} = {C327A719-E9DC-3623-8614-83DE65424E77}
		{C9A08890-1F45-3CBE-A726-66F1CB0BFF5D} = {C9A08890-1F45-3CBE-A726-66F1CB0BFF5D}
	EndProjectSection
EndProject
Project("{8BC9CEB8-8B4A-11D0-8D11-00A0C91BC942}") = "osquery_distributed_plugins", "osquery\distributed\osquery_distributed_plugins.vcxproj", "{A1D27173-4687-35C9-A01C-52177BBC65ED}"
	ProjectSection(ProjectDependencies) = postProject
		{C327A719-E9DC-3623-8614-83DE65424E77} = {C327A719-E9DC-3623-8614-83DE65424E77}
		{C9A08890-1F45-3CBE-A726-66F1CB0BFF5D} = {C9A08890-1F45-3CBE-A726-66F1CB0BFF5D}
	EndProjectSection
EndProject
Project("{8BC9CEB8-8B4A-11D0-8D11-00A0C91BC942}") = "osquery_enrollment_plugins", "osquery\remote\osquery_enrollment_plugins.vcxproj", "{C3C66759-49DD-388E-98EF-1ADAC4F043D0}"
	ProjectSection(ProjectDependencies) = postProject
		{C327A719-E9DC-3623-8614-83DE65424E77} = {C327A719-E9DC-3623-8614-83DE65424E77}
		{C9A08890-1F45-3CBE-A726-66F1CB0BFF5D} = {C9A08890-1F45-3CBE-A726-66F1CB0BFF5D}
	EndProjectSection
EndProject
Project("{8BC9CEB8-8B4A-11D0-8D11-00A0C91BC942}") = "osquery_events", "osquery\events\osquery_events.vcxproj", "{289A6BC0-4D8D-378A-8E54-572106E35666}"
	ProjectSection(ProjectDependencies) = postProject
		{C327A719-E9DC-3623-8614-83DE65424E77} = {C327A719-E9DC-3623-8614-83DE65424E77}
		{C9A08890-1F45-3CBE-A726-66F1CB0BFF5D} = {C9A08890-1F45-3CBE-A726-66F1CB0BFF5D}
	EndProjectSection
EndProject
Project("{8BC9CEB8-8B4A-11D0-8D11-00A0C91BC942}") = "osquery_events_tables", "osquery\tables\osquery_events_tables.vcxproj", "{65C41E29-F133-3595-B6ED-BD7D6A4CC902}"
	ProjectSection(ProjectDependencies) = postProject
		{C327A719-E9DC-3623-8614-83DE65424E77} = {C327A719-E9DC-3623-8614-83DE65424E77}
		{C9A08890-1F45-3CBE-A726-66F1CB0BFF5D} = {C9A08890-1F45-3CBE-A726-66F1CB0BFF5D}
	EndProjectSection
EndProject
Project("{8BC9CEB8-8B4A-11D0-8D11-00A0C91BC942}") = "osquery_events_windows", "osquery\events\osquery_events_windows.vcxproj", "{7EA41AA4-78CA-37FF-9B7B-B8AABBB6C8D0}"
	ProjectSection(ProjectDependencies) = postProject
		{C327A719-E9DC-3623-8614-83DE65424E77} = {C327A719-E9DC-3623-8614-83DE65424E77}
		{C9A08890-1F45-3CBE-A726-66F1CB0BFF5D} = {C9A08890-1F45-3CBE-A726-66F1CB0BFF5D}
	EndProjectSection
EndProject
Project("{8BC9CEB8-8B4A-11D0-8D11-00A0C91BC942}") = "osquery_extensions", "osquery\extensions\osquery_extensions.vcxproj", "{C9A08890-1F45-3CBE-A726-66F1CB0BFF5D}"
	ProjectSection(ProjectDependencies) = postProject
		{C327A719-E9DC-3623-8614-83DE65424E77} = {C327A719-E9DC-3623-8614-83DE65424E77}
	EndProjectSection
EndProject
Project("{8BC9CEB8-8B4A-11D0-8D11-00A0C91BC942}") = "osquery_filesystem", "osquery\filesystem\osquery_filesystem.vcxproj", "{BDE8A48D-44D9-3031-AFB2-3E627FB9D59F}"
	ProjectSection(ProjectDependencies) = postProject
		{C327A719-E9DC-3623-8614-83DE65424E77} = {C327A719-E9DC-3623-8614-83DE65424E77}
		{C9A08890-1F45-3CBE-A726-66F1CB0BFF5D} = {C9A08890-1F45-3CBE-A726-66F1CB0BFF5D}
	EndProjectSection
EndProject
Project("{8BC9CEB8-8B4A-11D0-8D11-00A0C91BC942}") = "osquery_filesystem_compression", "osquery\filesystem\osquery_filesystem_compression.vcxproj", "{1D99B2CA-52FF-35ED-A4E9-8AEBFD61E35E}"
	ProjectSection(ProjectDependencies) = postProject
		{C327A719-E9DC-3623-8614-83DE65424E77} = {C327A719-E9DC-3623-8614-83DE65424E77}
		{C9A08890-1F45-3CBE-A726-66F1CB0BFF5D} = {C9A08890-1F45-3CBE-A726-66F1CB0BFF5D}
	EndProjectSection
EndProject
Project("{8BC9CEB8-8B4A-11D0-8D11-00A0C91BC942}") = "osquery_foreign_amalgamation", "osquery\osquery_foreign_amalgamation.vcxproj", "{1F44038E-B93F-3B03-A12E-4C7F15DE6011}"
	ProjectSection(ProjectDependencies) = postProject
		{C327A719-E9DC-3623-8614-83DE65424E77} = {C327A719-E9DC-3623-8614-83DE65424E77}
		{C9A08890-1F45-3CBE-A726-66F1CB0BFF5D} = {C9A08890-1F45-3CBE-A726-66F1CB0BFF5D}
	EndProjectSection
EndProject
Project("{8BC9CEB8-8B4A-11D0-8D11-00A0C91BC942}") = "osquery_forensic_tables", "osquery\tables\osquery_forensic_tables.vcxproj", "{D33DC1F7-6D8B-3491-9AEC-4ADA4FA9F0E9}"
	ProjectSection(ProjectDependencies) = postProject
		{C327A719-E9DC-3623-8614-83DE65424E77} = {C327A719-E9DC-3623-8614-83DE65424E77}
		{C9A08890-1F45-3CBE-A726-66F1CB0BFF5D} = {C9A08890-1F45-3CBE-A726-66F1CB0BFF5D}
	EndProjectSection
EndProject
Project("{8BC9CEB8-8B4A-11D0-8D11-00A0C91BC942}") = "osquery_library", "osquery\osquery_library.vcxproj", "{57D980DA-B34A-38DA-8E5E-F420124BA68B}"
	ProjectSection(ProjectDependencies) = postProject
		{C327A719-E9DC-3623-8614-83DE65424E77} = {C327A719-E9DC-3623-8614-83DE65424E77}
		{BD54599C-9114-30A0-A240-5BEB83FD10B3} = {BD54599C-9114-30A0-A240-5BEB83FD10B3}
	EndProjectSection
EndProject
Project("{8BC9CEB8-8B4A-11D0-8D11-00A0C91BC942}") = "osquery_logger", "osquery\logger\osquery_logger.vcxproj", "{C721D6F9-5CE2-3C1A-BD76-E07DC9829047}"
	ProjectSection(ProjectDependencies) = postProject
		{C327A719-E9DC-3623-8614-83DE65424E77} = {C327A719-E9DC-3623-8614-83DE65424E77}
		{C9A08890-1F45-3CBE-A726-66F1CB0BFF5D} = {C9A08890-1F45-3CBE-A726-66F1CB0BFF5D}
	EndProjectSection
EndProject
Project("{8BC9CEB8-8B4A-11D0-8D11-00A0C91BC942}") = "osquery_logger_aws_plugins", "osquery\logger\osquery_logger_aws_plugins.vcxproj", "{1CECEB3A-11E3-3521-A993-25B7800946C1}"
	ProjectSection(ProjectDependencies) = postProject
		{C327A719-E9DC-3623-8614-83DE65424E77} = {C327A719-E9DC-3623-8614-83DE65424E77}
		{C9A08890-1F45-3CBE-A726-66F1CB0BFF5D} = {C9A08890-1F45-3CBE-A726-66F1CB0BFF5D}
	EndProjectSection
EndProject
Project("{8BC9CEB8-8B4A-11D0-8D11-00A0C91BC942}") = "osquery_logger_plugins", "osquery\logger\osquery_logger_plugins.vcxproj", "{29926CEC-0A46-35A9-984F-13B396398352}"
	ProjectSection(ProjectDependencies) = postProject
		{C327A719-E9DC-3623-8614-83DE65424E77} = {C327A719-E9DC-3623-8614-83DE65424E77}
		{C9A08890-1F45-3CBE-A726-66F1CB0BFF5D} = {C9A08890-1F45-3CBE-A726-66F1CB0BFF5D}
	EndProjectSection
EndProject
Project("{8BC9CEB8-8B4A-11D0-8D11-00A0C91BC942}") = "osquery_networking_tables", "osquery\tables\osquery_networking_tables.vcxproj", "{3976687B-8C09-3D12-832C-C6F6738E79C3}"
	ProjectSection(ProjectDependencies) = postProject
		{C327A719-E9DC-3623-8614-83DE65424E77} = {C327A719-E9DC-3623-8614-83DE65424E77}
		{C9A08890-1F45-3CBE-A726-66F1CB0BFF5D} = {C9A08890-1F45-3CBE-A726-66F1CB0BFF5D}
	EndProjectSection
EndProject
Project("{8BC9CEB8-8B4A-11D0-8D11-00A0C91BC942}") = "osquery_registry", "osquery\registry\osquery_registry.vcxproj", "{45FF95D6-A448-39F6-AC47-81D18D847149}"
	ProjectSection(ProjectDependencies) = postProject
		{C327A719-E9DC-3623-8614-83DE65424E77} = {C327A719-E9DC-3623-8614-83DE65424E77}
		{C9A08890-1F45-3CBE-A726-66F1CB0BFF5D} = {C9A08890-1F45-3CBE-A726-66F1CB0BFF5D}
	EndProjectSection
EndProject
Project("{8BC9CEB8-8B4A-11D0-8D11-00A0C91BC942}") = "osquery_remote", "osquery\remote\osquery_remote.vcxproj", "{0230C352-D9D3-3E07-A5ED-8B52D627E4B1}"
	ProjectSection(ProjectDependencies) = postProject
		{C327A719-E9DC-3623-8614-83DE65424E77} = {C327A719-E9DC-3623-8614-83DE65424E77}
		{C9A08890-1F45-3CBE-A726-66F1CB0BFF5D} = {C9A08890-1F45-3CBE-A726-66F1CB0BFF5D}
	EndProjectSection
EndProject
Project("{8BC9CEB8-8B4A-11D0-8D11-00A0C91BC942}") = "osquery_sql", "osquery\sql\osquery_sql.vcxproj", "{DD80FF6C-C6F9-3B2F-98A1-DBA6BAC5488C}"
	ProjectSection(ProjectDependencies) = postProject
		{C327A719-E9DC-3623-8614-83DE65424E77} = {C327A719-E9DC-3623-8614-83DE65424E77}
		{C9A08890-1F45-3CBE-A726-66F1CB0BFF5D} = {C9A08890-1F45-3CBE-A726-66F1CB0BFF5D}
	EndProjectSection
EndProject
Project("{8BC9CEB8-8B4A-11D0-8D11-00A0C91BC942}") = "osquery_sql_internal", "osquery\sql\osquery_sql_internal.vcxproj", "{2756E27B-E6D6-3FD1-9F41-5B063792998B}"
	ProjectSection(ProjectDependencies) = postProject
		{C327A719-E9DC-3623-8614-83DE65424E77} = {C327A719-E9DC-3623-8614-83DE65424E77}
		{C9A08890-1F45-3CBE-A726-66F1CB0BFF5D} = {C9A08890-1F45-3CBE-A726-66F1CB0BFF5D}
	EndProjectSection
EndProject
Project("{8BC9CEB8-8B4A-11D0-8D11-00A0C91BC942}") = "osquery_sqlite", "third-party\sqlite3\osquery_sqlite.vcxproj", "{89B5F9EB-2E31-3971-B3CD-6CAF642343D9}"
	ProjectSection(ProjectDependencies) = postProject
		{C327A719-E9DC-3623-8614-83DE65424E77} = {C327A719-E9DC-3623-8614-83DE65424E77}
	EndProjectSection
EndProject
Project("{8BC9CEB8-8B4A-11D0-8D11-00A0C91BC942}") = "osquery_system_tables", "osquery\tables\osquery_system_tables.vcxproj", "{3E7D84D4-F1A2-320C-A534-1ED584E21961}"
	ProjectSection(ProjectDependencies) = postProject
		{C327A719-E9DC-3623-8614-83DE65424E77} = {C327A719-E9DC-3623-8614-83DE65424E77}
		{C9A08890-1F45-3CBE-A726-66F1CB0BFF5D} = {C9A08890-1F45-3CBE-A726-66F1CB0BFF5D}
	EndProjectSection
EndProject
Project("{8BC9CEB8-8B4A-11D0-8D11-00A0C91BC942}") = "osquery_tables_tests", "osquery\osquery_tables_tests.vcxproj", "{B380FD9C-AB71-32F4-8E89-9F059388D574}"
	ProjectSection(ProjectDependencies) = postProject
		{C327A719-E9DC-3623-8614-83DE65424E77} = {C327A719-E9DC-3623-8614-83DE65424E77}
		{A2BCEB61-F5C2-3E61-AB16-B4CDACE96100} = {A2BCEB61-F5C2-3E61-AB16-B4CDACE96100}
		{256BD609-0EBA-3325-B648-F226BEAB497D} = {256BD609-0EBA-3325-B648-F226BEAB497D}
		{BD54599C-9114-30A0-A240-5BEB83FD10B3} = {BD54599C-9114-30A0-A240-5BEB83FD10B3}
		{72E53D06-129F-383F-A531-80BFD84BC1EE} = {72E53D06-129F-383F-A531-80BFD84BC1EE}
		{8D7BB307-4F9F-3D8A-B99F-2DD79ABA1A16} = {8D7BB307-4F9F-3D8A-B99F-2DD79ABA1A16}
	EndProjectSection
EndProject
Project("{8BC9CEB8-8B4A-11D0-8D11-00A0C91BC942}") = "osquery_tables_utility", "osquery\tables\osquery_tables_utility.vcxproj", "{874D412A-EBAC-30D7-8FB0-D80745EB86A1}"
	ProjectSection(ProjectDependencies) = postProject
		{C327A719-E9DC-3623-8614-83DE65424E77} = {C327A719-E9DC-3623-8614-83DE65424E77}
		{C9A08890-1F45-3CBE-A726-66F1CB0BFF5D} = {C9A08890-1F45-3CBE-A726-66F1CB0BFF5D}
	EndProjectSection
EndProject
Project("{8BC9CEB8-8B4A-11D0-8D11-00A0C91BC942}") = "osquery_tests", "osquery\osquery_tests.vcxproj", "{17E1E1C7-0E36-30ED-B323-EF88B22415FF}"
	ProjectSection(ProjectDependencies) = postProject
		{C327A719-E9DC-3623-8614-83DE65424E77} = {C327A719-E9DC-3623-8614-83DE65424E77}
		{A2BCEB61-F5C2-3E61-AB16-B4CDACE96100} = {A2BCEB61-F5C2-3E61-AB16-B4CDACE96100}
		{256BD609-0EBA-3325-B648-F226BEAB497D} = {256BD609-0EBA-3325-B648-F226BEAB497D}
		{BD54599C-9114-30A0-A240-5BEB83FD10B3} = {BD54599C-9114-30A0-A240-5BEB83FD10B3}
		{8D7BB307-4F9F-3D8A-B99F-2DD79ABA1A16} = {8D7BB307-4F9F-3D8A-B99F-2DD79ABA1A16}
	EndProjectSection
EndProject
Project("{8BC9CEB8-8B4A-11D0-8D11-00A0C91BC942}") = "run-benchmark", "osquery\run-benchmark.vcxproj", "{C7907368-F7BC-3D65-A521-54AA85B1D8AC}"
	ProjectSection(ProjectDependencies) = postProject
		{C327A719-E9DC-3623-8614-83DE65424E77} = {C327A719-E9DC-3623-8614-83DE65424E77}
		{71EB07FE-A6A6-3F92-A124-2C3A297FAE21} = {71EB07FE-A6A6-3F92-A124-2C3A297FAE21}
	EndProjectSection
EndProject
Project("{8BC9CEB8-8B4A-11D0-8D11-00A0C91BC942}") = "shell", "osquery\shell.vcxproj", "{39C489E5-0D1B-310D-9B89-36D03BC7332C}"
	ProjectSection(ProjectDependencies) = postProject
		{C327A719-E9DC-3623-8614-83DE65424E77} = {C327A719-E9DC-3623-8614-83DE65424E77}
		{4B9E668B-C2AB-3558-B669-48C5101F821D} = {4B9E668B-C2AB-3558-B669-48C5101F821D}
	EndProjectSection
EndProject
Project("{8BC9CEB8-8B4A-11D0-8D11-00A0C91BC942}") = "sync", "sync.vcxproj", "{8282038F-FAA8-3333-9B87-B444C53B1554}"
	ProjectSection(ProjectDependencies) = postProject
		{C327A719-E9DC-3623-8614-83DE65424E77} = {C327A719-E9DC-3623-8614-83DE65424E77}
		{5E947662-538D-3940-AB97-109677827683} = {5E947662-538D-3940-AB97-109677827683}
		{C9A08890-1F45-3CBE-A726-66F1CB0BFF5D} = {C9A08890-1F45-3CBE-A726-66F1CB0BFF5D}
	EndProjectSection
EndProject
Global
	GlobalSection(SolutionConfigurationPlatforms) = preSolution
		Debug|Win32 = Debug|Win32
		Release|Win32 = Release|Win32
		MinSizeRel|Win32 = MinSizeRel|Win32
		RelWithDebInfo|Win32 = RelWithDebInfo|Win32
	EndGlobalSection
	GlobalSection(ProjectConfigurationPlatforms) = postSolution
		{0E2E0FD7-ABFD-3AF5-8F17-95BB245BFA21}.Debug|Win32.ActiveCfg = Debug|Win32
		{0E2E0FD7-ABFD-3AF5-8F17-95BB245BFA21}.Release|Win32.ActiveCfg = Release|Win32
		{0E2E0FD7-ABFD-3AF5-8F17-95BB245BFA21}.MinSizeRel|Win32.ActiveCfg = MinSizeRel|Win32
		{0E2E0FD7-ABFD-3AF5-8F17-95BB245BFA21}.RelWithDebInfo|Win32.ActiveCfg = RelWithDebInfo|Win32
		{24CE0EFD-40A0-3523-9567-6273A747D753}.Debug|Win32.ActiveCfg = Debug|Win32
		{24CE0EFD-40A0-3523-9567-6273A747D753}.Release|Win32.ActiveCfg = Release|Win32
		{24CE0EFD-40A0-3523-9567-6273A747D753}.MinSizeRel|Win32.ActiveCfg = MinSizeRel|Win32
		{24CE0EFD-40A0-3523-9567-6273A747D753}.RelWithDebInfo|Win32.ActiveCfg = RelWithDebInfo|Win32
		{0BE12C9F-DEAD-3359-B762-B962775B9D58}.Debug|Win32.ActiveCfg = Debug|Win32
		{0BE12C9F-DEAD-3359-B762-B962775B9D58}.Release|Win32.ActiveCfg = Release|Win32
		{0BE12C9F-DEAD-3359-B762-B962775B9D58}.MinSizeRel|Win32.ActiveCfg = MinSizeRel|Win32
		{0BE12C9F-DEAD-3359-B762-B962775B9D58}.RelWithDebInfo|Win32.ActiveCfg = RelWithDebInfo|Win32
		{C327A719-E9DC-3623-8614-83DE65424E77}.Debug|Win32.ActiveCfg = Debug|Win32
		{C327A719-E9DC-3623-8614-83DE65424E77}.Debug|Win32.Build.0 = Debug|Win32
		{C327A719-E9DC-3623-8614-83DE65424E77}.Release|Win32.ActiveCfg = Release|Win32
		{C327A719-E9DC-3623-8614-83DE65424E77}.Release|Win32.Build.0 = Release|Win32
		{C327A719-E9DC-3623-8614-83DE65424E77}.MinSizeRel|Win32.ActiveCfg = MinSizeRel|Win32
		{C327A719-E9DC-3623-8614-83DE65424E77}.MinSizeRel|Win32.Build.0 = MinSizeRel|Win32
		{C327A719-E9DC-3623-8614-83DE65424E77}.RelWithDebInfo|Win32.ActiveCfg = RelWithDebInfo|Win32
		{C327A719-E9DC-3623-8614-83DE65424E77}.RelWithDebInfo|Win32.Build.0 = RelWithDebInfo|Win32
		{4B9E668B-C2AB-3558-B669-48C5101F821D}.Debug|Win32.ActiveCfg = Debug|Win32
		{4B9E668B-C2AB-3558-B669-48C5101F821D}.Debug|Win32.Build.0 = Debug|Win32
		{4B9E668B-C2AB-3558-B669-48C5101F821D}.Release|Win32.ActiveCfg = Release|Win32
		{4B9E668B-C2AB-3558-B669-48C5101F821D}.Release|Win32.Build.0 = Release|Win32
		{4B9E668B-C2AB-3558-B669-48C5101F821D}.MinSizeRel|Win32.ActiveCfg = MinSizeRel|Win32
		{4B9E668B-C2AB-3558-B669-48C5101F821D}.MinSizeRel|Win32.Build.0 = MinSizeRel|Win32
		{4B9E668B-C2AB-3558-B669-48C5101F821D}.RelWithDebInfo|Win32.ActiveCfg = RelWithDebInfo|Win32
		{4B9E668B-C2AB-3558-B669-48C5101F821D}.RelWithDebInfo|Win32.Build.0 = RelWithDebInfo|Win32
		{F77812CF-70F8-37DF-8AA0-BA730B46D38A}.Debug|Win32.ActiveCfg = Debug|Win32
		{F77812CF-70F8-37DF-8AA0-BA730B46D38A}.Release|Win32.ActiveCfg = Release|Win32
		{F77812CF-70F8-37DF-8AA0-BA730B46D38A}.MinSizeRel|Win32.ActiveCfg = MinSizeRel|Win32
		{F77812CF-70F8-37DF-8AA0-BA730B46D38A}.RelWithDebInfo|Win32.ActiveCfg = RelWithDebInfo|Win32
		{A0A85017-526D-3C45-AB58-0B45BE8D27FF}.Debug|Win32.ActiveCfg = Debug|Win32
		{A0A85017-526D-3C45-AB58-0B45BE8D27FF}.Release|Win32.ActiveCfg = Release|Win32
		{A0A85017-526D-3C45-AB58-0B45BE8D27FF}.MinSizeRel|Win32.ActiveCfg = MinSizeRel|Win32
		{A0A85017-526D-3C45-AB58-0B45BE8D27FF}.RelWithDebInfo|Win32.ActiveCfg = RelWithDebInfo|Win32
		{034F7B14-6DC4-30B9-B1B9-7D4401AFF709}.Debug|Win32.ActiveCfg = Debug|Win32
		{034F7B14-6DC4-30B9-B1B9-7D4401AFF709}.Debug|Win32.Build.0 = Debug|Win32
		{034F7B14-6DC4-30B9-B1B9-7D4401AFF709}.Release|Win32.ActiveCfg = Release|Win32
		{034F7B14-6DC4-30B9-B1B9-7D4401AFF709}.Release|Win32.Build.0 = Release|Win32
		{034F7B14-6DC4-30B9-B1B9-7D4401AFF709}.MinSizeRel|Win32.ActiveCfg = MinSizeRel|Win32
		{034F7B14-6DC4-30B9-B1B9-7D4401AFF709}.MinSizeRel|Win32.Build.0 = MinSizeRel|Win32
		{034F7B14-6DC4-30B9-B1B9-7D4401AFF709}.RelWithDebInfo|Win32.ActiveCfg = RelWithDebInfo|Win32
		{034F7B14-6DC4-30B9-B1B9-7D4401AFF709}.RelWithDebInfo|Win32.Build.0 = RelWithDebInfo|Win32
		{B4ABCEF5-F32F-3237-80B5-25221B2E5CF7}.Debug|Win32.ActiveCfg = Debug|Win32
		{B4ABCEF5-F32F-3237-80B5-25221B2E5CF7}.Release|Win32.ActiveCfg = Release|Win32
		{B4ABCEF5-F32F-3237-80B5-25221B2E5CF7}.MinSizeRel|Win32.ActiveCfg = MinSizeRel|Win32
		{B4ABCEF5-F32F-3237-80B5-25221B2E5CF7}.RelWithDebInfo|Win32.ActiveCfg = RelWithDebInfo|Win32
		{AF94341C-395A-3025-9197-B96207F435D1}.Debug|Win32.ActiveCfg = Debug|Win32
		{AF94341C-395A-3025-9197-B96207F435D1}.Release|Win32.ActiveCfg = Release|Win32
		{AF94341C-395A-3025-9197-B96207F435D1}.MinSizeRel|Win32.ActiveCfg = MinSizeRel|Win32
		{AF94341C-395A-3025-9197-B96207F435D1}.RelWithDebInfo|Win32.ActiveCfg = RelWithDebInfo|Win32
		{B176CCE3-D776-3232-922D-014DDE2AE13B}.Debug|Win32.ActiveCfg = Debug|Win32
		{B176CCE3-D776-3232-922D-014DDE2AE13B}.Release|Win32.ActiveCfg = Release|Win32
		{B176CCE3-D776-3232-922D-014DDE2AE13B}.MinSizeRel|Win32.ActiveCfg = MinSizeRel|Win32
		{B176CCE3-D776-3232-922D-014DDE2AE13B}.RelWithDebInfo|Win32.ActiveCfg = RelWithDebInfo|Win32
		{A2BCEB61-F5C2-3E61-AB16-B4CDACE96100}.Debug|Win32.ActiveCfg = Debug|Win32
		{A2BCEB61-F5C2-3E61-AB16-B4CDACE96100}.Debug|Win32.Build.0 = Debug|Win32
		{A2BCEB61-F5C2-3E61-AB16-B4CDACE96100}.Release|Win32.ActiveCfg = Release|Win32
		{A2BCEB61-F5C2-3E61-AB16-B4CDACE96100}.Release|Win32.Build.0 = Release|Win32
		{A2BCEB61-F5C2-3E61-AB16-B4CDACE96100}.MinSizeRel|Win32.ActiveCfg = MinSizeRel|Win32
		{A2BCEB61-F5C2-3E61-AB16-B4CDACE96100}.MinSizeRel|Win32.Build.0 = MinSizeRel|Win32
		{A2BCEB61-F5C2-3E61-AB16-B4CDACE96100}.RelWithDebInfo|Win32.ActiveCfg = RelWithDebInfo|Win32
		{A2BCEB61-F5C2-3E61-AB16-B4CDACE96100}.RelWithDebInfo|Win32.Build.0 = RelWithDebInfo|Win32
		{AF647A03-9CAA-3661-8B31-548B9F367B31}.Debug|Win32.ActiveCfg = Debug|Win32
		{AF647A03-9CAA-3661-8B31-548B9F367B31}.Debug|Win32.Build.0 = Debug|Win32
		{AF647A03-9CAA-3661-8B31-548B9F367B31}.Release|Win32.ActiveCfg = Release|Win32
		{AF647A03-9CAA-3661-8B31-548B9F367B31}.Release|Win32.Build.0 = Release|Win32
		{AF647A03-9CAA-3661-8B31-548B9F367B31}.MinSizeRel|Win32.ActiveCfg = MinSizeRel|Win32
		{AF647A03-9CAA-3661-8B31-548B9F367B31}.MinSizeRel|Win32.Build.0 = MinSizeRel|Win32
		{AF647A03-9CAA-3661-8B31-548B9F367B31}.RelWithDebInfo|Win32.ActiveCfg = RelWithDebInfo|Win32
		{AF647A03-9CAA-3661-8B31-548B9F367B31}.RelWithDebInfo|Win32.Build.0 = RelWithDebInfo|Win32
		{256BD609-0EBA-3325-B648-F226BEAB497D}.Debug|Win32.ActiveCfg = Debug|Win32
		{256BD609-0EBA-3325-B648-F226BEAB497D}.Debug|Win32.Build.0 = Debug|Win32
		{256BD609-0EBA-3325-B648-F226BEAB497D}.Release|Win32.ActiveCfg = Release|Win32
		{256BD609-0EBA-3325-B648-F226BEAB497D}.Release|Win32.Build.0 = Release|Win32
		{256BD609-0EBA-3325-B648-F226BEAB497D}.MinSizeRel|Win32.ActiveCfg = MinSizeRel|Win32
		{256BD609-0EBA-3325-B648-F226BEAB497D}.MinSizeRel|Win32.Build.0 = MinSizeRel|Win32
		{256BD609-0EBA-3325-B648-F226BEAB497D}.RelWithDebInfo|Win32.ActiveCfg = RelWithDebInfo|Win32
		{256BD609-0EBA-3325-B648-F226BEAB497D}.RelWithDebInfo|Win32.Build.0 = RelWithDebInfo|Win32
		{597AE9FD-51B9-3011-B7BF-5A27539A2B40}.Debug|Win32.ActiveCfg = Debug|Win32
		{597AE9FD-51B9-3011-B7BF-5A27539A2B40}.Debug|Win32.Build.0 = Debug|Win32
		{597AE9FD-51B9-3011-B7BF-5A27539A2B40}.Release|Win32.ActiveCfg = Release|Win32
		{597AE9FD-51B9-3011-B7BF-5A27539A2B40}.Release|Win32.Build.0 = Release|Win32
		{597AE9FD-51B9-3011-B7BF-5A27539A2B40}.MinSizeRel|Win32.ActiveCfg = MinSizeRel|Win32
		{597AE9FD-51B9-3011-B7BF-5A27539A2B40}.MinSizeRel|Win32.Build.0 = MinSizeRel|Win32
		{597AE9FD-51B9-3011-B7BF-5A27539A2B40}.RelWithDebInfo|Win32.ActiveCfg = RelWithDebInfo|Win32
		{597AE9FD-51B9-3011-B7BF-5A27539A2B40}.RelWithDebInfo|Win32.Build.0 = RelWithDebInfo|Win32
		{BD54599C-9114-30A0-A240-5BEB83FD10B3}.Debug|Win32.ActiveCfg = Debug|Win32
		{BD54599C-9114-30A0-A240-5BEB83FD10B3}.Debug|Win32.Build.0 = Debug|Win32
		{BD54599C-9114-30A0-A240-5BEB83FD10B3}.Release|Win32.ActiveCfg = Release|Win32
		{BD54599C-9114-30A0-A240-5BEB83FD10B3}.Release|Win32.Build.0 = Release|Win32
		{BD54599C-9114-30A0-A240-5BEB83FD10B3}.MinSizeRel|Win32.ActiveCfg = MinSizeRel|Win32
		{BD54599C-9114-30A0-A240-5BEB83FD10B3}.MinSizeRel|Win32.Build.0 = MinSizeRel|Win32
		{BD54599C-9114-30A0-A240-5BEB83FD10B3}.RelWithDebInfo|Win32.ActiveCfg = RelWithDebInfo|Win32
		{BD54599C-9114-30A0-A240-5BEB83FD10B3}.RelWithDebInfo|Win32.Build.0 = RelWithDebInfo|Win32
		{72E53D06-129F-383F-A531-80BFD84BC1EE}.Debug|Win32.ActiveCfg = Debug|Win32
		{72E53D06-129F-383F-A531-80BFD84BC1EE}.Debug|Win32.Build.0 = Debug|Win32
		{72E53D06-129F-383F-A531-80BFD84BC1EE}.Release|Win32.ActiveCfg = Release|Win32
		{72E53D06-129F-383F-A531-80BFD84BC1EE}.Release|Win32.Build.0 = Release|Win32
		{72E53D06-129F-383F-A531-80BFD84BC1EE}.MinSizeRel|Win32.ActiveCfg = MinSizeRel|Win32
		{72E53D06-129F-383F-A531-80BFD84BC1EE}.MinSizeRel|Win32.Build.0 = MinSizeRel|Win32
		{72E53D06-129F-383F-A531-80BFD84BC1EE}.RelWithDebInfo|Win32.ActiveCfg = RelWithDebInfo|Win32
		{72E53D06-129F-383F-A531-80BFD84BC1EE}.RelWithDebInfo|Win32.Build.0 = RelWithDebInfo|Win32
		{8D7BB307-4F9F-3D8A-B99F-2DD79ABA1A16}.Debug|Win32.ActiveCfg = Debug|Win32
		{8D7BB307-4F9F-3D8A-B99F-2DD79ABA1A16}.Debug|Win32.Build.0 = Debug|Win32
		{8D7BB307-4F9F-3D8A-B99F-2DD79ABA1A16}.Release|Win32.ActiveCfg = Release|Win32
		{8D7BB307-4F9F-3D8A-B99F-2DD79ABA1A16}.Release|Win32.Build.0 = Release|Win32
		{8D7BB307-4F9F-3D8A-B99F-2DD79ABA1A16}.MinSizeRel|Win32.ActiveCfg = MinSizeRel|Win32
		{8D7BB307-4F9F-3D8A-B99F-2DD79ABA1A16}.MinSizeRel|Win32.Build.0 = MinSizeRel|Win32
		{8D7BB307-4F9F-3D8A-B99F-2DD79ABA1A16}.RelWithDebInfo|Win32.ActiveCfg = RelWithDebInfo|Win32
		{8D7BB307-4F9F-3D8A-B99F-2DD79ABA1A16}.RelWithDebInfo|Win32.Build.0 = RelWithDebInfo|Win32
		{7C4429CF-9979-3DC6-A959-228A2FEB4715}.Debug|Win32.ActiveCfg = Debug|Win32
		{7C4429CF-9979-3DC6-A959-228A2FEB4715}.Debug|Win32.Build.0 = Debug|Win32
		{7C4429CF-9979-3DC6-A959-228A2FEB4715}.Release|Win32.ActiveCfg = Release|Win32
		{7C4429CF-9979-3DC6-A959-228A2FEB4715}.Release|Win32.Build.0 = Release|Win32
		{7C4429CF-9979-3DC6-A959-228A2FEB4715}.MinSizeRel|Win32.ActiveCfg = MinSizeRel|Win32
		{7C4429CF-9979-3DC6-A959-228A2FEB4715}.MinSizeRel|Win32.Build.0 = MinSizeRel|Win32
		{7C4429CF-9979-3DC6-A959-228A2FEB4715}.RelWithDebInfo|Win32.ActiveCfg = RelWithDebInfo|Win32
		{7C4429CF-9979-3DC6-A959-228A2FEB4715}.RelWithDebInfo|Win32.Build.0 = RelWithDebInfo|Win32
		{AE04B1C6-0C26-3747-A86A-A323516366E9}.Debug|Win32.ActiveCfg = Debug|Win32
		{AE04B1C6-0C26-3747-A86A-A323516366E9}.Debug|Win32.Build.0 = Debug|Win32
		{AE04B1C6-0C26-3747-A86A-A323516366E9}.Release|Win32.ActiveCfg = Release|Win32
		{AE04B1C6-0C26-3747-A86A-A323516366E9}.Release|Win32.Build.0 = Release|Win32
		{AE04B1C6-0C26-3747-A86A-A323516366E9}.MinSizeRel|Win32.ActiveCfg = MinSizeRel|Win32
		{AE04B1C6-0C26-3747-A86A-A323516366E9}.MinSizeRel|Win32.Build.0 = MinSizeRel|Win32
		{AE04B1C6-0C26-3747-A86A-A323516366E9}.RelWithDebInfo|Win32.ActiveCfg = RelWithDebInfo|Win32
		{AE04B1C6-0C26-3747-A86A-A323516366E9}.RelWithDebInfo|Win32.Build.0 = RelWithDebInfo|Win32
		{1E1161A5-2668-3F5B-9671-E10092CF340F}.Debug|Win32.ActiveCfg = Debug|Win32
		{1E1161A5-2668-3F5B-9671-E10092CF340F}.Debug|Win32.Build.0 = Debug|Win32
		{1E1161A5-2668-3F5B-9671-E10092CF340F}.Release|Win32.ActiveCfg = Release|Win32
		{1E1161A5-2668-3F5B-9671-E10092CF340F}.Release|Win32.Build.0 = Release|Win32
		{1E1161A5-2668-3F5B-9671-E10092CF340F}.MinSizeRel|Win32.ActiveCfg = MinSizeRel|Win32
		{1E1161A5-2668-3F5B-9671-E10092CF340F}.MinSizeRel|Win32.Build.0 = MinSizeRel|Win32
		{1E1161A5-2668-3F5B-9671-E10092CF340F}.RelWithDebInfo|Win32.ActiveCfg = RelWithDebInfo|Win32
		{1E1161A5-2668-3F5B-9671-E10092CF340F}.RelWithDebInfo|Win32.Build.0 = RelWithDebInfo|Win32
		{41E06D86-73B6-3440-9952-666FCC0BE98C}.Debug|Win32.ActiveCfg = Debug|Win32
		{41E06D86-73B6-3440-9952-666FCC0BE98C}.Debug|Win32.Build.0 = Debug|Win32
		{41E06D86-73B6-3440-9952-666FCC0BE98C}.Release|Win32.ActiveCfg = Release|Win32
		{41E06D86-73B6-3440-9952-666FCC0BE98C}.Release|Win32.Build.0 = Release|Win32
		{41E06D86-73B6-3440-9952-666FCC0BE98C}.MinSizeRel|Win32.ActiveCfg = MinSizeRel|Win32
		{41E06D86-73B6-3440-9952-666FCC0BE98C}.MinSizeRel|Win32.Build.0 = MinSizeRel|Win32
		{41E06D86-73B6-3440-9952-666FCC0BE98C}.RelWithDebInfo|Win32.ActiveCfg = RelWithDebInfo|Win32
		{41E06D86-73B6-3440-9952-666FCC0BE98C}.RelWithDebInfo|Win32.Build.0 = RelWithDebInfo|Win32
		{5E947662-538D-3940-AB97-109677827683}.Debug|Win32.ActiveCfg = Debug|Win32
		{5E947662-538D-3940-AB97-109677827683}.Debug|Win32.Build.0 = Debug|Win32
		{5E947662-538D-3940-AB97-109677827683}.Release|Win32.ActiveCfg = Release|Win32
		{5E947662-538D-3940-AB97-109677827683}.Release|Win32.Build.0 = Release|Win32
		{5E947662-538D-3940-AB97-109677827683}.MinSizeRel|Win32.ActiveCfg = MinSizeRel|Win32
		{5E947662-538D-3940-AB97-109677827683}.MinSizeRel|Win32.Build.0 = MinSizeRel|Win32
		{5E947662-538D-3940-AB97-109677827683}.RelWithDebInfo|Win32.ActiveCfg = RelWithDebInfo|Win32
		{5E947662-538D-3940-AB97-109677827683}.RelWithDebInfo|Win32.Build.0 = RelWithDebInfo|Win32
		{04DE5F73-796A-334C-B5DC-CC9F0F6B38FC}.Debug|Win32.ActiveCfg = Debug|Win32
		{04DE5F73-796A-334C-B5DC-CC9F0F6B38FC}.Debug|Win32.Build.0 = Debug|Win32
		{04DE5F73-796A-334C-B5DC-CC9F0F6B38FC}.Release|Win32.ActiveCfg = Release|Win32
		{04DE5F73-796A-334C-B5DC-CC9F0F6B38FC}.Release|Win32.Build.0 = Release|Win32
		{04DE5F73-796A-334C-B5DC-CC9F0F6B38FC}.MinSizeRel|Win32.ActiveCfg = MinSizeRel|Win32
		{04DE5F73-796A-334C-B5DC-CC9F0F6B38FC}.MinSizeRel|Win32.Build.0 = MinSizeRel|Win32
		{04DE5F73-796A-334C-B5DC-CC9F0F6B38FC}.RelWithDebInfo|Win32.ActiveCfg = RelWithDebInfo|Win32
		{04DE5F73-796A-334C-B5DC-CC9F0F6B38FC}.RelWithDebInfo|Win32.Build.0 = RelWithDebInfo|Win32
		{CF6E0ADD-A349-3BC5-B6A3-5017466C23BF}.Debug|Win32.ActiveCfg = Debug|Win32
		{CF6E0ADD-A349-3BC5-B6A3-5017466C23BF}.Debug|Win32.Build.0 = Debug|Win32
		{CF6E0ADD-A349-3BC5-B6A3-5017466C23BF}.Release|Win32.ActiveCfg = Release|Win32
		{CF6E0ADD-A349-3BC5-B6A3-5017466C23BF}.Release|Win32.Build.0 = Release|Win32
		{CF6E0ADD-A349-3BC5-B6A3-5017466C23BF}.MinSizeRel|Win32.ActiveCfg = MinSizeRel|Win32
		{CF6E0ADD-A349-3BC5-B6A3-5017466C23BF}.MinSizeRel|Win32.Build.0 = MinSizeRel|Win32
		{CF6E0ADD-A349-3BC5-B6A3-5017466C23BF}.RelWithDebInfo|Win32.ActiveCfg = RelWithDebInfo|Win32
		{CF6E0ADD-A349-3BC5-B6A3-5017466C23BF}.RelWithDebInfo|Win32.Build.0 = RelWithDebInfo|Win32
		{71EB07FE-A6A6-3F92-A124-2C3A297FAE21}.Debug|Win32.ActiveCfg = Debug|Win32
		{71EB07FE-A6A6-3F92-A124-2C3A297FAE21}.Debug|Win32.Build.0 = Debug|Win32
		{71EB07FE-A6A6-3F92-A124-2C3A297FAE21}.Release|Win32.ActiveCfg = Release|Win32
		{71EB07FE-A6A6-3F92-A124-2C3A297FAE21}.Release|Win32.Build.0 = Release|Win32
		{71EB07FE-A6A6-3F92-A124-2C3A297FAE21}.MinSizeRel|Win32.ActiveCfg = MinSizeRel|Win32
		{71EB07FE-A6A6-3F92-A124-2C3A297FAE21}.MinSizeRel|Win32.Build.0 = MinSizeRel|Win32
		{71EB07FE-A6A6-3F92-A124-2C3A297FAE21}.RelWithDebInfo|Win32.ActiveCfg = RelWithDebInfo|Win32
		{71EB07FE-A6A6-3F92-A124-2C3A297FAE21}.RelWithDebInfo|Win32.Build.0 = RelWithDebInfo|Win32
		{EA178732-5F48-3EE6-9FC6-2EBEE53D6F8B}.Debug|Win32.ActiveCfg = Debug|Win32
		{EA178732-5F48-3EE6-9FC6-2EBEE53D6F8B}.Debug|Win32.Build.0 = Debug|Win32
		{EA178732-5F48-3EE6-9FC6-2EBEE53D6F8B}.Release|Win32.ActiveCfg = Release|Win32
		{EA178732-5F48-3EE6-9FC6-2EBEE53D6F8B}.Release|Win32.Build.0 = Release|Win32
		{EA178732-5F48-3EE6-9FC6-2EBEE53D6F8B}.MinSizeRel|Win32.ActiveCfg = MinSizeRel|Win32
		{EA178732-5F48-3EE6-9FC6-2EBEE53D6F8B}.MinSizeRel|Win32.Build.0 = MinSizeRel|Win32
		{EA178732-5F48-3EE6-9FC6-2EBEE53D6F8B}.RelWithDebInfo|Win32.ActiveCfg = RelWithDebInfo|Win32
		{EA178732-5F48-3EE6-9FC6-2EBEE53D6F8B}.RelWithDebInfo|Win32.Build.0 = RelWithDebInfo|Win32
		{63C9798D-C692-3EF9-B056-E7A1A0B34047}.Debug|Win32.ActiveCfg = Debug|Win32
		{63C9798D-C692-3EF9-B056-E7A1A0B34047}.Debug|Win32.Build.0 = Debug|Win32
		{63C9798D-C692-3EF9-B056-E7A1A0B34047}.Release|Win32.ActiveCfg = Release|Win32
		{63C9798D-C692-3EF9-B056-E7A1A0B34047}.Release|Win32.Build.0 = Release|Win32
		{63C9798D-C692-3EF9-B056-E7A1A0B34047}.MinSizeRel|Win32.ActiveCfg = MinSizeRel|Win32
		{63C9798D-C692-3EF9-B056-E7A1A0B34047}.MinSizeRel|Win32.Build.0 = MinSizeRel|Win32
		{63C9798D-C692-3EF9-B056-E7A1A0B34047}.RelWithDebInfo|Win32.ActiveCfg = RelWithDebInfo|Win32
		{63C9798D-C692-3EF9-B056-E7A1A0B34047}.RelWithDebInfo|Win32.Build.0 = RelWithDebInfo|Win32
		{C37EB02C-B227-3648-B56F-6103C31BE48A}.Debug|Win32.ActiveCfg = Debug|Win32
		{C37EB02C-B227-3648-B56F-6103C31BE48A}.Debug|Win32.Build.0 = Debug|Win32
		{C37EB02C-B227-3648-B56F-6103C31BE48A}.Release|Win32.ActiveCfg = Release|Win32
		{C37EB02C-B227-3648-B56F-6103C31BE48A}.Release|Win32.Build.0 = Release|Win32
		{C37EB02C-B227-3648-B56F-6103C31BE48A}.MinSizeRel|Win32.ActiveCfg = MinSizeRel|Win32
		{C37EB02C-B227-3648-B56F-6103C31BE48A}.MinSizeRel|Win32.Build.0 = MinSizeRel|Win32
		{C37EB02C-B227-3648-B56F-6103C31BE48A}.RelWithDebInfo|Win32.ActiveCfg = RelWithDebInfo|Win32
		{C37EB02C-B227-3648-B56F-6103C31BE48A}.RelWithDebInfo|Win32.Build.0 = RelWithDebInfo|Win32
		{A36F180E-7461-355D-952A-43D2C9DFD37E}.Debug|Win32.ActiveCfg = Debug|Win32
		{A36F180E-7461-355D-952A-43D2C9DFD37E}.Debug|Win32.Build.0 = Debug|Win32
		{A36F180E-7461-355D-952A-43D2C9DFD37E}.Release|Win32.ActiveCfg = Release|Win32
		{A36F180E-7461-355D-952A-43D2C9DFD37E}.Release|Win32.Build.0 = Release|Win32
		{A36F180E-7461-355D-952A-43D2C9DFD37E}.MinSizeRel|Win32.ActiveCfg = MinSizeRel|Win32
		{A36F180E-7461-355D-952A-43D2C9DFD37E}.MinSizeRel|Win32.Build.0 = MinSizeRel|Win32
		{A36F180E-7461-355D-952A-43D2C9DFD37E}.RelWithDebInfo|Win32.ActiveCfg = RelWithDebInfo|Win32
		{A36F180E-7461-355D-952A-43D2C9DFD37E}.RelWithDebInfo|Win32.Build.0 = RelWithDebInfo|Win32
		{D0828FB7-1C32-3F5E-856A-DC29C940E40E}.Debug|Win32.ActiveCfg = Debug|Win32
		{D0828FB7-1C32-3F5E-856A-DC29C940E40E}.Debug|Win32.Build.0 = Debug|Win32
		{D0828FB7-1C32-3F5E-856A-DC29C940E40E}.Release|Win32.ActiveCfg = Release|Win32
		{D0828FB7-1C32-3F5E-856A-DC29C940E40E}.Release|Win32.Build.0 = Release|Win32
		{D0828FB7-1C32-3F5E-856A-DC29C940E40E}.MinSizeRel|Win32.ActiveCfg = MinSizeRel|Win32
		{D0828FB7-1C32-3F5E-856A-DC29C940E40E}.MinSizeRel|Win32.Build.0 = MinSizeRel|Win32
		{D0828FB7-1C32-3F5E-856A-DC29C940E40E}.RelWithDebInfo|Win32.ActiveCfg = RelWithDebInfo|Win32
		{D0828FB7-1C32-3F5E-856A-DC29C940E40E}.RelWithDebInfo|Win32.Build.0 = RelWithDebInfo|Win32
		{CF0C942D-DB58-3D1E-9D6E-F0CA4BC05673}.Debug|Win32.ActiveCfg = Debug|Win32
		{CF0C942D-DB58-3D1E-9D6E-F0CA4BC05673}.Debug|Win32.Build.0 = Debug|Win32
		{CF0C942D-DB58-3D1E-9D6E-F0CA4BC05673}.Release|Win32.ActiveCfg = Release|Win32
		{CF0C942D-DB58-3D1E-9D6E-F0CA4BC05673}.Release|Win32.Build.0 = Release|Win32
		{CF0C942D-DB58-3D1E-9D6E-F0CA4BC05673}.MinSizeRel|Win32.ActiveCfg = MinSizeRel|Win32
		{CF0C942D-DB58-3D1E-9D6E-F0CA4BC05673}.MinSizeRel|Win32.Build.0 = MinSizeRel|Win32
		{CF0C942D-DB58-3D1E-9D6E-F0CA4BC05673}.RelWithDebInfo|Win32.ActiveCfg = RelWithDebInfo|Win32
		{CF0C942D-DB58-3D1E-9D6E-F0CA4BC05673}.RelWithDebInfo|Win32.Build.0 = RelWithDebInfo|Win32
		{BC10F168-385D-3A5A-BEB3-453EE8DE4AD3}.Debug|Win32.ActiveCfg = Debug|Win32
		{BC10F168-385D-3A5A-BEB3-453EE8DE4AD3}.Debug|Win32.Build.0 = Debug|Win32
		{BC10F168-385D-3A5A-BEB3-453EE8DE4AD3}.Release|Win32.ActiveCfg = Release|Win32
		{BC10F168-385D-3A5A-BEB3-453EE8DE4AD3}.Release|Win32.Build.0 = Release|Win32
		{BC10F168-385D-3A5A-BEB3-453EE8DE4AD3}.MinSizeRel|Win32.ActiveCfg = MinSizeRel|Win32
		{BC10F168-385D-3A5A-BEB3-453EE8DE4AD3}.MinSizeRel|Win32.Build.0 = MinSizeRel|Win32
		{BC10F168-385D-3A5A-BEB3-453EE8DE4AD3}.RelWithDebInfo|Win32.ActiveCfg = RelWithDebInfo|Win32
		{BC10F168-385D-3A5A-BEB3-453EE8DE4AD3}.RelWithDebInfo|Win32.Build.0 = RelWithDebInfo|Win32
		{5EC10CED-BDAE-3616-A463-0A06E584FB51}.Debug|Win32.ActiveCfg = Debug|Win32
		{5EC10CED-BDAE-3616-A463-0A06E584FB51}.Debug|Win32.Build.0 = Debug|Win32
		{5EC10CED-BDAE-3616-A463-0A06E584FB51}.Release|Win32.ActiveCfg = Release|Win32
		{5EC10CED-BDAE-3616-A463-0A06E584FB51}.Release|Win32.Build.0 = Release|Win32
		{5EC10CED-BDAE-3616-A463-0A06E584FB51}.MinSizeRel|Win32.ActiveCfg = MinSizeRel|Win32
		{5EC10CED-BDAE-3616-A463-0A06E584FB51}.MinSizeRel|Win32.Build.0 = MinSizeRel|Win32
		{5EC10CED-BDAE-3616-A463-0A06E584FB51}.RelWithDebInfo|Win32.ActiveCfg = RelWithDebInfo|Win32
		{5EC10CED-BDAE-3616-A463-0A06E584FB51}.RelWithDebInfo|Win32.Build.0 = RelWithDebInfo|Win32
		{D332F684-764F-3624-8F10-F909B0F42006}.Debug|Win32.ActiveCfg = Debug|Win32
		{D332F684-764F-3624-8F10-F909B0F42006}.Debug|Win32.Build.0 = Debug|Win32
		{D332F684-764F-3624-8F10-F909B0F42006}.Release|Win32.ActiveCfg = Release|Win32
		{D332F684-764F-3624-8F10-F909B0F42006}.Release|Win32.Build.0 = Release|Win32
		{D332F684-764F-3624-8F10-F909B0F42006}.MinSizeRel|Win32.ActiveCfg = MinSizeRel|Win32
		{D332F684-764F-3624-8F10-F909B0F42006}.MinSizeRel|Win32.Build.0 = MinSizeRel|Win32
		{D332F684-764F-3624-8F10-F909B0F42006}.RelWithDebInfo|Win32.ActiveCfg = RelWithDebInfo|Win32
		{D332F684-764F-3624-8F10-F909B0F42006}.RelWithDebInfo|Win32.Build.0 = RelWithDebInfo|Win32
		{C4D903D1-0995-3A7F-B87D-BB7BB76FFFA0}.Debug|Win32.ActiveCfg = Debug|Win32
		{C4D903D1-0995-3A7F-B87D-BB7BB76FFFA0}.Debug|Win32.Build.0 = Debug|Win32
		{C4D903D1-0995-3A7F-B87D-BB7BB76FFFA0}.Release|Win32.ActiveCfg = Release|Win32
		{C4D903D1-0995-3A7F-B87D-BB7BB76FFFA0}.Release|Win32.Build.0 = Release|Win32
		{C4D903D1-0995-3A7F-B87D-BB7BB76FFFA0}.MinSizeRel|Win32.ActiveCfg = MinSizeRel|Win32
		{C4D903D1-0995-3A7F-B87D-BB7BB76FFFA0}.MinSizeRel|Win32.Build.0 = MinSizeRel|Win32
		{C4D903D1-0995-3A7F-B87D-BB7BB76FFFA0}.RelWithDebInfo|Win32.ActiveCfg = RelWithDebInfo|Win32
		{C4D903D1-0995-3A7F-B87D-BB7BB76FFFA0}.RelWithDebInfo|Win32.Build.0 = RelWithDebInfo|Win32
		{04638050-1FEE-37CC-AE1B-CBDC11913AFB}.Debug|Win32.ActiveCfg = Debug|Win32
		{04638050-1FEE-37CC-AE1B-CBDC11913AFB}.Debug|Win32.Build.0 = Debug|Win32
		{04638050-1FEE-37CC-AE1B-CBDC11913AFB}.Release|Win32.ActiveCfg = Release|Win32
		{04638050-1FEE-37CC-AE1B-CBDC11913AFB}.Release|Win32.Build.0 = Release|Win32
		{04638050-1FEE-37CC-AE1B-CBDC11913AFB}.MinSizeRel|Win32.ActiveCfg = MinSizeRel|Win32
		{04638050-1FEE-37CC-AE1B-CBDC11913AFB}.MinSizeRel|Win32.Build.0 = MinSizeRel|Win32
		{04638050-1FEE-37CC-AE1B-CBDC11913AFB}.RelWithDebInfo|Win32.ActiveCfg = RelWithDebInfo|Win32
		{04638050-1FEE-37CC-AE1B-CBDC11913AFB}.RelWithDebInfo|Win32.Build.0 = RelWithDebInfo|Win32
		{A1D27173-4687-35C9-A01C-52177BBC65ED}.Debug|Win32.ActiveCfg = Debug|Win32
		{A1D27173-4687-35C9-A01C-52177BBC65ED}.Debug|Win32.Build.0 = Debug|Win32
		{A1D27173-4687-35C9-A01C-52177BBC65ED}.Release|Win32.ActiveCfg = Release|Win32
		{A1D27173-4687-35C9-A01C-52177BBC65ED}.Release|Win32.Build.0 = Release|Win32
		{A1D27173-4687-35C9-A01C-52177BBC65ED}.MinSizeRel|Win32.ActiveCfg = MinSizeRel|Win32
		{A1D27173-4687-35C9-A01C-52177BBC65ED}.MinSizeRel|Win32.Build.0 = MinSizeRel|Win32
		{A1D27173-4687-35C9-A01C-52177BBC65ED}.RelWithDebInfo|Win32.ActiveCfg = RelWithDebInfo|Win32
		{A1D27173-4687-35C9-A01C-52177BBC65ED}.RelWithDebInfo|Win32.Build.0 = RelWithDebInfo|Win32
		{C3C66759-49DD-388E-98EF-1ADAC4F043D0}.Debug|Win32.ActiveCfg = Debug|Win32
		{C3C66759-49DD-388E-98EF-1ADAC4F043D0}.Debug|Win32.Build.0 = Debug|Win32
		{C3C66759-49DD-388E-98EF-1ADAC4F043D0}.Release|Win32.ActiveCfg = Release|Win32
		{C3C66759-49DD-388E-98EF-1ADAC4F043D0}.Release|Win32.Build.0 = Release|Win32
		{C3C66759-49DD-388E-98EF-1ADAC4F043D0}.MinSizeRel|Win32.ActiveCfg = MinSizeRel|Win32
		{C3C66759-49DD-388E-98EF-1ADAC4F043D0}.MinSizeRel|Win32.Build.0 = MinSizeRel|Win32
		{C3C66759-49DD-388E-98EF-1ADAC4F043D0}.RelWithDebInfo|Win32.ActiveCfg = RelWithDebInfo|Win32
		{C3C66759-49DD-388E-98EF-1ADAC4F043D0}.RelWithDebInfo|Win32.Build.0 = RelWithDebInfo|Win32
		{289A6BC0-4D8D-378A-8E54-572106E35666}.Debug|Win32.ActiveCfg = Debug|Win32
		{289A6BC0-4D8D-378A-8E54-572106E35666}.Debug|Win32.Build.0 = Debug|Win32
		{289A6BC0-4D8D-378A-8E54-572106E35666}.Release|Win32.ActiveCfg = Release|Win32
		{289A6BC0-4D8D-378A-8E54-572106E35666}.Release|Win32.Build.0 = Release|Win32
		{289A6BC0-4D8D-378A-8E54-572106E35666}.MinSizeRel|Win32.ActiveCfg = MinSizeRel|Win32
		{289A6BC0-4D8D-378A-8E54-572106E35666}.MinSizeRel|Win32.Build.0 = MinSizeRel|Win32
		{289A6BC0-4D8D-378A-8E54-572106E35666}.RelWithDebInfo|Win32.ActiveCfg = RelWithDebInfo|Win32
		{289A6BC0-4D8D-378A-8E54-572106E35666}.RelWithDebInfo|Win32.Build.0 = RelWithDebInfo|Win32
		{65C41E29-F133-3595-B6ED-BD7D6A4CC902}.Debug|Win32.ActiveCfg = Debug|Win32
		{65C41E29-F133-3595-B6ED-BD7D6A4CC902}.Debug|Win32.Build.0 = Debug|Win32
		{65C41E29-F133-3595-B6ED-BD7D6A4CC902}.Release|Win32.ActiveCfg = Release|Win32
		{65C41E29-F133-3595-B6ED-BD7D6A4CC902}.Release|Win32.Build.0 = Release|Win32
		{65C41E29-F133-3595-B6ED-BD7D6A4CC902}.MinSizeRel|Win32.ActiveCfg = MinSizeRel|Win32
		{65C41E29-F133-3595-B6ED-BD7D6A4CC902}.MinSizeRel|Win32.Build.0 = MinSizeRel|Win32
		{65C41E29-F133-3595-B6ED-BD7D6A4CC902}.RelWithDebInfo|Win32.ActiveCfg = RelWithDebInfo|Win32
		{65C41E29-F133-3595-B6ED-BD7D6A4CC902}.RelWithDebInfo|Win32.Build.0 = RelWithDebInfo|Win32
		{7EA41AA4-78CA-37FF-9B7B-B8AABBB6C8D0}.Debug|Win32.ActiveCfg = Debug|Win32
		{7EA41AA4-78CA-37FF-9B7B-B8AABBB6C8D0}.Debug|Win32.Build.0 = Debug|Win32
		{7EA41AA4-78CA-37FF-9B7B-B8AABBB6C8D0}.Release|Win32.ActiveCfg = Release|Win32
		{7EA41AA4-78CA-37FF-9B7B-B8AABBB6C8D0}.Release|Win32.Build.0 = Release|Win32
		{7EA41AA4-78CA-37FF-9B7B-B8AABBB6C8D0}.MinSizeRel|Win32.ActiveCfg = MinSizeRel|Win32
		{7EA41AA4-78CA-37FF-9B7B-B8AABBB6C8D0}.MinSizeRel|Win32.Build.0 = MinSizeRel|Win32
		{7EA41AA4-78CA-37FF-9B7B-B8AABBB6C8D0}.RelWithDebInfo|Win32.ActiveCfg = RelWithDebInfo|Win32
		{7EA41AA4-78CA-37FF-9B7B-B8AABBB6C8D0}.RelWithDebInfo|Win32.Build.0 = RelWithDebInfo|Win32
		{C9A08890-1F45-3CBE-A726-66F1CB0BFF5D}.Debug|Win32.ActiveCfg = Debug|Win32
		{C9A08890-1F45-3CBE-A726-66F1CB0BFF5D}.Debug|Win32.Build.0 = Debug|Win32
		{C9A08890-1F45-3CBE-A726-66F1CB0BFF5D}.Release|Win32.ActiveCfg = Release|Win32
		{C9A08890-1F45-3CBE-A726-66F1CB0BFF5D}.Release|Win32.Build.0 = Release|Win32
		{C9A08890-1F45-3CBE-A726-66F1CB0BFF5D}.MinSizeRel|Win32.ActiveCfg = MinSizeRel|Win32
		{C9A08890-1F45-3CBE-A726-66F1CB0BFF5D}.MinSizeRel|Win32.Build.0 = MinSizeRel|Win32
		{C9A08890-1F45-3CBE-A726-66F1CB0BFF5D}.RelWithDebInfo|Win32.ActiveCfg = RelWithDebInfo|Win32
		{C9A08890-1F45-3CBE-A726-66F1CB0BFF5D}.RelWithDebInfo|Win32.Build.0 = RelWithDebInfo|Win32
		{BDE8A48D-44D9-3031-AFB2-3E627FB9D59F}.Debug|Win32.ActiveCfg = Debug|Win32
		{BDE8A48D-44D9-3031-AFB2-3E627FB9D59F}.Debug|Win32.Build.0 = Debug|Win32
		{BDE8A48D-44D9-3031-AFB2-3E627FB9D59F}.Release|Win32.ActiveCfg = Release|Win32
		{BDE8A48D-44D9-3031-AFB2-3E627FB9D59F}.Release|Win32.Build.0 = Release|Win32
		{BDE8A48D-44D9-3031-AFB2-3E627FB9D59F}.MinSizeRel|Win32.ActiveCfg = MinSizeRel|Win32
		{BDE8A48D-44D9-3031-AFB2-3E627FB9D59F}.MinSizeRel|Win32.Build.0 = MinSizeRel|Win32
		{BDE8A48D-44D9-3031-AFB2-3E627FB9D59F}.RelWithDebInfo|Win32.ActiveCfg = RelWithDebInfo|Win32
		{BDE8A48D-44D9-3031-AFB2-3E627FB9D59F}.RelWithDebInfo|Win32.Build.0 = RelWithDebInfo|Win32
		{1D99B2CA-52FF-35ED-A4E9-8AEBFD61E35E}.Debug|Win32.ActiveCfg = Debug|Win32
		{1D99B2CA-52FF-35ED-A4E9-8AEBFD61E35E}.Debug|Win32.Build.0 = Debug|Win32
		{1D99B2CA-52FF-35ED-A4E9-8AEBFD61E35E}.Release|Win32.ActiveCfg = Release|Win32
		{1D99B2CA-52FF-35ED-A4E9-8AEBFD61E35E}.Release|Win32.Build.0 = Release|Win32
		{1D99B2CA-52FF-35ED-A4E9-8AEBFD61E35E}.MinSizeRel|Win32.ActiveCfg = MinSizeRel|Win32
		{1D99B2CA-52FF-35ED-A4E9-8AEBFD61E35E}.MinSizeRel|Win32.Build.0 = MinSizeRel|Win32
		{1D99B2CA-52FF-35ED-A4E9-8AEBFD61E35E}.RelWithDebInfo|Win32.ActiveCfg = RelWithDebInfo|Win32
		{1D99B2CA-52FF-35ED-A4E9-8AEBFD61E35E}.RelWithDebInfo|Win32.Build.0 = RelWithDebInfo|Win32
		{1F44038E-B93F-3B03-A12E-4C7F15DE6011}.Debug|Win32.ActiveCfg = Debug|Win32
		{1F44038E-B93F-3B03-A12E-4C7F15DE6011}.Debug|Win32.Build.0 = Debug|Win32
		{1F44038E-B93F-3B03-A12E-4C7F15DE6011}.Release|Win32.ActiveCfg = Release|Win32
		{1F44038E-B93F-3B03-A12E-4C7F15DE6011}.Release|Win32.Build.0 = Release|Win32
		{1F44038E-B93F-3B03-A12E-4C7F15DE6011}.MinSizeRel|Win32.ActiveCfg = MinSizeRel|Win32
		{1F44038E-B93F-3B03-A12E-4C7F15DE6011}.MinSizeRel|Win32.Build.0 = MinSizeRel|Win32
		{1F44038E-B93F-3B03-A12E-4C7F15DE6011}.RelWithDebInfo|Win32.ActiveCfg = RelWithDebInfo|Win32
		{1F44038E-B93F-3B03-A12E-4C7F15DE6011}.RelWithDebInfo|Win32.Build.0 = RelWithDebInfo|Win32
		{D33DC1F7-6D8B-3491-9AEC-4ADA4FA9F0E9}.Debug|Win32.ActiveCfg = Debug|Win32
		{D33DC1F7-6D8B-3491-9AEC-4ADA4FA9F0E9}.Debug|Win32.Build.0 = Debug|Win32
		{D33DC1F7-6D8B-3491-9AEC-4ADA4FA9F0E9}.Release|Win32.ActiveCfg = Release|Win32
		{D33DC1F7-6D8B-3491-9AEC-4ADA4FA9F0E9}.Release|Win32.Build.0 = Release|Win32
		{D33DC1F7-6D8B-3491-9AEC-4ADA4FA9F0E9}.MinSizeRel|Win32.ActiveCfg = MinSizeRel|Win32
		{D33DC1F7-6D8B-3491-9AEC-4ADA4FA9F0E9}.MinSizeRel|Win32.Build.0 = MinSizeRel|Win32
		{D33DC1F7-6D8B-3491-9AEC-4ADA4FA9F0E9}.RelWithDebInfo|Win32.ActiveCfg = RelWithDebInfo|Win32
		{D33DC1F7-6D8B-3491-9AEC-4ADA4FA9F0E9}.RelWithDebInfo|Win32.Build.0 = RelWithDebInfo|Win32
		{57D980DA-B34A-38DA-8E5E-F420124BA68B}.Debug|Win32.ActiveCfg = Debug|Win32
		{57D980DA-B34A-38DA-8E5E-F420124BA68B}.Debug|Win32.Build.0 = Debug|Win32
		{57D980DA-B34A-38DA-8E5E-F420124BA68B}.Release|Win32.ActiveCfg = Release|Win32
		{57D980DA-B34A-38DA-8E5E-F420124BA68B}.Release|Win32.Build.0 = Release|Win32
		{57D980DA-B34A-38DA-8E5E-F420124BA68B}.MinSizeRel|Win32.ActiveCfg = MinSizeRel|Win32
		{57D980DA-B34A-38DA-8E5E-F420124BA68B}.MinSizeRel|Win32.Build.0 = MinSizeRel|Win32
		{57D980DA-B34A-38DA-8E5E-F420124BA68B}.RelWithDebInfo|Win32.ActiveCfg = RelWithDebInfo|Win32
		{57D980DA-B34A-38DA-8E5E-F420124BA68B}.RelWithDebInfo|Win32.Build.0 = RelWithDebInfo|Win32
		{C721D6F9-5CE2-3C1A-BD76-E07DC9829047}.Debug|Win32.ActiveCfg = Debug|Win32
		{C721D6F9-5CE2-3C1A-BD76-E07DC9829047}.Debug|Win32.Build.0 = Debug|Win32
		{C721D6F9-5CE2-3C1A-BD76-E07DC9829047}.Release|Win32.ActiveCfg = Release|Win32
		{C721D6F9-5CE2-3C1A-BD76-E07DC9829047}.Release|Win32.Build.0 = Release|Win32
		{C721D6F9-5CE2-3C1A-BD76-E07DC9829047}.MinSizeRel|Win32.ActiveCfg = MinSizeRel|Win32
		{C721D6F9-5CE2-3C1A-BD76-E07DC9829047}.MinSizeRel|Win32.Build.0 = MinSizeRel|Win32
		{C721D6F9-5CE2-3C1A-BD76-E07DC9829047}.RelWithDebInfo|Win32.ActiveCfg = RelWithDebInfo|Win32
		{C721D6F9-5CE2-3C1A-BD76-E07DC9829047}.RelWithDebInfo|Win32.Build.0 = RelWithDebInfo|Win32
		{1CECEB3A-11E3-3521-A993-25B7800946C1}.Debug|Win32.ActiveCfg = Debug|Win32
		{1CECEB3A-11E3-3521-A993-25B7800946C1}.Debug|Win32.Build.0 = Debug|Win32
		{1CECEB3A-11E3-3521-A993-25B7800946C1}.Release|Win32.ActiveCfg = Release|Win32
		{1CECEB3A-11E3-3521-A993-25B7800946C1}.Release|Win32.Build.0 = Release|Win32
		{1CECEB3A-11E3-3521-A993-25B7800946C1}.MinSizeRel|Win32.ActiveCfg = MinSizeRel|Win32
		{1CECEB3A-11E3-3521-A993-25B7800946C1}.MinSizeRel|Win32.Build.0 = MinSizeRel|Win32
		{1CECEB3A-11E3-3521-A993-25B7800946C1}.RelWithDebInfo|Win32.ActiveCfg = RelWithDebInfo|Win32
		{1CECEB3A-11E3-3521-A993-25B7800946C1}.RelWithDebInfo|Win32.Build.0 = RelWithDebInfo|Win32
		{29926CEC-0A46-35A9-984F-13B396398352}.Debug|Win32.ActiveCfg = Debug|Win32
		{29926CEC-0A46-35A9-984F-13B396398352}.Debug|Win32.Build.0 = Debug|Win32
		{29926CEC-0A46-35A9-984F-13B396398352}.Release|Win32.ActiveCfg = Release|Win32
		{29926CEC-0A46-35A9-984F-13B396398352}.Release|Win32.Build.0 = Release|Win32
		{29926CEC-0A46-35A9-984F-13B396398352}.MinSizeRel|Win32.ActiveCfg = MinSizeRel|Win32
		{29926CEC-0A46-35A9-984F-13B396398352}.MinSizeRel|Win32.Build.0 = MinSizeRel|Win32
		{29926CEC-0A46-35A9-984F-13B396398352}.RelWithDebInfo|Win32.ActiveCfg = RelWithDebInfo|Win32
		{29926CEC-0A46-35A9-984F-13B396398352}.RelWithDebInfo|Win32.Build.0 = RelWithDebInfo|Win32
		{3976687B-8C09-3D12-832C-C6F6738E79C3}.Debug|Win32.ActiveCfg = Debug|Win32
		{3976687B-8C09-3D12-832C-C6F6738E79C3}.Debug|Win32.Build.0 = Debug|Win32
		{3976687B-8C09-3D12-832C-C6F6738E79C3}.Release|Win32.ActiveCfg = Release|Win32
		{3976687B-8C09-3D12-832C-C6F6738E79C3}.Release|Win32.Build.0 = Release|Win32
		{3976687B-8C09-3D12-832C-C6F6738E79C3}.MinSizeRel|Win32.ActiveCfg = MinSizeRel|Win32
		{3976687B-8C09-3D12-832C-C6F6738E79C3}.MinSizeRel|Win32.Build.0 = MinSizeRel|Win32
		{3976687B-8C09-3D12-832C-C6F6738E79C3}.RelWithDebInfo|Win32.ActiveCfg = RelWithDebInfo|Win32
		{3976687B-8C09-3D12-832C-C6F6738E79C3}.RelWithDebInfo|Win32.Build.0 = RelWithDebInfo|Win32
		{45FF95D6-A448-39F6-AC47-81D18D847149}.Debug|Win32.ActiveCfg = Debug|Win32
		{45FF95D6-A448-39F6-AC47-81D18D847149}.Debug|Win32.Build.0 = Debug|Win32
		{45FF95D6-A448-39F6-AC47-81D18D847149}.Release|Win32.ActiveCfg = Release|Win32
		{45FF95D6-A448-39F6-AC47-81D18D847149}.Release|Win32.Build.0 = Release|Win32
		{45FF95D6-A448-39F6-AC47-81D18D847149}.MinSizeRel|Win32.ActiveCfg = MinSizeRel|Win32
		{45FF95D6-A448-39F6-AC47-81D18D847149}.MinSizeRel|Win32.Build.0 = MinSizeRel|Win32
		{45FF95D6-A448-39F6-AC47-81D18D847149}.RelWithDebInfo|Win32.ActiveCfg = RelWithDebInfo|Win32
		{45FF95D6-A448-39F6-AC47-81D18D847149}.RelWithDebInfo|Win32.Build.0 = RelWithDebInfo|Win32
		{0230C352-D9D3-3E07-A5ED-8B52D627E4B1}.Debug|Win32.ActiveCfg = Debug|Win32
		{0230C352-D9D3-3E07-A5ED-8B52D627E4B1}.Debug|Win32.Build.0 = Debug|Win32
		{0230C352-D9D3-3E07-A5ED-8B52D627E4B1}.Release|Win32.ActiveCfg = Release|Win32
		{0230C352-D9D3-3E07-A5ED-8B52D627E4B1}.Release|Win32.Build.0 = Release|Win32
		{0230C352-D9D3-3E07-A5ED-8B52D627E4B1}.MinSizeRel|Win32.ActiveCfg = MinSizeRel|Win32
		{0230C352-D9D3-3E07-A5ED-8B52D627E4B1}.MinSizeRel|Win32.Build.0 = MinSizeRel|Win32
		{0230C352-D9D3-3E07-A5ED-8B52D627E4B1}.RelWithDebInfo|Win32.ActiveCfg = RelWithDebInfo|Win32
		{0230C352-D9D3-3E07-A5ED-8B52D627E4B1}.RelWithDebInfo|Win32.Build.0 = RelWithDebInfo|Win32
		{DD80FF6C-C6F9-3B2F-98A1-DBA6BAC5488C}.Debug|Win32.ActiveCfg = Debug|Win32
		{DD80FF6C-C6F9-3B2F-98A1-DBA6BAC5488C}.Debug|Win32.Build.0 = Debug|Win32
		{DD80FF6C-C6F9-3B2F-98A1-DBA6BAC5488C}.Release|Win32.ActiveCfg = Release|Win32
		{DD80FF6C-C6F9-3B2F-98A1-DBA6BAC5488C}.Release|Win32.Build.0 = Release|Win32
		{DD80FF6C-C6F9-3B2F-98A1-DBA6BAC5488C}.MinSizeRel|Win32.ActiveCfg = MinSizeRel|Win32
		{DD80FF6C-C6F9-3B2F-98A1-DBA6BAC5488C}.MinSizeRel|Win32.Build.0 = MinSizeRel|Win32
		{DD80FF6C-C6F9-3B2F-98A1-DBA6BAC5488C}.RelWithDebInfo|Win32.ActiveCfg = RelWithDebInfo|Win32
		{DD80FF6C-C6F9-3B2F-98A1-DBA6BAC5488C}.RelWithDebInfo|Win32.Build.0 = RelWithDebInfo|Win32
		{2756E27B-E6D6-3FD1-9F41-5B063792998B}.Debug|Win32.ActiveCfg = Debug|Win32
		{2756E27B-E6D6-3FD1-9F41-5B063792998B}.Debug|Win32.Build.0 = Debug|Win32
		{2756E27B-E6D6-3FD1-9F41-5B063792998B}.Release|Win32.ActiveCfg = Release|Win32
		{2756E27B-E6D6-3FD1-9F41-5B063792998B}.Release|Win32.Build.0 = Release|Win32
		{2756E27B-E6D6-3FD1-9F41-5B063792998B}.MinSizeRel|Win32.ActiveCfg = MinSizeRel|Win32
		{2756E27B-E6D6-3FD1-9F41-5B063792998B}.MinSizeRel|Win32.Build.0 = MinSizeRel|Win32
		{2756E27B-E6D6-3FD1-9F41-5B063792998B}.RelWithDebInfo|Win32.ActiveCfg = RelWithDebInfo|Win32
		{2756E27B-E6D6-3FD1-9F41-5B063792998B}.RelWithDebInfo|Win32.Build.0 = RelWithDebInfo|Win32
		{89B5F9EB-2E31-3971-B3CD-6CAF642343D9}.Debug|Win32.ActiveCfg = Debug|Win32
		{89B5F9EB-2E31-3971-B3CD-6CAF642343D9}.Debug|Win32.Build.0 = Debug|Win32
		{89B5F9EB-2E31-3971-B3CD-6CAF642343D9}.Release|Win32.ActiveCfg = Release|Win32
		{89B5F9EB-2E31-3971-B3CD-6CAF642343D9}.Release|Win32.Build.0 = Release|Win32
		{89B5F9EB-2E31-3971-B3CD-6CAF642343D9}.MinSizeRel|Win32.ActiveCfg = MinSizeRel|Win32
		{89B5F9EB-2E31-3971-B3CD-6CAF642343D9}.MinSizeRel|Win32.Build.0 = MinSizeRel|Win32
		{89B5F9EB-2E31-3971-B3CD-6CAF642343D9}.RelWithDebInfo|Win32.ActiveCfg = RelWithDebInfo|Win32
		{89B5F9EB-2E31-3971-B3CD-6CAF642343D9}.RelWithDebInfo|Win32.Build.0 = RelWithDebInfo|Win32
		{3E7D84D4-F1A2-320C-A534-1ED584E21961}.Debug|Win32.ActiveCfg = Debug|Win32
		{3E7D84D4-F1A2-320C-A534-1ED584E21961}.Debug|Win32.Build.0 = Debug|Win32
		{3E7D84D4-F1A2-320C-A534-1ED584E21961}.Release|Win32.ActiveCfg = Release|Win32
		{3E7D84D4-F1A2-320C-A534-1ED584E21961}.Release|Win32.Build.0 = Release|Win32
		{3E7D84D4-F1A2-320C-A534-1ED584E21961}.MinSizeRel|Win32.ActiveCfg = MinSizeRel|Win32
		{3E7D84D4-F1A2-320C-A534-1ED584E21961}.MinSizeRel|Win32.Build.0 = MinSizeRel|Win32
		{3E7D84D4-F1A2-320C-A534-1ED584E21961}.RelWithDebInfo|Win32.ActiveCfg = RelWithDebInfo|Win32
		{3E7D84D4-F1A2-320C-A534-1ED584E21961}.RelWithDebInfo|Win32.Build.0 = RelWithDebInfo|Win32
		{B380FD9C-AB71-32F4-8E89-9F059388D574}.Debug|Win32.ActiveCfg = Debug|Win32
		{B380FD9C-AB71-32F4-8E89-9F059388D574}.Debug|Win32.Build.0 = Debug|Win32
		{B380FD9C-AB71-32F4-8E89-9F059388D574}.Release|Win32.ActiveCfg = Release|Win32
		{B380FD9C-AB71-32F4-8E89-9F059388D574}.Release|Win32.Build.0 = Release|Win32
		{B380FD9C-AB71-32F4-8E89-9F059388D574}.MinSizeRel|Win32.ActiveCfg = MinSizeRel|Win32
		{B380FD9C-AB71-32F4-8E89-9F059388D574}.MinSizeRel|Win32.Build.0 = MinSizeRel|Win32
		{B380FD9C-AB71-32F4-8E89-9F059388D574}.RelWithDebInfo|Win32.ActiveCfg = RelWithDebInfo|Win32
		{B380FD9C-AB71-32F4-8E89-9F059388D574}.RelWithDebInfo|Win32.Build.0 = RelWithDebInfo|Win32
		{874D412A-EBAC-30D7-8FB0-D80745EB86A1}.Debug|Win32.ActiveCfg = Debug|Win32
		{874D412A-EBAC-30D7-8FB0-D80745EB86A1}.Debug|Win32.Build.0 = Debug|Win32
		{874D412A-EBAC-30D7-8FB0-D80745EB86A1}.Release|Win32.ActiveCfg = Release|Win32
		{874D412A-EBAC-30D7-8FB0-D80745EB86A1}.Release|Win32.Build.0 = Release|Win32
		{874D412A-EBAC-30D7-8FB0-D80745EB86A1}.MinSizeRel|Win32.ActiveCfg = MinSizeRel|Win32
		{874D412A-EBAC-30D7-8FB0-D80745EB86A1}.MinSizeRel|Win32.Build.0 = MinSizeRel|Win32
		{874D412A-EBAC-30D7-8FB0-D80745EB86A1}.RelWithDebInfo|Win32.ActiveCfg = RelWithDebInfo|Win32
		{874D412A-EBAC-30D7-8FB0-D80745EB86A1}.RelWithDebInfo|Win32.Build.0 = RelWithDebInfo|Win32
		{17E1E1C7-0E36-30ED-B323-EF88B22415FF}.Debug|Win32.ActiveCfg = Debug|Win32
		{17E1E1C7-0E36-30ED-B323-EF88B22415FF}.Debug|Win32.Build.0 = Debug|Win32
		{17E1E1C7-0E36-30ED-B323-EF88B22415FF}.Release|Win32.ActiveCfg = Release|Win32
		{17E1E1C7-0E36-30ED-B323-EF88B22415FF}.Release|Win32.Build.0 = Release|Win32
		{17E1E1C7-0E36-30ED-B323-EF88B22415FF}.MinSizeRel|Win32.ActiveCfg = MinSizeRel|Win32
		{17E1E1C7-0E36-30ED-B323-EF88B22415FF}.MinSizeRel|Win32.Build.0 = MinSizeRel|Win32
		{17E1E1C7-0E36-30ED-B323-EF88B22415FF}.RelWithDebInfo|Win32.ActiveCfg = RelWithDebInfo|Win32
		{17E1E1C7-0E36-30ED-B323-EF88B22415FF}.RelWithDebInfo|Win32.Build.0 = RelWithDebInfo|Win32
		{C7907368-F7BC-3D65-A521-54AA85B1D8AC}.Debug|Win32.ActiveCfg = Debug|Win32
		{C7907368-F7BC-3D65-A521-54AA85B1D8AC}.Release|Win32.ActiveCfg = Release|Win32
		{C7907368-F7BC-3D65-A521-54AA85B1D8AC}.MinSizeRel|Win32.ActiveCfg = MinSizeRel|Win32
		{C7907368-F7BC-3D65-A521-54AA85B1D8AC}.RelWithDebInfo|Win32.ActiveCfg = RelWithDebInfo|Win32
		{39C489E5-0D1B-310D-9B89-36D03BC7332C}.Debug|Win32.ActiveCfg = Debug|Win32
		{39C489E5-0D1B-310D-9B89-36D03BC7332C}.Debug|Win32.Build.0 = Debug|Win32
		{39C489E5-0D1B-310D-9B89-36D03BC7332C}.Release|Win32.ActiveCfg = Release|Win32
		{39C489E5-0D1B-310D-9B89-36D03BC7332C}.Release|Win32.Build.0 = Release|Win32
		{39C489E5-0D1B-310D-9B89-36D03BC7332C}.MinSizeRel|Win32.ActiveCfg = MinSizeRel|Win32
		{39C489E5-0D1B-310D-9B89-36D03BC7332C}.MinSizeRel|Win32.Build.0 = MinSizeRel|Win32
		{39C489E5-0D1B-310D-9B89-36D03BC7332C}.RelWithDebInfo|Win32.ActiveCfg = RelWithDebInfo|Win32
		{39C489E5-0D1B-310D-9B89-36D03BC7332C}.RelWithDebInfo|Win32.Build.0 = RelWithDebInfo|Win32
		{8282038F-FAA8-3333-9B87-B444C53B1554}.Debug|Win32.ActiveCfg = Debug|Win32
		{8282038F-FAA8-3333-9B87-B444C53B1554}.Release|Win32.ActiveCfg = Release|Win32
		{8282038F-FAA8-3333-9B87-B444C53B1554}.MinSizeRel|Win32.ActiveCfg = MinSizeRel|Win32
		{8282038F-FAA8-3333-9B87-B444C53B1554}.RelWithDebInfo|Win32.ActiveCfg = RelWithDebInfo|Win32
	EndGlobalSection
	GlobalSection(ExtensibilityGlobals) = postSolution
		SolutionGuid = {C4DCE0BF-6EFB-3B4D-B30E-91DE0AF3A36E}
	EndGlobalSection
	GlobalSection(ExtensibilityAddIns) = postSolution
	EndGlobalSection
EndGlobal
