<?xml version="1.0" encoding="UTF-8"?>
<Project ToolsVersion="14.0" xmlns="http://schemas.microsoft.com/developer/msbuild/2003">
  <ItemGroup>
    <ClCompile Include="C:\Users\preet\Desktop\libarchive-3.3.3\libarchive-3.3.3\tar\bsdtar.c">
      <Filter>Source Files</Filter>
    </ClCompile>
    <ClCompile Include="C:\Users\preet\Desktop\libarchive-3.3.3\libarchive-3.3.3\tar\cmdline.c">
      <Filter>Source Files</Filter>
    </ClCompile>
    <ClCompile Include="C:\Users\preet\Desktop\libarchive-3.3.3\libarchive-3.3.3\tar\creation_set.c">
      <Filter>Source Files</Filter>
    </ClCompile>
    <ClCompile Include="C:\Users\preet\Desktop\libarchive-3.3.3\libarchive-3.3.3\tar\read.c">
      <Filter>Source Files</Filter>
    </ClCompile>
    <ClCompile Include="C:\Users\preet\Desktop\libarchive-3.3.3\libarchive-3.3.3\tar\subst.c">
      <Filter>Source Files</Filter>
    </ClCompile>
    <ClCompile Include="C:\Users\preet\Desktop\libarchive-3.3.3\libarchive-3.3.3\tar\util.c">
      <Filter>Source Files</Filter>
    </ClCompile>
    <ClCompile Include="C:\Users\preet\Desktop\libarchive-3.3.3\libarchive-3.3.3\tar\write.c">
      <Filter>Source Files</Filter>
    </ClCompile>
    <ClCompile Include="C:\Users\preet\Desktop\libarchive-3.3.3\libarchive-3.3.3\libarchive_fe\err.c">
      <Filter>Source Files</Filter>
    </ClCompile>
    <ClCompile Include="C:\Users\preet\Desktop\libarchive-3.3.3\libarchive-3.3.3\libarchive_fe\line_reader.c">
      <Filter>Source Files</Filter>
    </ClCompile>
    <ClCompile Include="C:\Users\preet\Desktop\libarchive-3.3.3\libarchive-3.3.3\libarchive_fe\passphrase.c">
      <Filter>Source Files</Filter>
    </ClCompile>
    <ClCompile Include="C:\Users\preet\Desktop\libarchive-3.3.3\libarchive-3.3.3\tar\bsdtar_windows.c">
      <Filter>Source Files</Filter>
    </ClCompile>
  </ItemGroup>
  <ItemGroup>
    <ClInclude Include="C:\Users\preet\Desktop\libarchive-3.3.3\libarchive-3.3.3\tar\bsdtar.h">
      <Filter>Header Files</Filter>
    </ClInclude>
    <ClInclude Include="C:\Users\preet\Desktop\libarchive-3.3.3\libarchive-3.3.3\tar\bsdtar_platform.h">
      <Filter>Header Files</Filter>
    </ClInclude>
    <ClInclude Include="C:\Users\preet\Desktop\libarchive-3.3.3\libarchive-3.3.3\libarchive_fe\err.h">
      <Filter>Header Files</Filter>
    </ClInclude>
    <ClInclude Include="C:\Users\preet\Desktop\libarchive-3.3.3\libarchive-3.3.3\libarchive_fe\lafe_platform.h">
      <Filter>Header Files</Filter>
    </ClInclude>
    <ClInclude Include="C:\Users\preet\Desktop\libarchive-3.3.3\libarchive-3.3.3\libarchive_fe\line_reader.h">
      <Filter>Header Files</Filter>
    </ClInclude>
    <ClInclude Include="C:\Users\preet\Desktop\libarchive-3.3.3\libarchive-3.3.3\libarchive_fe\passphrase.h">
      <Filter>Header Files</Filter>
    </ClInclude>
    <ClInclude Include="C:\Users\preet\Desktop\libarchive-3.3.3\libarchive-3.3.3\tar\bsdtar_windows.h">
      <Filter>Header Files</Filter>
    </ClInclude>
  </ItemGroup>
  <ItemGroup>
    <CustomBuild Include="C:\Users\preet\Desktop\libarchive-3.3.3\libarchive-3.3.3\tar\CMakeLists.txt" />
  </ItemGroup>
  <ItemGroup>
    <Filter Include="Source Files">
      <UniqueIdentifier>{959EE806-4D46-3DC4-BDF1-AD2F0BEA8477}</UniqueIdentifier>
    </Filter>
    <Filter Include="Header Files">
      <UniqueIdentifier>{9C4B3F99-1B75-352B-AC6A-88113D0E62EF}</UniqueIdentifier>
    </Filter>
  </ItemGroup>
</Project>
