<?xml version="1.0" encoding="UTF-8"?>
<Project ToolsVersion="14.0" xmlns="http://schemas.microsoft.com/developer/msbuild/2003">
  <ItemGroup>
    <CustomBuild Include="C:\Users\preet\Desktop\libarchive-3.3.3\libarchive-3.3.3\CMakeFiles\927511ee9add07cacffefab6a32148ab\RUN_TESTS_force.rule">
      <Filter>CMake Rules</Filter>
    </CustomBuild>
  </ItemGroup>
  <ItemGroup>
    <Filter Include="CMake Rules">
      <UniqueIdentifier>{85F943D7-826A-3C8C-A444-409F3E1763D5}</UniqueIdentifier>
    </Filter>
  </ItemGroup>
</Project>
