<?xml version="1.0" encoding="UTF-8"?>
<Project ToolsVersion="14.0" xmlns="http://schemas.microsoft.com/developer/msbuild/2003">
  <ItemGroup>
    <ClCompile Include="C:\Users\preet\Desktop\pe-sieve\osquery-plgx-extension\osquery\osquery\main\lib.cpp">
      <Filter>Source Files</Filter>
    </ClCompile>
  </ItemGroup>
  <ItemGroup>
    <CustomBuild Include="C:\Users\preet\Desktop\pe-sieve\osquery-plgx-extension\osquery\osquery\CMakeLists.txt" />
  </ItemGroup>
  <ItemGroup>
    <Object Include="C:\Users\preet\Desktop\pe-sieve\osquery-plgx-extension\osquery\build\windows10\third-party\sqlite3\osquery_sqlite.dir\$(Configuration)\sqlite3.obj">
      <Filter>Object Libraries</Filter>
    </Object>
    <Object Include="C:\Users\preet\Desktop\pe-sieve\osquery-plgx-extension\osquery\build\windows10\third-party\linenoise-ng\linenoise-ng.dir\$(Configuration)\ConvertUTF.obj">
      <Filter>Object Libraries</Filter>
    </Object>
    <Object Include="C:\Users\preet\Desktop\pe-sieve\osquery-plgx-extension\osquery\build\windows10\third-party\linenoise-ng\linenoise-ng.dir\$(Configuration)\wcwidth.obj">
      <Filter>Object Libraries</Filter>
    </Object>
    <Object Include="C:\Users\preet\Desktop\pe-sieve\osquery-plgx-extension\osquery\build\windows10\third-party\linenoise-ng\linenoise-ng.dir\$(Configuration)\linenoise.obj">
      <Filter>Object Libraries</Filter>
    </Object>
    <Object Include="C:\Users\preet\Desktop\pe-sieve\osquery-plgx-extension\osquery\build\windows10\osquery\config\osquery_config.dir\$(Configuration)\config.obj">
      <Filter>Object Libraries</Filter>
    </Object>
    <Object Include="C:\Users\preet\Desktop\pe-sieve\osquery-plgx-extension\osquery\build\windows10\osquery\config\osquery_config.dir\$(Configuration)\packs.obj">
      <Filter>Object Libraries</Filter>
    </Object>
    <Object Include="C:\Users\preet\Desktop\pe-sieve\osquery-plgx-extension\osquery\build\windows10\osquery\config\osquery_config_parsers.dir\$(Configuration)\decorators.obj">
      <Filter>Object Libraries</Filter>
    </Object>
    <Object Include="C:\Users\preet\Desktop\pe-sieve\osquery-plgx-extension\osquery\build\windows10\osquery\config\osquery_config_parsers.dir\$(Configuration)\events_parser.obj">
      <Filter>Object Libraries</Filter>
    </Object>
    <Object Include="C:\Users\preet\Desktop\pe-sieve\osquery-plgx-extension\osquery\build\windows10\osquery\config\osquery_config_parsers.dir\$(Configuration)\feature_vectors.obj">
      <Filter>Object Libraries</Filter>
    </Object>
    <Object Include="C:\Users\preet\Desktop\pe-sieve\osquery-plgx-extension\osquery\build\windows10\osquery\config\osquery_config_parsers.dir\$(Configuration)\file_paths.obj">
      <Filter>Object Libraries</Filter>
    </Object>
    <Object Include="C:\Users\preet\Desktop\pe-sieve\osquery-plgx-extension\osquery\build\windows10\osquery\config\osquery_config_parsers.dir\$(Configuration)\kafka_topics.obj">
      <Filter>Object Libraries</Filter>
    </Object>
    <Object Include="C:\Users\preet\Desktop\pe-sieve\osquery-plgx-extension\osquery\build\windows10\osquery\config\osquery_config_parsers.dir\$(Configuration)\options.obj">
      <Filter>Object Libraries</Filter>
    </Object>
    <Object Include="C:\Users\preet\Desktop\pe-sieve\osquery-plgx-extension\osquery\build\windows10\osquery\config\osquery_config_parsers.dir\$(Configuration)\prometheus_targets.obj">
      <Filter>Object Libraries</Filter>
    </Object>
    <Object Include="C:\Users\preet\Desktop\pe-sieve\osquery-plgx-extension\osquery\build\windows10\osquery\config\osquery_config_parsers.dir\$(Configuration)\views.obj">
      <Filter>Object Libraries</Filter>
    </Object>
    <Object Include="C:\Users\preet\Desktop\pe-sieve\osquery-plgx-extension\osquery\build\windows10\osquery\core\osquery_core.dir\$(Configuration)\initializer.obj">
      <Filter>Object Libraries</Filter>
    </Object>
    <Object Include="C:\Users\preet\Desktop\pe-sieve\osquery-plgx-extension\osquery\build\windows10\osquery\core\osquery_core.dir\$(Configuration)\process.obj">
      <Filter>Object Libraries</Filter>
    </Object>
    <Object Include="C:\Users\preet\Desktop\pe-sieve\osquery-plgx-extension\osquery\build\windows10\osquery\core\osquery_core.dir\$(Configuration)\process_ops.obj">
      <Filter>Object Libraries</Filter>
    </Object>
    <Object Include="C:\Users\preet\Desktop\pe-sieve\osquery-plgx-extension\osquery\build\windows10\osquery\core\osquery_core.dir\$(Configuration)\utils.obj">
      <Filter>Object Libraries</Filter>
    </Object>
    <Object Include="C:\Users\preet\Desktop\pe-sieve\osquery-plgx-extension\osquery\build\windows10\osquery\core\osquery_core.dir\$(Configuration)\wmi.obj">
      <Filter>Object Libraries</Filter>
    </Object>
    <Object Include="C:\Users\preet\Desktop\pe-sieve\osquery-plgx-extension\osquery\build\windows10\osquery\core\osquery_core.dir\$(Configuration)\conversions.obj">
      <Filter>Object Libraries</Filter>
    </Object>
    <Object Include="C:\Users\preet\Desktop\pe-sieve\osquery-plgx-extension\osquery\build\windows10\osquery\core\osquery_core.dir\$(Configuration)\flags.obj">
      <Filter>Object Libraries</Filter>
    </Object>
    <Object Include="C:\Users\preet\Desktop\pe-sieve\osquery-plgx-extension\osquery\build\windows10\osquery\core\osquery_core.dir\$(Configuration)\hashing.obj">
      <Filter>Object Libraries</Filter>
    </Object>
    <Object Include="C:\Users\preet\Desktop\pe-sieve\osquery-plgx-extension\osquery\build\windows10\osquery\core\osquery_core.dir\$(Configuration)\init.obj">
      <Filter>Object Libraries</Filter>
    </Object>
    <Object Include="C:\Users\preet\Desktop\pe-sieve\osquery-plgx-extension\osquery\build\windows10\osquery\core\osquery_core.dir\$(Configuration)\query.obj">
      <Filter>Object Libraries</Filter>
    </Object>
    <Object Include="C:\Users\preet\Desktop\pe-sieve\osquery-plgx-extension\osquery\build\windows10\osquery\core\osquery_core.dir\$(Configuration)\system.obj">
      <Filter>Object Libraries</Filter>
    </Object>
    <Object Include="C:\Users\preet\Desktop\pe-sieve\osquery-plgx-extension\osquery\build\windows10\osquery\core\osquery_core.dir\$(Configuration)\tables.obj">
      <Filter>Object Libraries</Filter>
    </Object>
    <Object Include="C:\Users\preet\Desktop\pe-sieve\osquery-plgx-extension\osquery\build\windows10\osquery\core\osquery_core.dir\$(Configuration)\watcher.obj">
      <Filter>Object Libraries</Filter>
    </Object>
    <Object Include="C:\Users\preet\Desktop\pe-sieve\osquery-plgx-extension\osquery\build\windows10\osquery\database\osquery_database.dir\$(Configuration)\database.obj">
      <Filter>Object Libraries</Filter>
    </Object>
    <Object Include="C:\Users\preet\Desktop\pe-sieve\osquery-plgx-extension\osquery\build\windows10\osquery\database\osquery_database.dir\$(Configuration)\ephemeral.obj">
      <Filter>Object Libraries</Filter>
    </Object>
    <Object Include="C:\Users\preet\Desktop\pe-sieve\osquery-plgx-extension\osquery\build\windows10\osquery\dispatcher\osquery_dispatcher.dir\$(Configuration)\dispatcher.obj">
      <Filter>Object Libraries</Filter>
    </Object>
    <Object Include="C:\Users\preet\Desktop\pe-sieve\osquery-plgx-extension\osquery\build\windows10\osquery\distributed\osquery_distributed.dir\$(Configuration)\distributed.obj">
      <Filter>Object Libraries</Filter>
    </Object>
    <Object Include="C:\Users\preet\Desktop\pe-sieve\osquery-plgx-extension\osquery\build\windows10\osquery\events\osquery_events.dir\$(Configuration)\events.obj">
      <Filter>Object Libraries</Filter>
    </Object>
    <Object Include="C:\Users\preet\Desktop\pe-sieve\osquery-plgx-extension\osquery\build\windows10\osquery\extensions\osquery_extensions.dir\$(Configuration)\Extension.obj">
      <Filter>Object Libraries</Filter>
    </Object>
    <Object Include="C:\Users\preet\Desktop\pe-sieve\osquery-plgx-extension\osquery\build\windows10\osquery\extensions\osquery_extensions.dir\$(Configuration)\ExtensionManager.obj">
      <Filter>Object Libraries</Filter>
    </Object>
    <Object Include="C:\Users\preet\Desktop\pe-sieve\osquery-plgx-extension\osquery\build\windows10\osquery\extensions\osquery_extensions.dir\$(Configuration)\osquery_types.obj">
      <Filter>Object Libraries</Filter>
    </Object>
    <Object Include="C:\Users\preet\Desktop\pe-sieve\osquery-plgx-extension\osquery\build\windows10\osquery\extensions\osquery_extensions.dir\$(Configuration)\impl_thrift.obj">
      <Filter>Object Libraries</Filter>
    </Object>
    <Object Include="C:\Users\preet\Desktop\pe-sieve\osquery-plgx-extension\osquery\build\windows10\osquery\extensions\osquery_extensions.dir\$(Configuration)\extensions.obj">
      <Filter>Object Libraries</Filter>
    </Object>
    <Object Include="C:\Users\preet\Desktop\pe-sieve\osquery-plgx-extension\osquery\build\windows10\osquery\extensions\osquery_extensions.dir\$(Configuration)\interface.obj">
      <Filter>Object Libraries</Filter>
    </Object>
    <Object Include="C:\Users\preet\Desktop\pe-sieve\osquery-plgx-extension\osquery\build\windows10\osquery\filesystem\osquery_filesystem.dir\$(Configuration)\filesystem.obj">
      <Filter>Object Libraries</Filter>
    </Object>
    <Object Include="C:\Users\preet\Desktop\pe-sieve\osquery-plgx-extension\osquery\build\windows10\osquery\filesystem\osquery_filesystem.dir\$(Configuration)\fileops.obj">
      <Filter>Object Libraries</Filter>
    </Object>
    <Object Include="C:\Users\preet\Desktop\pe-sieve\osquery-plgx-extension\osquery\build\windows10\osquery\logger\osquery_logger.dir\$(Configuration)\logger.obj">
      <Filter>Object Libraries</Filter>
    </Object>
    <Object Include="C:\Users\preet\Desktop\pe-sieve\osquery-plgx-extension\osquery\build\windows10\osquery\registry\osquery_registry.dir\$(Configuration)\registry.obj">
      <Filter>Object Libraries</Filter>
    </Object>
    <Object Include="C:\Users\preet\Desktop\pe-sieve\osquery-plgx-extension\osquery\build\windows10\osquery\sql\osquery_sql.dir\$(Configuration)\sql.obj">
      <Filter>Object Libraries</Filter>
    </Object>
    <Object Include="C:\Users\preet\Desktop\pe-sieve\osquery-plgx-extension\osquery\build\windows10\osquery\tables\osquery_tables_utility.dir\$(Configuration)\file.obj">
      <Filter>Object Libraries</Filter>
    </Object>
    <Object Include="C:\Users\preet\Desktop\pe-sieve\osquery-plgx-extension\osquery\build\windows10\osquery\tables\osquery_tables_utility.dir\$(Configuration)\osquery.obj">
      <Filter>Object Libraries</Filter>
    </Object>
    <Object Include="C:\Users\preet\Desktop\pe-sieve\osquery-plgx-extension\osquery\build\windows10\osquery\tables\osquery_tables_utility.dir\$(Configuration)\time.obj">
      <Filter>Object Libraries</Filter>
    </Object>
    <Object Include="C:\Users\preet\Desktop\pe-sieve\osquery-plgx-extension\osquery\build\windows10\osquery\osquery_amalgamation.dir\$(Configuration)\utils_amalgamation.obj">
      <Filter>Object Libraries</Filter>
    </Object>
  </ItemGroup>
  <ItemGroup>
    <Filter Include="Source Files">
      <UniqueIdentifier>{55AED2C9-7DD0-30EF-8480-E5BA837C2E38}</UniqueIdentifier>
    </Filter>
    <Filter Include="Object Libraries">
      <UniqueIdentifier>{552EC4CF-7899-3D47-A746-8EBA24959613}</UniqueIdentifier>
    </Filter>
  </ItemGroup>
</Project>
