<?xml version="1.0" encoding="UTF-8"?>
<Project ToolsVersion="14.0" xmlns="http://schemas.microsoft.com/developer/msbuild/2003">
  <ItemGroup>
    <ClCompile Include="C:\Users\preet\Desktop\pe-sieve\osquery-plgx-extension\osquery\build\windows10\generated\utils_amalgamation.cpp">
      <Filter>Source Files</Filter>
    </ClCompile>
  </ItemGroup>
  <ItemGroup>
    <CustomBuild Include="C:\Users\preet\Desktop\pe-sieve\osquery-plgx-extension\osquery\osquery\CMakeLists.txt" />
    <CustomBuild Include="C:\Users\preet\Desktop\pe-sieve\osquery-plgx-extension\osquery\build\windows10\CMakeFiles\1c7fbe110a62b3d98f8e2c4d71be8ec6\file.cpp.rule">
      <Filter>CMake Rules</Filter>
    </CustomBuild>
    <CustomBuild Include="C:\Users\preet\Desktop\pe-sieve\osquery-plgx-extension\osquery\build\windows10\CMakeFiles\1c7fbe110a62b3d98f8e2c4d71be8ec6\osquery_events.cpp.rule">
      <Filter>CMake Rules</Filter>
    </CustomBuild>
    <CustomBuild Include="C:\Users\preet\Desktop\pe-sieve\osquery-plgx-extension\osquery\build\windows10\CMakeFiles\1c7fbe110a62b3d98f8e2c4d71be8ec6\osquery_extensions.cpp.rule">
      <Filter>CMake Rules</Filter>
    </CustomBuild>
    <CustomBuild Include="C:\Users\preet\Desktop\pe-sieve\osquery-plgx-extension\osquery\build\windows10\CMakeFiles\1c7fbe110a62b3d98f8e2c4d71be8ec6\osquery_flags.cpp.rule">
      <Filter>CMake Rules</Filter>
    </CustomBuild>
    <CustomBuild Include="C:\Users\preet\Desktop\pe-sieve\osquery-plgx-extension\osquery\build\windows10\CMakeFiles\1c7fbe110a62b3d98f8e2c4d71be8ec6\osquery_info.cpp.rule">
      <Filter>CMake Rules</Filter>
    </CustomBuild>
    <CustomBuild Include="C:\Users\preet\Desktop\pe-sieve\osquery-plgx-extension\osquery\build\windows10\CMakeFiles\1c7fbe110a62b3d98f8e2c4d71be8ec6\osquery_packs.cpp.rule">
      <Filter>CMake Rules</Filter>
    </CustomBuild>
    <CustomBuild Include="C:\Users\preet\Desktop\pe-sieve\osquery-plgx-extension\osquery\build\windows10\CMakeFiles\1c7fbe110a62b3d98f8e2c4d71be8ec6\osquery_registry.cpp.rule">
      <Filter>CMake Rules</Filter>
    </CustomBuild>
    <CustomBuild Include="C:\Users\preet\Desktop\pe-sieve\osquery-plgx-extension\osquery\build\windows10\CMakeFiles\1c7fbe110a62b3d98f8e2c4d71be8ec6\osquery_schedule.cpp.rule">
      <Filter>CMake Rules</Filter>
    </CustomBuild>
    <CustomBuild Include="C:\Users\preet\Desktop\pe-sieve\osquery-plgx-extension\osquery\build\windows10\CMakeFiles\1c7fbe110a62b3d98f8e2c4d71be8ec6\time.cpp.rule">
      <Filter>CMake Rules</Filter>
    </CustomBuild>
    <CustomBuild Include="C:\Users\preet\Desktop\pe-sieve\osquery-plgx-extension\osquery\build\windows10\CMakeFiles\6af44d06375ed5bb9cbb02075f1eb763\utils_amalgamation.cpp.rule">
      <Filter>CMake Rules</Filter>
    </CustomBuild>
  </ItemGroup>
  <ItemGroup>
    <Filter Include="Source Files">
      <UniqueIdentifier>{55AED2C9-7DD0-30EF-8480-E5BA837C2E38}</UniqueIdentifier>
    </Filter>
    <Filter Include="CMake Rules">
      <UniqueIdentifier>{D7F7290A-855A-365D-8382-C2D120D88F64}</UniqueIdentifier>
    </Filter>
  </ItemGroup>
</Project>
