<?xml version="1.0" encoding="UTF-8"?>
<Project ToolsVersion="14.0" xmlns="http://schemas.microsoft.com/developer/msbuild/2003">
  <ItemGroup>
    <ClCompile Include="C:\Users\preet\Desktop\pe-sieve\osquery-plgx-extension\osquery\build\windows10\generated\additional_amalgamation.cpp">
      <Filter>Source Files</Filter>
    </ClCompile>
  </ItemGroup>
  <ItemGroup>
    <CustomBuild Include="C:\Users\preet\Desktop\pe-sieve\osquery-plgx-extension\osquery\osquery\CMakeLists.txt" />
    <CustomBuild Include="C:\Users\preet\Desktop\pe-sieve\osquery-plgx-extension\osquery\build\windows10\CMakeFiles\49a4b7fd81d598954e8dc3c1ede6a5b9\arp_cache.cpp.rule">
      <Filter>CMake Rules</Filter>
    </CustomBuild>
    <CustomBuild Include="C:\Users\preet\Desktop\pe-sieve\osquery-plgx-extension\osquery\build\windows10\CMakeFiles\49a4b7fd81d598954e8dc3c1ede6a5b9\carbon_black_info.cpp.rule">
      <Filter>CMake Rules</Filter>
    </CustomBuild>
    <CustomBuild Include="C:\Users\preet\Desktop\pe-sieve\osquery-plgx-extension\osquery\build\windows10\CMakeFiles\49a4b7fd81d598954e8dc3c1ede6a5b9\carves.cpp.rule">
      <Filter>CMake Rules</Filter>
    </CustomBuild>
    <CustomBuild Include="C:\Users\preet\Desktop\pe-sieve\osquery-plgx-extension\osquery\build\windows10\CMakeFiles\49a4b7fd81d598954e8dc3c1ede6a5b9\chrome_extensions.cpp.rule">
      <Filter>CMake Rules</Filter>
    </CustomBuild>
    <CustomBuild Include="C:\Users\preet\Desktop\pe-sieve\osquery-plgx-extension\osquery\build\windows10\CMakeFiles\49a4b7fd81d598954e8dc3c1ede6a5b9\cpuid.cpp.rule">
      <Filter>CMake Rules</Filter>
    </CustomBuild>
    <CustomBuild Include="C:\Users\preet\Desktop\pe-sieve\osquery-plgx-extension\osquery\build\windows10\CMakeFiles\49a4b7fd81d598954e8dc3c1ede6a5b9\curl.cpp.rule">
      <Filter>CMake Rules</Filter>
    </CustomBuild>
    <CustomBuild Include="C:\Users\preet\Desktop\pe-sieve\osquery-plgx-extension\osquery\build\windows10\CMakeFiles\49a4b7fd81d598954e8dc3c1ede6a5b9\curl_certificate.cpp.rule">
      <Filter>CMake Rules</Filter>
    </CustomBuild>
    <CustomBuild Include="C:\Users\preet\Desktop\pe-sieve\osquery-plgx-extension\osquery\build\windows10\CMakeFiles\49a4b7fd81d598954e8dc3c1ede6a5b9\etc_hosts.cpp.rule">
      <Filter>CMake Rules</Filter>
    </CustomBuild>
    <CustomBuild Include="C:\Users\preet\Desktop\pe-sieve\osquery-plgx-extension\osquery\build\windows10\CMakeFiles\49a4b7fd81d598954e8dc3c1ede6a5b9\etc_protocols.cpp.rule">
      <Filter>CMake Rules</Filter>
    </CustomBuild>
    <CustomBuild Include="C:\Users\preet\Desktop\pe-sieve\osquery-plgx-extension\osquery\build\windows10\CMakeFiles\49a4b7fd81d598954e8dc3c1ede6a5b9\etc_services.cpp.rule">
      <Filter>CMake Rules</Filter>
    </CustomBuild>
    <CustomBuild Include="C:\Users\preet\Desktop\pe-sieve\osquery-plgx-extension\osquery\build\windows10\CMakeFiles\49a4b7fd81d598954e8dc3c1ede6a5b9\example.cpp.rule">
      <Filter>CMake Rules</Filter>
    </CustomBuild>
    <CustomBuild Include="C:\Users\preet\Desktop\pe-sieve\osquery-plgx-extension\osquery\build\windows10\CMakeFiles\49a4b7fd81d598954e8dc3c1ede6a5b9\groups.cpp.rule">
      <Filter>CMake Rules</Filter>
    </CustomBuild>
    <CustomBuild Include="C:\Users\preet\Desktop\pe-sieve\osquery-plgx-extension\osquery\build\windows10\CMakeFiles\49a4b7fd81d598954e8dc3c1ede6a5b9\hash.cpp.rule">
      <Filter>CMake Rules</Filter>
    </CustomBuild>
    <CustomBuild Include="C:\Users\preet\Desktop\pe-sieve\osquery-plgx-extension\osquery\build\windows10\CMakeFiles\49a4b7fd81d598954e8dc3c1ede6a5b9\interface_addresses.cpp.rule">
      <Filter>CMake Rules</Filter>
    </CustomBuild>
    <CustomBuild Include="C:\Users\preet\Desktop\pe-sieve\osquery-plgx-extension\osquery\build\windows10\CMakeFiles\49a4b7fd81d598954e8dc3c1ede6a5b9\interface_details.cpp.rule">
      <Filter>CMake Rules</Filter>
    </CustomBuild>
    <CustomBuild Include="C:\Users\preet\Desktop\pe-sieve\osquery-plgx-extension\osquery\build\windows10\CMakeFiles\49a4b7fd81d598954e8dc3c1ede6a5b9\kernel_info.cpp.rule">
      <Filter>CMake Rules</Filter>
    </CustomBuild>
    <CustomBuild Include="C:\Users\preet\Desktop\pe-sieve\osquery-plgx-extension\osquery\build\windows10\CMakeFiles\49a4b7fd81d598954e8dc3c1ede6a5b9\listening_ports.cpp.rule">
      <Filter>CMake Rules</Filter>
    </CustomBuild>
    <CustomBuild Include="C:\Users\preet\Desktop\pe-sieve\osquery-plgx-extension\osquery\build\windows10\CMakeFiles\49a4b7fd81d598954e8dc3c1ede6a5b9\logged_in_users.cpp.rule">
      <Filter>CMake Rules</Filter>
    </CustomBuild>
    <CustomBuild Include="C:\Users\preet\Desktop\pe-sieve\osquery-plgx-extension\osquery\build\windows10\CMakeFiles\49a4b7fd81d598954e8dc3c1ede6a5b9\os_version.cpp.rule">
      <Filter>CMake Rules</Filter>
    </CustomBuild>
    <CustomBuild Include="C:\Users\preet\Desktop\pe-sieve\osquery-plgx-extension\osquery\build\windows10\CMakeFiles\49a4b7fd81d598954e8dc3c1ede6a5b9\platform_info.cpp.rule">
      <Filter>CMake Rules</Filter>
    </CustomBuild>
    <CustomBuild Include="C:\Users\preet\Desktop\pe-sieve\osquery-plgx-extension\osquery\build\windows10\CMakeFiles\49a4b7fd81d598954e8dc3c1ede6a5b9\process_memory_map.cpp.rule">
      <Filter>CMake Rules</Filter>
    </CustomBuild>
    <CustomBuild Include="C:\Users\preet\Desktop\pe-sieve\osquery-plgx-extension\osquery\build\windows10\CMakeFiles\49a4b7fd81d598954e8dc3c1ede6a5b9\process_open_sockets.cpp.rule">
      <Filter>CMake Rules</Filter>
    </CustomBuild>
    <CustomBuild Include="C:\Users\preet\Desktop\pe-sieve\osquery-plgx-extension\osquery\build\windows10\CMakeFiles\49a4b7fd81d598954e8dc3c1ede6a5b9\processes.cpp.rule">
      <Filter>CMake Rules</Filter>
    </CustomBuild>
    <CustomBuild Include="C:\Users\preet\Desktop\pe-sieve\osquery-plgx-extension\osquery\build\windows10\CMakeFiles\49a4b7fd81d598954e8dc3c1ede6a5b9\python_packages.cpp.rule">
      <Filter>CMake Rules</Filter>
    </CustomBuild>
    <CustomBuild Include="C:\Users\preet\Desktop\pe-sieve\osquery-plgx-extension\osquery\build\windows10\CMakeFiles\49a4b7fd81d598954e8dc3c1ede6a5b9\routes.cpp.rule">
      <Filter>CMake Rules</Filter>
    </CustomBuild>
    <CustomBuild Include="C:\Users\preet\Desktop\pe-sieve\osquery-plgx-extension\osquery\build\windows10\CMakeFiles\49a4b7fd81d598954e8dc3c1ede6a5b9\system_info.cpp.rule">
      <Filter>CMake Rules</Filter>
    </CustomBuild>
    <CustomBuild Include="C:\Users\preet\Desktop\pe-sieve\osquery-plgx-extension\osquery\build\windows10\CMakeFiles\49a4b7fd81d598954e8dc3c1ede6a5b9\uptime.cpp.rule">
      <Filter>CMake Rules</Filter>
    </CustomBuild>
    <CustomBuild Include="C:\Users\preet\Desktop\pe-sieve\osquery-plgx-extension\osquery\build\windows10\CMakeFiles\49a4b7fd81d598954e8dc3c1ede6a5b9\user_groups.cpp.rule">
      <Filter>CMake Rules</Filter>
    </CustomBuild>
    <CustomBuild Include="C:\Users\preet\Desktop\pe-sieve\osquery-plgx-extension\osquery\build\windows10\CMakeFiles\49a4b7fd81d598954e8dc3c1ede6a5b9\users.cpp.rule">
      <Filter>CMake Rules</Filter>
    </CustomBuild>
    <CustomBuild Include="C:\Users\preet\Desktop\pe-sieve\osquery-plgx-extension\osquery\build\windows10\CMakeFiles\49a4b7fd81d598954e8dc3c1ede6a5b9\intel_me_info.cpp.rule">
      <Filter>CMake Rules</Filter>
    </CustomBuild>
    <CustomBuild Include="C:\Users\preet\Desktop\pe-sieve\osquery-plgx-extension\osquery\build\windows10\CMakeFiles\49a4b7fd81d598954e8dc3c1ede6a5b9\certificates.cpp.rule">
      <Filter>CMake Rules</Filter>
    </CustomBuild>
    <CustomBuild Include="C:\Users\preet\Desktop\pe-sieve\osquery-plgx-extension\osquery\build\windows10\CMakeFiles\49a4b7fd81d598954e8dc3c1ede6a5b9\startup_items.cpp.rule">
      <Filter>CMake Rules</Filter>
    </CustomBuild>
    <CustomBuild Include="C:\Users\preet\Desktop\pe-sieve\osquery-plgx-extension\osquery\build\windows10\CMakeFiles\49a4b7fd81d598954e8dc3c1ede6a5b9\appcompat_shims.cpp.rule">
      <Filter>CMake Rules</Filter>
    </CustomBuild>
    <CustomBuild Include="C:\Users\preet\Desktop\pe-sieve\osquery-plgx-extension\osquery\build\windows10\CMakeFiles\49a4b7fd81d598954e8dc3c1ede6a5b9\authenticode.cpp.rule">
      <Filter>CMake Rules</Filter>
    </CustomBuild>
    <CustomBuild Include="C:\Users\preet\Desktop\pe-sieve\osquery-plgx-extension\osquery\build\windows10\CMakeFiles\49a4b7fd81d598954e8dc3c1ede6a5b9\autoexec.cpp.rule">
      <Filter>CMake Rules</Filter>
    </CustomBuild>
    <CustomBuild Include="C:\Users\preet\Desktop\pe-sieve\osquery-plgx-extension\osquery\build\windows10\CMakeFiles\49a4b7fd81d598954e8dc3c1ede6a5b9\bitlocker_info.cpp.rule">
      <Filter>CMake Rules</Filter>
    </CustomBuild>
    <CustomBuild Include="C:\Users\preet\Desktop\pe-sieve\osquery-plgx-extension\osquery\build\windows10\CMakeFiles\49a4b7fd81d598954e8dc3c1ede6a5b9\chocolatey_packages.cpp.rule">
      <Filter>CMake Rules</Filter>
    </CustomBuild>
    <CustomBuild Include="C:\Users\preet\Desktop\pe-sieve\osquery-plgx-extension\osquery\build\windows10\CMakeFiles\49a4b7fd81d598954e8dc3c1ede6a5b9\disk_info.cpp.rule">
      <Filter>CMake Rules</Filter>
    </CustomBuild>
    <CustomBuild Include="C:\Users\preet\Desktop\pe-sieve\osquery-plgx-extension\osquery\build\windows10\CMakeFiles\49a4b7fd81d598954e8dc3c1ede6a5b9\drivers.cpp.rule">
      <Filter>CMake Rules</Filter>
    </CustomBuild>
    <CustomBuild Include="C:\Users\preet\Desktop\pe-sieve\osquery-plgx-extension\osquery\build\windows10\CMakeFiles\49a4b7fd81d598954e8dc3c1ede6a5b9\ie_extensions.cpp.rule">
      <Filter>CMake Rules</Filter>
    </CustomBuild>
    <CustomBuild Include="C:\Users\preet\Desktop\pe-sieve\osquery-plgx-extension\osquery\build\windows10\CMakeFiles\49a4b7fd81d598954e8dc3c1ede6a5b9\kva_speculative_info.cpp.rule">
      <Filter>CMake Rules</Filter>
    </CustomBuild>
    <CustomBuild Include="C:\Users\preet\Desktop\pe-sieve\osquery-plgx-extension\osquery\build\windows10\CMakeFiles\49a4b7fd81d598954e8dc3c1ede6a5b9\logical_drives.cpp.rule">
      <Filter>CMake Rules</Filter>
    </CustomBuild>
    <CustomBuild Include="C:\Users\preet\Desktop\pe-sieve\osquery-plgx-extension\osquery\build\windows10\CMakeFiles\49a4b7fd81d598954e8dc3c1ede6a5b9\patches.cpp.rule">
      <Filter>CMake Rules</Filter>
    </CustomBuild>
    <CustomBuild Include="C:\Users\preet\Desktop\pe-sieve\osquery-plgx-extension\osquery\build\windows10\CMakeFiles\49a4b7fd81d598954e8dc3c1ede6a5b9\physical_disk_performance.cpp.rule">
      <Filter>CMake Rules</Filter>
    </CustomBuild>
    <CustomBuild Include="C:\Users\preet\Desktop\pe-sieve\osquery-plgx-extension\osquery\build\windows10\CMakeFiles\49a4b7fd81d598954e8dc3c1ede6a5b9\pipes.cpp.rule">
      <Filter>CMake Rules</Filter>
    </CustomBuild>
    <CustomBuild Include="C:\Users\preet\Desktop\pe-sieve\osquery-plgx-extension\osquery\build\windows10\CMakeFiles\49a4b7fd81d598954e8dc3c1ede6a5b9\powershell_events.cpp.rule">
      <Filter>CMake Rules</Filter>
    </CustomBuild>
    <CustomBuild Include="C:\Users\preet\Desktop\pe-sieve\osquery-plgx-extension\osquery\build\windows10\CMakeFiles\49a4b7fd81d598954e8dc3c1ede6a5b9\programs.cpp.rule">
      <Filter>CMake Rules</Filter>
    </CustomBuild>
    <CustomBuild Include="C:\Users\preet\Desktop\pe-sieve\osquery-plgx-extension\osquery\build\windows10\CMakeFiles\49a4b7fd81d598954e8dc3c1ede6a5b9\registry.cpp.rule">
      <Filter>CMake Rules</Filter>
    </CustomBuild>
    <CustomBuild Include="C:\Users\preet\Desktop\pe-sieve\osquery-plgx-extension\osquery\build\windows10\CMakeFiles\49a4b7fd81d598954e8dc3c1ede6a5b9\scheduled_tasks.cpp.rule">
      <Filter>CMake Rules</Filter>
    </CustomBuild>
    <CustomBuild Include="C:\Users\preet\Desktop\pe-sieve\osquery-plgx-extension\osquery\build\windows10\CMakeFiles\49a4b7fd81d598954e8dc3c1ede6a5b9\services.cpp.rule">
      <Filter>CMake Rules</Filter>
    </CustomBuild>
    <CustomBuild Include="C:\Users\preet\Desktop\pe-sieve\osquery-plgx-extension\osquery\build\windows10\CMakeFiles\49a4b7fd81d598954e8dc3c1ede6a5b9\shared_resources.cpp.rule">
      <Filter>CMake Rules</Filter>
    </CustomBuild>
    <CustomBuild Include="C:\Users\preet\Desktop\pe-sieve\osquery-plgx-extension\osquery\build\windows10\CMakeFiles\49a4b7fd81d598954e8dc3c1ede6a5b9\video_info.cpp.rule">
      <Filter>CMake Rules</Filter>
    </CustomBuild>
    <CustomBuild Include="C:\Users\preet\Desktop\pe-sieve\osquery-plgx-extension\osquery\build\windows10\CMakeFiles\49a4b7fd81d598954e8dc3c1ede6a5b9\windows_crashes.cpp.rule">
      <Filter>CMake Rules</Filter>
    </CustomBuild>
    <CustomBuild Include="C:\Users\preet\Desktop\pe-sieve\osquery-plgx-extension\osquery\build\windows10\CMakeFiles\49a4b7fd81d598954e8dc3c1ede6a5b9\windows_events.cpp.rule">
      <Filter>CMake Rules</Filter>
    </CustomBuild>
    <CustomBuild Include="C:\Users\preet\Desktop\pe-sieve\osquery-plgx-extension\osquery\build\windows10\CMakeFiles\49a4b7fd81d598954e8dc3c1ede6a5b9\wmi_bios_info.cpp.rule">
      <Filter>CMake Rules</Filter>
    </CustomBuild>
    <CustomBuild Include="C:\Users\preet\Desktop\pe-sieve\osquery-plgx-extension\osquery\build\windows10\CMakeFiles\49a4b7fd81d598954e8dc3c1ede6a5b9\wmi_cli_event_consumers.cpp.rule">
      <Filter>CMake Rules</Filter>
    </CustomBuild>
    <CustomBuild Include="C:\Users\preet\Desktop\pe-sieve\osquery-plgx-extension\osquery\build\windows10\CMakeFiles\49a4b7fd81d598954e8dc3c1ede6a5b9\wmi_event_filters.cpp.rule">
      <Filter>CMake Rules</Filter>
    </CustomBuild>
    <CustomBuild Include="C:\Users\preet\Desktop\pe-sieve\osquery-plgx-extension\osquery\build\windows10\CMakeFiles\49a4b7fd81d598954e8dc3c1ede6a5b9\wmi_filter_consumer_binding.cpp.rule">
      <Filter>CMake Rules</Filter>
    </CustomBuild>
    <CustomBuild Include="C:\Users\preet\Desktop\pe-sieve\osquery-plgx-extension\osquery\build\windows10\CMakeFiles\49a4b7fd81d598954e8dc3c1ede6a5b9\wmi_script_event_consumers.cpp.rule">
      <Filter>CMake Rules</Filter>
    </CustomBuild>
    <CustomBuild Include="C:\Users\preet\Desktop\pe-sieve\osquery-plgx-extension\osquery\build\windows10\CMakeFiles\6af44d06375ed5bb9cbb02075f1eb763\additional_amalgamation.cpp.rule">
      <Filter>CMake Rules</Filter>
    </CustomBuild>
  </ItemGroup>
  <ItemGroup>
    <Filter Include="Source Files">
      <UniqueIdentifier>{55AED2C9-7DD0-30EF-8480-E5BA837C2E38}</UniqueIdentifier>
    </Filter>
    <Filter Include="CMake Rules">
      <UniqueIdentifier>{D7F7290A-855A-365D-8382-C2D120D88F64}</UniqueIdentifier>
    </Filter>
  </ItemGroup>
</Project>
