<?xml version="1.0" encoding="UTF-8"?>
<Project ToolsVersion="14.0" xmlns="http://schemas.microsoft.com/developer/msbuild/2003">
  <ItemGroup>
    <ClCompile Include="C:\Users\preet\Desktop\pe-sieve\osquery-plgx-extension\osquery\build\windows10\generated\gen-cpp\Extension.cpp">
      <Filter>Source Files</Filter>
    </ClCompile>
    <ClCompile Include="C:\Users\preet\Desktop\pe-sieve\osquery-plgx-extension\osquery\build\windows10\generated\gen-cpp\ExtensionManager.cpp">
      <Filter>Source Files</Filter>
    </ClCompile>
    <ClCompile Include="C:\Users\preet\Desktop\pe-sieve\osquery-plgx-extension\osquery\build\windows10\generated\gen-cpp\osquery_types.cpp">
      <Filter>Source Files</Filter>
    </ClCompile>
    <ClCompile Include="C:\Users\preet\Desktop\pe-sieve\osquery-plgx-extension\osquery\osquery\extensions\impl_thrift.cpp">
      <Filter>Source Files</Filter>
    </ClCompile>
    <ClCompile Include="C:\Users\preet\Desktop\pe-sieve\osquery-plgx-extension\osquery\osquery\extensions\extensions.cpp">
      <Filter>Source Files</Filter>
    </ClCompile>
    <ClCompile Include="C:\Users\preet\Desktop\pe-sieve\osquery-plgx-extension\osquery\osquery\extensions\interface.cpp">
      <Filter>Source Files</Filter>
    </ClCompile>
  </ItemGroup>
  <ItemGroup>
    <ClInclude Include="C:\Users\preet\Desktop\pe-sieve\osquery-plgx-extension\osquery\build\windows10\generated\gen-cpp\Extension.h">
      <Filter>Header Files</Filter>
    </ClInclude>
    <ClInclude Include="C:\Users\preet\Desktop\pe-sieve\osquery-plgx-extension\osquery\build\windows10\generated\gen-cpp\ExtensionManager.h">
      <Filter>Header Files</Filter>
    </ClInclude>
    <ClInclude Include="C:\Users\preet\Desktop\pe-sieve\osquery-plgx-extension\osquery\build\windows10\generated\gen-cpp\osquery_types.h">
      <Filter>Header Files</Filter>
    </ClInclude>
  </ItemGroup>
  <ItemGroup>
    <CustomBuild Include="C:\Users\preet\Desktop\pe-sieve\osquery-plgx-extension\osquery\osquery\extensions\CMakeLists.txt" />
    <CustomBuild Include="C:\Users\preet\Desktop\pe-sieve\osquery-plgx-extension\osquery\build\windows10\CMakeFiles\6ea7cde93edab0656001b5488f60b251\Extension.cpp.rule">
      <Filter>CMake Rules</Filter>
    </CustomBuild>
  </ItemGroup>
  <ItemGroup>
    <Filter Include="Source Files">
      <UniqueIdentifier>{55AED2C9-7DD0-30EF-8480-E5BA837C2E38}</UniqueIdentifier>
    </Filter>
    <Filter Include="Header Files">
      <UniqueIdentifier>{A53205AA-2CB7-344F-9398-EEFB46908498}</UniqueIdentifier>
    </Filter>
    <Filter Include="CMake Rules">
      <UniqueIdentifier>{D7F7290A-855A-365D-8382-C2D120D88F64}</UniqueIdentifier>
    </Filter>
  </ItemGroup>
</Project>
