Microsoft Visual Studio Solution File, Format Version 12.00
# Visual Studio 14
Project("{8BC9CEB8-8B4A-11D0-8D11-00A0C91BC942}") = "ALL_BUILD", "ALL_BUILD.vcxproj", "{02125EBC-E2C9-3CBC-9382-DA1C12562A57}"
	ProjectSection(ProjectDependencies) = postProject
		{0908F651-19F5-385B-B261-AE36FC100455} = {0908F651-19F5-385B-B261-AE36FC100455}
		{D9F776C3-DB68-38DE-9088-9D6ECD3A97F6} = {D9F776C3-DB68-38DE-9088-9D6ECD3A97F6}
		{3DB5167F-AFF9-3603-BFD8-712097671090} = {3DB5167F-AFF9-3603-BFD8-712097671090}
		{672F7C9B-4DCD-3A18-A645-C903E1A8D724} = {672F7C9B-4DCD-3A18-A645-C903E1A8D724}
		{17978591-09F5-3067-84E9-B6402C1B950E} = {17978591-09F5-3067-84E9-B6402C1B950E}
	EndProjectSection
EndProject
Project("{8BC9CEB8-8B4A-11D0-8D11-00A0C91BC942}") = "INSTALL", "INSTALL.vcxproj", "{AC976385-00EA-3CF5-A1D5-7DA6DD40342F}"
	ProjectSection(ProjectDependencies) = postProject
		{02125EBC-E2C9-3CBC-9382-DA1C12562A57} = {02125EBC-E2C9-3CBC-9382-DA1C12562A57}
		{0908F651-19F5-385B-B261-AE36FC100455} = {0908F651-19F5-385B-B261-AE36FC100455}
	EndProjectSection
EndProject
Project("{8BC9CEB8-8B4A-11D0-8D11-00A0C91BC942}") = "RUN_TESTS", "RUN_TESTS.vcxproj", "{FDDA08F2-E671-305C-9750-03A87E49E19C}"
	ProjectSection(ProjectDependencies) = postProject
		{0908F651-19F5-385B-B261-AE36FC100455} = {0908F651-19F5-385B-B261-AE36FC100455}
	EndProjectSection
EndProject
Project("{8BC9CEB8-8B4A-11D0-8D11-00A0C91BC942}") = "ZERO_CHECK", "ZERO_CHECK.vcxproj", "{0908F651-19F5-385B-B261-AE36FC100455}"
	ProjectSection(ProjectDependencies) = postProject
	EndProjectSection
EndProject
Project("{8BC9CEB8-8B4A-11D0-8D11-00A0C91BC942}") = "example", "example.vcxproj", "{D9F776C3-DB68-38DE-9088-9D6ECD3A97F6}"
	ProjectSection(ProjectDependencies) = postProject
		{0908F651-19F5-385B-B261-AE36FC100455} = {0908F651-19F5-385B-B261-AE36FC100455}
		{672F7C9B-4DCD-3A18-A645-C903E1A8D724} = {672F7C9B-4DCD-3A18-A645-C903E1A8D724}
	EndProjectSection
EndProject
Project("{8BC9CEB8-8B4A-11D0-8D11-00A0C91BC942}") = "minigzip", "minigzip.vcxproj", "{3DB5167F-AFF9-3603-BFD8-712097671090}"
	ProjectSection(ProjectDependencies) = postProject
		{0908F651-19F5-385B-B261-AE36FC100455} = {0908F651-19F5-385B-B261-AE36FC100455}
		{672F7C9B-4DCD-3A18-A645-C903E1A8D724} = {672F7C9B-4DCD-3A18-A645-C903E1A8D724}
	EndProjectSection
EndProject
Project("{8BC9CEB8-8B4A-11D0-8D11-00A0C91BC942}") = "zlib", "zlib.vcxproj", "{672F7C9B-4DCD-3A18-A645-C903E1A8D724}"
	ProjectSection(ProjectDependencies) = postProject
		{0908F651-19F5-385B-B261-AE36FC100455} = {0908F651-19F5-385B-B261-AE36FC100455}
	EndProjectSection
EndProject
Project("{8BC9CEB8-8B4A-11D0-8D11-00A0C91BC942}") = "zlibstatic", "zlibstatic.vcxproj", "{17978591-09F5-3067-84E9-B6402C1B950E}"
	ProjectSection(ProjectDependencies) = postProject
		{0908F651-19F5-385B-B261-AE36FC100455} = {0908F651-19F5-385B-B261-AE36FC100455}
	EndProjectSection
EndProject
Global
	GlobalSection(SolutionConfigurationPlatforms) = preSolution
		Debug|Win32 = Debug|Win32
		Release|Win32 = Release|Win32
		MinSizeRel|Win32 = MinSizeRel|Win32
		RelWithDebInfo|Win32 = RelWithDebInfo|Win32
	EndGlobalSection
	GlobalSection(ProjectConfigurationPlatforms) = postSolution
		{02125EBC-E2C9-3CBC-9382-DA1C12562A57}.Debug|Win32.ActiveCfg = Debug|Win32
		{02125EBC-E2C9-3CBC-9382-DA1C12562A57}.Debug|Win32.Build.0 = Debug|Win32
		{02125EBC-E2C9-3CBC-9382-DA1C12562A57}.Release|Win32.ActiveCfg = Release|Win32
		{02125EBC-E2C9-3CBC-9382-DA1C12562A57}.Release|Win32.Build.0 = Release|Win32
		{02125EBC-E2C9-3CBC-9382-DA1C12562A57}.MinSizeRel|Win32.ActiveCfg = MinSizeRel|Win32
		{02125EBC-E2C9-3CBC-9382-DA1C12562A57}.MinSizeRel|Win32.Build.0 = MinSizeRel|Win32
		{02125EBC-E2C9-3CBC-9382-DA1C12562A57}.RelWithDebInfo|Win32.ActiveCfg = RelWithDebInfo|Win32
		{02125EBC-E2C9-3CBC-9382-DA1C12562A57}.RelWithDebInfo|Win32.Build.0 = RelWithDebInfo|Win32
		{AC976385-00EA-3CF5-A1D5-7DA6DD40342F}.Debug|Win32.ActiveCfg = Debug|Win32
		{AC976385-00EA-3CF5-A1D5-7DA6DD40342F}.Release|Win32.ActiveCfg = Release|Win32
		{AC976385-00EA-3CF5-A1D5-7DA6DD40342F}.MinSizeRel|Win32.ActiveCfg = MinSizeRel|Win32
		{AC976385-00EA-3CF5-A1D5-7DA6DD40342F}.RelWithDebInfo|Win32.ActiveCfg = RelWithDebInfo|Win32
		{FDDA08F2-E671-305C-9750-03A87E49E19C}.Debug|Win32.ActiveCfg = Debug|Win32
		{FDDA08F2-E671-305C-9750-03A87E49E19C}.Release|Win32.ActiveCfg = Release|Win32
		{FDDA08F2-E671-305C-9750-03A87E49E19C}.MinSizeRel|Win32.ActiveCfg = MinSizeRel|Win32
		{FDDA08F2-E671-305C-9750-03A87E49E19C}.RelWithDebInfo|Win32.ActiveCfg = RelWithDebInfo|Win32
		{0908F651-19F5-385B-B261-AE36FC100455}.Debug|Win32.ActiveCfg = Debug|Win32
		{0908F651-19F5-385B-B261-AE36FC100455}.Debug|Win32.Build.0 = Debug|Win32
		{0908F651-19F5-385B-B261-AE36FC100455}.Release|Win32.ActiveCfg = Release|Win32
		{0908F651-19F5-385B-B261-AE36FC100455}.Release|Win32.Build.0 = Release|Win32
		{0908F651-19F5-385B-B261-AE36FC100455}.MinSizeRel|Win32.ActiveCfg = MinSizeRel|Win32
		{0908F651-19F5-385B-B261-AE36FC100455}.MinSizeRel|Win32.Build.0 = MinSizeRel|Win32
		{0908F651-19F5-385B-B261-AE36FC100455}.RelWithDebInfo|Win32.ActiveCfg = RelWithDebInfo|Win32
		{0908F651-19F5-385B-B261-AE36FC100455}.RelWithDebInfo|Win32.Build.0 = RelWithDebInfo|Win32
		{D9F776C3-DB68-38DE-9088-9D6ECD3A97F6}.Debug|Win32.ActiveCfg = Debug|Win32
		{D9F776C3-DB68-38DE-9088-9D6ECD3A97F6}.Debug|Win32.Build.0 = Debug|Win32
		{D9F776C3-DB68-38DE-9088-9D6ECD3A97F6}.Release|Win32.ActiveCfg = Release|Win32
		{D9F776C3-DB68-38DE-9088-9D6ECD3A97F6}.Release|Win32.Build.0 = Release|Win32
		{D9F776C3-DB68-38DE-9088-9D6ECD3A97F6}.MinSizeRel|Win32.ActiveCfg = MinSizeRel|Win32
		{D9F776C3-DB68-38DE-9088-9D6ECD3A97F6}.MinSizeRel|Win32.Build.0 = MinSizeRel|Win32
		{D9F776C3-DB68-38DE-9088-9D6ECD3A97F6}.RelWithDebInfo|Win32.ActiveCfg = RelWithDebInfo|Win32
		{D9F776C3-DB68-38DE-9088-9D6ECD3A97F6}.RelWithDebInfo|Win32.Build.0 = RelWithDebInfo|Win32
		{3DB5167F-AFF9-3603-BFD8-712097671090}.Debug|Win32.ActiveCfg = Debug|Win32
		{3DB5167F-AFF9-3603-BFD8-712097671090}.Debug|Win32.Build.0 = Debug|Win32
		{3DB5167F-AFF9-3603-BFD8-712097671090}.Release|Win32.ActiveCfg = Release|Win32
		{3DB5167F-AFF9-3603-BFD8-712097671090}.Release|Win32.Build.0 = Release|Win32
		{3DB5167F-AFF9-3603-BFD8-712097671090}.MinSizeRel|Win32.ActiveCfg = MinSizeRel|Win32
		{3DB5167F-AFF9-3603-BFD8-712097671090}.MinSizeRel|Win32.Build.0 = MinSizeRel|Win32
		{3DB5167F-AFF9-3603-BFD8-712097671090}.RelWithDebInfo|Win32.ActiveCfg = RelWithDebInfo|Win32
		{3DB5167F-AFF9-3603-BFD8-712097671090}.RelWithDebInfo|Win32.Build.0 = RelWithDebInfo|Win32
		{672F7C9B-4DCD-3A18-A645-C903E1A8D724}.Debug|Win32.ActiveCfg = Debug|Win32
		{672F7C9B-4DCD-3A18-A645-C903E1A8D724}.Debug|Win32.Build.0 = Debug|Win32
		{672F7C9B-4DCD-3A18-A645-C903E1A8D724}.Release|Win32.ActiveCfg = Release|Win32
		{672F7C9B-4DCD-3A18-A645-C903E1A8D724}.Release|Win32.Build.0 = Release|Win32
		{672F7C9B-4DCD-3A18-A645-C903E1A8D724}.MinSizeRel|Win32.ActiveCfg = MinSizeRel|Win32
		{672F7C9B-4DCD-3A18-A645-C903E1A8D724}.MinSizeRel|Win32.Build.0 = MinSizeRel|Win32
		{672F7C9B-4DCD-3A18-A645-C903E1A8D724}.RelWithDebInfo|Win32.ActiveCfg = RelWithDebInfo|Win32
		{672F7C9B-4DCD-3A18-A645-C903E1A8D724}.RelWithDebInfo|Win32.Build.0 = RelWithDebInfo|Win32
		{17978591-09F5-3067-84E9-B6402C1B950E}.Debug|Win32.ActiveCfg = Debug|Win32
		{17978591-09F5-3067-84E9-B6402C1B950E}.Debug|Win32.Build.0 = Debug|Win32
		{17978591-09F5-3067-84E9-B6402C1B950E}.Release|Win32.ActiveCfg = Release|Win32
		{17978591-09F5-3067-84E9-B6402C1B950E}.Release|Win32.Build.0 = Release|Win32
		{17978591-09F5-3067-84E9-B6402C1B950E}.MinSizeRel|Win32.ActiveCfg = MinSizeRel|Win32
		{17978591-09F5-3067-84E9-B6402C1B950E}.MinSizeRel|Win32.Build.0 = MinSizeRel|Win32
		{17978591-09F5-3067-84E9-B6402C1B950E}.RelWithDebInfo|Win32.ActiveCfg = RelWithDebInfo|Win32
		{17978591-09F5-3067-84E9-B6402C1B950E}.RelWithDebInfo|Win32.Build.0 = RelWithDebInfo|Win32
	EndGlobalSection
	GlobalSection(ExtensibilityGlobals) = postSolution
		SolutionGuid = {1881A9C3-6761-335B-B3AE-3331B2164C42}
	EndGlobalSection
	GlobalSection(ExtensibilityAddIns) = postSolution
	EndGlobalSection
EndGlobal
