Microsoft Visual Studio Solution File, Format Version 12.00
# Visual Studio 14
Project("{8BC9CEB8-8B4A-11D0-8D11-00A0C91BC942}") = "ALL_BUILD", "ALL_BUILD.vcxproj", "{197B379C-5177-3E62-95B8-DDF8A3BA37DA}"
	ProjectSection(ProjectDependencies) = postProject
		{C279CF55-1B53-3995-8DCF-2F7848C7A97F} = {C279CF55-1B53-3995-8DCF-2F7848C7A97F}
		{EAA0477F-4FE2-364C-8886-C7734BA66114} = {EAA0477F-4FE2-364C-8886-C7734BA66114}
		{DC705A5A-DC2E-37B6-AF30-40061019CD0C} = {DC705A5A-DC2E-37B6-AF30-40061019CD0C}
		{F68C55DC-0F98-331A-9357-4D8217D3A023} = {F68C55DC-0F98-331A-9357-4D8217D3A023}
		{220F2379-9139-3D18-9DB2-8C6E7CAE9E9A} = {220F2379-9139-3D18-9DB2-8C6E7CAE9E9A}
		{1E966B31-4D0B-3B2B-BE74-943843BDEB60} = {1E966B31-4D0B-3B2B-BE74-943843BDEB60}
		{4FAF41D4-9C59-386C-BC2C-A8CA556D5354} = {4FAF41D4-9C59-386C-BC2C-A8CA556D5354}
		{1EAA032F-5F66-39D2-AC6E-A676C0BB862C} = {1EAA032F-5F66-39D2-AC6E-A676C0BB862C}
		{3F061569-E271-3AE4-A31D-67939E9FD935} = {3F061569-E271-3AE4-A31D-67939E9FD935}
		{5C969C92-C305-3227-A11B-81711A7AB0CB} = {5C969C92-C305-3227-A11B-81711A7AB0CB}
	EndProjectSection
EndProject
Project("{8BC9CEB8-8B4A-11D0-8D11-00A0C91BC942}") = "Continuous", "Continuous.vcxproj", "{F31F62C7-2029-3C35-9D15-17D6F70B9EFC}"
	ProjectSection(ProjectDependencies) = postProject
		{C279CF55-1B53-3995-8DCF-2F7848C7A97F} = {C279CF55-1B53-3995-8DCF-2F7848C7A97F}
	EndProjectSection
EndProject
Project("{8BC9CEB8-8B4A-11D0-8D11-00A0C91BC942}") = "Experimental", "Experimental.vcxproj", "{6EAC408C-830B-3A68-A657-4AA03E27AE95}"
	ProjectSection(ProjectDependencies) = postProject
		{C279CF55-1B53-3995-8DCF-2F7848C7A97F} = {C279CF55-1B53-3995-8DCF-2F7848C7A97F}
	EndProjectSection
EndProject
Project("{8BC9CEB8-8B4A-11D0-8D11-00A0C91BC942}") = "INSTALL", "INSTALL.vcxproj", "{44BCE380-1803-375C-9010-432DAB592734}"
	ProjectSection(ProjectDependencies) = postProject
		{197B379C-5177-3E62-95B8-DDF8A3BA37DA} = {197B379C-5177-3E62-95B8-DDF8A3BA37DA}
		{C279CF55-1B53-3995-8DCF-2F7848C7A97F} = {C279CF55-1B53-3995-8DCF-2F7848C7A97F}
	EndProjectSection
EndProject
Project("{8BC9CEB8-8B4A-11D0-8D11-00A0C91BC942}") = "Nightly", "Nightly.vcxproj", "{71FD7BC1-DDA5-3277-B4CF-AC1EB4C8798F}"
	ProjectSection(ProjectDependencies) = postProject
		{C279CF55-1B53-3995-8DCF-2F7848C7A97F} = {C279CF55-1B53-3995-8DCF-2F7848C7A97F}
	EndProjectSection
EndProject
Project("{8BC9CEB8-8B4A-11D0-8D11-00A0C91BC942}") = "NightlyMemoryCheck", "NightlyMemoryCheck.vcxproj", "{8C2AF8F8-6BD8-315A-956E-81A6BFD7DC3C}"
	ProjectSection(ProjectDependencies) = postProject
		{C279CF55-1B53-3995-8DCF-2F7848C7A97F} = {C279CF55-1B53-3995-8DCF-2F7848C7A97F}
	EndProjectSection
EndProject
Project("{8BC9CEB8-8B4A-11D0-8D11-00A0C91BC942}") = "RUN_TESTS", "RUN_TESTS.vcxproj", "{026DDF45-8A0C-30A3-9B99-AC31DE409268}"
	ProjectSection(ProjectDependencies) = postProject
		{C279CF55-1B53-3995-8DCF-2F7848C7A97F} = {C279CF55-1B53-3995-8DCF-2F7848C7A97F}
	EndProjectSection
EndProject
Project("{8BC9CEB8-8B4A-11D0-8D11-00A0C91BC942}") = "ZERO_CHECK", "ZERO_CHECK.vcxproj", "{C279CF55-1B53-3995-8DCF-2F7848C7A97F}"
	ProjectSection(ProjectDependencies) = postProject
	EndProjectSection
EndProject
Project("{8BC9CEB8-8B4A-11D0-8D11-00A0C91BC942}") = "archive", "libarchive\archive.vcxproj", "{EAA0477F-4FE2-364C-8886-C7734BA66114}"
	ProjectSection(ProjectDependencies) = postProject
		{C279CF55-1B53-3995-8DCF-2F7848C7A97F} = {C279CF55-1B53-3995-8DCF-2F7848C7A97F}
	EndProjectSection
EndProject
Project("{8BC9CEB8-8B4A-11D0-8D11-00A0C91BC942}") = "archive_static", "libarchive\archive_static.vcxproj", "{DC705A5A-DC2E-37B6-AF30-40061019CD0C}"
	ProjectSection(ProjectDependencies) = postProject
		{C279CF55-1B53-3995-8DCF-2F7848C7A97F} = {C279CF55-1B53-3995-8DCF-2F7848C7A97F}
	EndProjectSection
EndProject
Project("{8BC9CEB8-8B4A-11D0-8D11-00A0C91BC942}") = "bsdcat", "cat\bsdcat.vcxproj", "{F68C55DC-0F98-331A-9357-4D8217D3A023}"
	ProjectSection(ProjectDependencies) = postProject
		{C279CF55-1B53-3995-8DCF-2F7848C7A97F} = {C279CF55-1B53-3995-8DCF-2F7848C7A97F}
		{DC705A5A-DC2E-37B6-AF30-40061019CD0C} = {DC705A5A-DC2E-37B6-AF30-40061019CD0C}
	EndProjectSection
EndProject
Project("{8BC9CEB8-8B4A-11D0-8D11-00A0C91BC942}") = "bsdcat_test", "cat\test\bsdcat_test.vcxproj", "{220F2379-9139-3D18-9DB2-8C6E7CAE9E9A}"
	ProjectSection(ProjectDependencies) = postProject
		{C279CF55-1B53-3995-8DCF-2F7848C7A97F} = {C279CF55-1B53-3995-8DCF-2F7848C7A97F}
	EndProjectSection
EndProject
Project("{8BC9CEB8-8B4A-11D0-8D11-00A0C91BC942}") = "bsdcpio", "cpio\bsdcpio.vcxproj", "{1E966B31-4D0B-3B2B-BE74-943843BDEB60}"
	ProjectSection(ProjectDependencies) = postProject
		{C279CF55-1B53-3995-8DCF-2F7848C7A97F} = {C279CF55-1B53-3995-8DCF-2F7848C7A97F}
		{DC705A5A-DC2E-37B6-AF30-40061019CD0C} = {DC705A5A-DC2E-37B6-AF30-40061019CD0C}
	EndProjectSection
EndProject
Project("{8BC9CEB8-8B4A-11D0-8D11-00A0C91BC942}") = "bsdcpio_test", "cpio\test\bsdcpio_test.vcxproj", "{4FAF41D4-9C59-386C-BC2C-A8CA556D5354}"
	ProjectSection(ProjectDependencies) = postProject
		{C279CF55-1B53-3995-8DCF-2F7848C7A97F} = {C279CF55-1B53-3995-8DCF-2F7848C7A97F}
	EndProjectSection
EndProject
Project("{8BC9CEB8-8B4A-11D0-8D11-00A0C91BC942}") = "bsdtar", "tar\bsdtar.vcxproj", "{1EAA032F-5F66-39D2-AC6E-A676C0BB862C}"
	ProjectSection(ProjectDependencies) = postProject
		{C279CF55-1B53-3995-8DCF-2F7848C7A97F} = {C279CF55-1B53-3995-8DCF-2F7848C7A97F}
		{DC705A5A-DC2E-37B6-AF30-40061019CD0C} = {DC705A5A-DC2E-37B6-AF30-40061019CD0C}
	EndProjectSection
EndProject
Project("{8BC9CEB8-8B4A-11D0-8D11-00A0C91BC942}") = "bsdtar_test", "tar\test\bsdtar_test.vcxproj", "{3F061569-E271-3AE4-A31D-67939E9FD935}"
	ProjectSection(ProjectDependencies) = postProject
		{C279CF55-1B53-3995-8DCF-2F7848C7A97F} = {C279CF55-1B53-3995-8DCF-2F7848C7A97F}
	EndProjectSection
EndProject
Project("{8BC9CEB8-8B4A-11D0-8D11-00A0C91BC942}") = "libarchive_test", "libarchive\test\libarchive_test.vcxproj", "{5C969C92-C305-3227-A11B-81711A7AB0CB}"
	ProjectSection(ProjectDependencies) = postProject
		{C279CF55-1B53-3995-8DCF-2F7848C7A97F} = {C279CF55-1B53-3995-8DCF-2F7848C7A97F}
		{DC705A5A-DC2E-37B6-AF30-40061019CD0C} = {DC705A5A-DC2E-37B6-AF30-40061019CD0C}
	EndProjectSection
EndProject
Project("{8BC9CEB8-8B4A-11D0-8D11-00A0C91BC942}") = "run_all_tests", "run_all_tests.vcxproj", "{AEB54389-D6BD-3EDE-AE4B-2C767A66A47B}"
	ProjectSection(ProjectDependencies) = postProject
		{C279CF55-1B53-3995-8DCF-2F7848C7A97F} = {C279CF55-1B53-3995-8DCF-2F7848C7A97F}
		{FBEF5775-88E4-38A6-BF6C-E201D47514D7} = {FBEF5775-88E4-38A6-BF6C-E201D47514D7}
		{9F0161D6-EC32-3B27-8021-56F42FD440A4} = {9F0161D6-EC32-3B27-8021-56F42FD440A4}
		{ECE97D26-58F3-32C5-8D82-F14B1CBAC7EE} = {ECE97D26-58F3-32C5-8D82-F14B1CBAC7EE}
		{7075B231-5376-34C5-A708-848CA03C5108} = {7075B231-5376-34C5-A708-848CA03C5108}
	EndProjectSection
EndProject
Project("{8BC9CEB8-8B4A-11D0-8D11-00A0C91BC942}") = "run_bsdcat_test", "cat\test\run_bsdcat_test.vcxproj", "{FBEF5775-88E4-38A6-BF6C-E201D47514D7}"
	ProjectSection(ProjectDependencies) = postProject
		{C279CF55-1B53-3995-8DCF-2F7848C7A97F} = {C279CF55-1B53-3995-8DCF-2F7848C7A97F}
		{F68C55DC-0F98-331A-9357-4D8217D3A023} = {F68C55DC-0F98-331A-9357-4D8217D3A023}
		{220F2379-9139-3D18-9DB2-8C6E7CAE9E9A} = {220F2379-9139-3D18-9DB2-8C6E7CAE9E9A}
	EndProjectSection
EndProject
Project("{8BC9CEB8-8B4A-11D0-8D11-00A0C91BC942}") = "run_bsdcpio_test", "cpio\test\run_bsdcpio_test.vcxproj", "{9F0161D6-EC32-3B27-8021-56F42FD440A4}"
	ProjectSection(ProjectDependencies) = postProject
		{C279CF55-1B53-3995-8DCF-2F7848C7A97F} = {C279CF55-1B53-3995-8DCF-2F7848C7A97F}
		{1E966B31-4D0B-3B2B-BE74-943843BDEB60} = {1E966B31-4D0B-3B2B-BE74-943843BDEB60}
		{4FAF41D4-9C59-386C-BC2C-A8CA556D5354} = {4FAF41D4-9C59-386C-BC2C-A8CA556D5354}
	EndProjectSection
EndProject
Project("{8BC9CEB8-8B4A-11D0-8D11-00A0C91BC942}") = "run_bsdtar_test", "tar\test\run_bsdtar_test.vcxproj", "{ECE97D26-58F3-32C5-8D82-F14B1CBAC7EE}"
	ProjectSection(ProjectDependencies) = postProject
		{C279CF55-1B53-3995-8DCF-2F7848C7A97F} = {C279CF55-1B53-3995-8DCF-2F7848C7A97F}
		{1EAA032F-5F66-39D2-AC6E-A676C0BB862C} = {1EAA032F-5F66-39D2-AC6E-A676C0BB862C}
		{3F061569-E271-3AE4-A31D-67939E9FD935} = {3F061569-E271-3AE4-A31D-67939E9FD935}
	EndProjectSection
EndProject
Project("{8BC9CEB8-8B4A-11D0-8D11-00A0C91BC942}") = "run_libarchive_test", "libarchive\test\run_libarchive_test.vcxproj", "{7075B231-5376-34C5-A708-848CA03C5108}"
	ProjectSection(ProjectDependencies) = postProject
		{C279CF55-1B53-3995-8DCF-2F7848C7A97F} = {C279CF55-1B53-3995-8DCF-2F7848C7A97F}
		{5C969C92-C305-3227-A11B-81711A7AB0CB} = {5C969C92-C305-3227-A11B-81711A7AB0CB}
	EndProjectSection
EndProject
Global
	GlobalSection(SolutionConfigurationPlatforms) = preSolution
		Debug|Win32 = Debug|Win32
		Release|Win32 = Release|Win32
		MinSizeRel|Win32 = MinSizeRel|Win32
		RelWithDebInfo|Win32 = RelWithDebInfo|Win32
	EndGlobalSection
	GlobalSection(ProjectConfigurationPlatforms) = postSolution
		{197B379C-5177-3E62-95B8-DDF8A3BA37DA}.Debug|Win32.ActiveCfg = Debug|Win32
		{197B379C-5177-3E62-95B8-DDF8A3BA37DA}.Debug|Win32.Build.0 = Debug|Win32
		{197B379C-5177-3E62-95B8-DDF8A3BA37DA}.Release|Win32.ActiveCfg = Release|Win32
		{197B379C-5177-3E62-95B8-DDF8A3BA37DA}.Release|Win32.Build.0 = Release|Win32
		{197B379C-5177-3E62-95B8-DDF8A3BA37DA}.MinSizeRel|Win32.ActiveCfg = MinSizeRel|Win32
		{197B379C-5177-3E62-95B8-DDF8A3BA37DA}.MinSizeRel|Win32.Build.0 = MinSizeRel|Win32
		{197B379C-5177-3E62-95B8-DDF8A3BA37DA}.RelWithDebInfo|Win32.ActiveCfg = RelWithDebInfo|Win32
		{197B379C-5177-3E62-95B8-DDF8A3BA37DA}.RelWithDebInfo|Win32.Build.0 = RelWithDebInfo|Win32
		{F31F62C7-2029-3C35-9D15-17D6F70B9EFC}.Debug|Win32.ActiveCfg = Debug|Win32
		{F31F62C7-2029-3C35-9D15-17D6F70B9EFC}.Release|Win32.ActiveCfg = Release|Win32
		{F31F62C7-2029-3C35-9D15-17D6F70B9EFC}.MinSizeRel|Win32.ActiveCfg = MinSizeRel|Win32
		{F31F62C7-2029-3C35-9D15-17D6F70B9EFC}.RelWithDebInfo|Win32.ActiveCfg = RelWithDebInfo|Win32
		{6EAC408C-830B-3A68-A657-4AA03E27AE95}.Debug|Win32.ActiveCfg = Debug|Win32
		{6EAC408C-830B-3A68-A657-4AA03E27AE95}.Release|Win32.ActiveCfg = Release|Win32
		{6EAC408C-830B-3A68-A657-4AA03E27AE95}.MinSizeRel|Win32.ActiveCfg = MinSizeRel|Win32
		{6EAC408C-830B-3A68-A657-4AA03E27AE95}.RelWithDebInfo|Win32.ActiveCfg = RelWithDebInfo|Win32
		{44BCE380-1803-375C-9010-432DAB592734}.Debug|Win32.ActiveCfg = Debug|Win32
		{44BCE380-1803-375C-9010-432DAB592734}.Release|Win32.ActiveCfg = Release|Win32
		{44BCE380-1803-375C-9010-432DAB592734}.MinSizeRel|Win32.ActiveCfg = MinSizeRel|Win32
		{44BCE380-1803-375C-9010-432DAB592734}.RelWithDebInfo|Win32.ActiveCfg = RelWithDebInfo|Win32
		{71FD7BC1-DDA5-3277-B4CF-AC1EB4C8798F}.Debug|Win32.ActiveCfg = Debug|Win32
		{71FD7BC1-DDA5-3277-B4CF-AC1EB4C8798F}.Release|Win32.ActiveCfg = Release|Win32
		{71FD7BC1-DDA5-3277-B4CF-AC1EB4C8798F}.MinSizeRel|Win32.ActiveCfg = MinSizeRel|Win32
		{71FD7BC1-DDA5-3277-B4CF-AC1EB4C8798F}.RelWithDebInfo|Win32.ActiveCfg = RelWithDebInfo|Win32
		{8C2AF8F8-6BD8-315A-956E-81A6BFD7DC3C}.Debug|Win32.ActiveCfg = Debug|Win32
		{8C2AF8F8-6BD8-315A-956E-81A6BFD7DC3C}.Release|Win32.ActiveCfg = Release|Win32
		{8C2AF8F8-6BD8-315A-956E-81A6BFD7DC3C}.MinSizeRel|Win32.ActiveCfg = MinSizeRel|Win32
		{8C2AF8F8-6BD8-315A-956E-81A6BFD7DC3C}.RelWithDebInfo|Win32.ActiveCfg = RelWithDebInfo|Win32
		{026DDF45-8A0C-30A3-9B99-AC31DE409268}.Debug|Win32.ActiveCfg = Debug|Win32
		{026DDF45-8A0C-30A3-9B99-AC31DE409268}.Release|Win32.ActiveCfg = Release|Win32
		{026DDF45-8A0C-30A3-9B99-AC31DE409268}.MinSizeRel|Win32.ActiveCfg = MinSizeRel|Win32
		{026DDF45-8A0C-30A3-9B99-AC31DE409268}.RelWithDebInfo|Win32.ActiveCfg = RelWithDebInfo|Win32
		{C279CF55-1B53-3995-8DCF-2F7848C7A97F}.Debug|Win32.ActiveCfg = Debug|Win32
		{C279CF55-1B53-3995-8DCF-2F7848C7A97F}.Debug|Win32.Build.0 = Debug|Win32
		{C279CF55-1B53-3995-8DCF-2F7848C7A97F}.Release|Win32.ActiveCfg = Release|Win32
		{C279CF55-1B53-3995-8DCF-2F7848C7A97F}.Release|Win32.Build.0 = Release|Win32
		{C279CF55-1B53-3995-8DCF-2F7848C7A97F}.MinSizeRel|Win32.ActiveCfg = MinSizeRel|Win32
		{C279CF55-1B53-3995-8DCF-2F7848C7A97F}.MinSizeRel|Win32.Build.0 = MinSizeRel|Win32
		{C279CF55-1B53-3995-8DCF-2F7848C7A97F}.RelWithDebInfo|Win32.ActiveCfg = RelWithDebInfo|Win32
		{C279CF55-1B53-3995-8DCF-2F7848C7A97F}.RelWithDebInfo|Win32.Build.0 = RelWithDebInfo|Win32
		{EAA0477F-4FE2-364C-8886-C7734BA66114}.Debug|Win32.ActiveCfg = Debug|Win32
		{EAA0477F-4FE2-364C-8886-C7734BA66114}.Debug|Win32.Build.0 = Debug|Win32
		{EAA0477F-4FE2-364C-8886-C7734BA66114}.Release|Win32.ActiveCfg = Release|Win32
		{EAA0477F-4FE2-364C-8886-C7734BA66114}.Release|Win32.Build.0 = Release|Win32
		{EAA0477F-4FE2-364C-8886-C7734BA66114}.MinSizeRel|Win32.ActiveCfg = MinSizeRel|Win32
		{EAA0477F-4FE2-364C-8886-C7734BA66114}.MinSizeRel|Win32.Build.0 = MinSizeRel|Win32
		{EAA0477F-4FE2-364C-8886-C7734BA66114}.RelWithDebInfo|Win32.ActiveCfg = RelWithDebInfo|Win32
		{EAA0477F-4FE2-364C-8886-C7734BA66114}.RelWithDebInfo|Win32.Build.0 = RelWithDebInfo|Win32
		{DC705A5A-DC2E-37B6-AF30-40061019CD0C}.Debug|Win32.ActiveCfg = Debug|Win32
		{DC705A5A-DC2E-37B6-AF30-40061019CD0C}.Debug|Win32.Build.0 = Debug|Win32
		{DC705A5A-DC2E-37B6-AF30-40061019CD0C}.Release|Win32.ActiveCfg = Release|Win32
		{DC705A5A-DC2E-37B6-AF30-40061019CD0C}.Release|Win32.Build.0 = Release|Win32
		{DC705A5A-DC2E-37B6-AF30-40061019CD0C}.MinSizeRel|Win32.ActiveCfg = MinSizeRel|Win32
		{DC705A5A-DC2E-37B6-AF30-40061019CD0C}.MinSizeRel|Win32.Build.0 = MinSizeRel|Win32
		{DC705A5A-DC2E-37B6-AF30-40061019CD0C}.RelWithDebInfo|Win32.ActiveCfg = RelWithDebInfo|Win32
		{DC705A5A-DC2E-37B6-AF30-40061019CD0C}.RelWithDebInfo|Win32.Build.0 = RelWithDebInfo|Win32
		{F68C55DC-0F98-331A-9357-4D8217D3A023}.Debug|Win32.ActiveCfg = Debug|Win32
		{F68C55DC-0F98-331A-9357-4D8217D3A023}.Debug|Win32.Build.0 = Debug|Win32
		{F68C55DC-0F98-331A-9357-4D8217D3A023}.Release|Win32.ActiveCfg = Release|Win32
		{F68C55DC-0F98-331A-9357-4D8217D3A023}.Release|Win32.Build.0 = Release|Win32
		{F68C55DC-0F98-331A-9357-4D8217D3A023}.MinSizeRel|Win32.ActiveCfg = MinSizeRel|Win32
		{F68C55DC-0F98-331A-9357-4D8217D3A023}.MinSizeRel|Win32.Build.0 = MinSizeRel|Win32
		{F68C55DC-0F98-331A-9357-4D8217D3A023}.RelWithDebInfo|Win32.ActiveCfg = RelWithDebInfo|Win32
		{F68C55DC-0F98-331A-9357-4D8217D3A023}.RelWithDebInfo|Win32.Build.0 = RelWithDebInfo|Win32
		{220F2379-9139-3D18-9DB2-8C6E7CAE9E9A}.Debug|Win32.ActiveCfg = Debug|Win32
		{220F2379-9139-3D18-9DB2-8C6E7CAE9E9A}.Debug|Win32.Build.0 = Debug|Win32
		{220F2379-9139-3D18-9DB2-8C6E7CAE9E9A}.Release|Win32.ActiveCfg = Release|Win32
		{220F2379-9139-3D18-9DB2-8C6E7CAE9E9A}.Release|Win32.Build.0 = Release|Win32
		{220F2379-9139-3D18-9DB2-8C6E7CAE9E9A}.MinSizeRel|Win32.ActiveCfg = MinSizeRel|Win32
		{220F2379-9139-3D18-9DB2-8C6E7CAE9E9A}.MinSizeRel|Win32.Build.0 = MinSizeRel|Win32
		{220F2379-9139-3D18-9DB2-8C6E7CAE9E9A}.RelWithDebInfo|Win32.ActiveCfg = RelWithDebInfo|Win32
		{220F2379-9139-3D18-9DB2-8C6E7CAE9E9A}.RelWithDebInfo|Win32.Build.0 = RelWithDebInfo|Win32
		{1E966B31-4D0B-3B2B-BE74-943843BDEB60}.Debug|Win32.ActiveCfg = Debug|Win32
		{1E966B31-4D0B-3B2B-BE74-943843BDEB60}.Debug|Win32.Build.0 = Debug|Win32
		{1E966B31-4D0B-3B2B-BE74-943843BDEB60}.Release|Win32.ActiveCfg = Release|Win32
		{1E966B31-4D0B-3B2B-BE74-943843BDEB60}.Release|Win32.Build.0 = Release|Win32
		{1E966B31-4D0B-3B2B-BE74-943843BDEB60}.MinSizeRel|Win32.ActiveCfg = MinSizeRel|Win32
		{1E966B31-4D0B-3B2B-BE74-943843BDEB60}.MinSizeRel|Win32.Build.0 = MinSizeRel|Win32
		{1E966B31-4D0B-3B2B-BE74-943843BDEB60}.RelWithDebInfo|Win32.ActiveCfg = RelWithDebInfo|Win32
		{1E966B31-4D0B-3B2B-BE74-943843BDEB60}.RelWithDebInfo|Win32.Build.0 = RelWithDebInfo|Win32
		{4FAF41D4-9C59-386C-BC2C-A8CA556D5354}.Debug|Win32.ActiveCfg = Debug|Win32
		{4FAF41D4-9C59-386C-BC2C-A8CA556D5354}.Debug|Win32.Build.0 = Debug|Win32
		{4FAF41D4-9C59-386C-BC2C-A8CA556D5354}.Release|Win32.ActiveCfg = Release|Win32
		{4FAF41D4-9C59-386C-BC2C-A8CA556D5354}.Release|Win32.Build.0 = Release|Win32
		{4FAF41D4-9C59-386C-BC2C-A8CA556D5354}.MinSizeRel|Win32.ActiveCfg = MinSizeRel|Win32
		{4FAF41D4-9C59-386C-BC2C-A8CA556D5354}.MinSizeRel|Win32.Build.0 = MinSizeRel|Win32
		{4FAF41D4-9C59-386C-BC2C-A8CA556D5354}.RelWithDebInfo|Win32.ActiveCfg = RelWithDebInfo|Win32
		{4FAF41D4-9C59-386C-BC2C-A8CA556D5354}.RelWithDebInfo|Win32.Build.0 = RelWithDebInfo|Win32
		{1EAA032F-5F66-39D2-AC6E-A676C0BB862C}.Debug|Win32.ActiveCfg = Debug|Win32
		{1EAA032F-5F66-39D2-AC6E-A676C0BB862C}.Debug|Win32.Build.0 = Debug|Win32
		{1EAA032F-5F66-39D2-AC6E-A676C0BB862C}.Release|Win32.ActiveCfg = Release|Win32
		{1EAA032F-5F66-39D2-AC6E-A676C0BB862C}.Release|Win32.Build.0 = Release|Win32
		{1EAA032F-5F66-39D2-AC6E-A676C0BB862C}.MinSizeRel|Win32.ActiveCfg = MinSizeRel|Win32
		{1EAA032F-5F66-39D2-AC6E-A676C0BB862C}.MinSizeRel|Win32.Build.0 = MinSizeRel|Win32
		{1EAA032F-5F66-39D2-AC6E-A676C0BB862C}.RelWithDebInfo|Win32.ActiveCfg = RelWithDebInfo|Win32
		{1EAA032F-5F66-39D2-AC6E-A676C0BB862C}.RelWithDebInfo|Win32.Build.0 = RelWithDebInfo|Win32
		{3F061569-E271-3AE4-A31D-67939E9FD935}.Debug|Win32.ActiveCfg = Debug|Win32
		{3F061569-E271-3AE4-A31D-67939E9FD935}.Debug|Win32.Build.0 = Debug|Win32
		{3F061569-E271-3AE4-A31D-67939E9FD935}.Release|Win32.ActiveCfg = Release|Win32
		{3F061569-E271-3AE4-A31D-67939E9FD935}.Release|Win32.Build.0 = Release|Win32
		{3F061569-E271-3AE4-A31D-67939E9FD935}.MinSizeRel|Win32.ActiveCfg = MinSizeRel|Win32
		{3F061569-E271-3AE4-A31D-67939E9FD935}.MinSizeRel|Win32.Build.0 = MinSizeRel|Win32
		{3F061569-E271-3AE4-A31D-67939E9FD935}.RelWithDebInfo|Win32.ActiveCfg = RelWithDebInfo|Win32
		{3F061569-E271-3AE4-A31D-67939E9FD935}.RelWithDebInfo|Win32.Build.0 = RelWithDebInfo|Win32
		{5C969C92-C305-3227-A11B-81711A7AB0CB}.Debug|Win32.ActiveCfg = Debug|Win32
		{5C969C92-C305-3227-A11B-81711A7AB0CB}.Debug|Win32.Build.0 = Debug|Win32
		{5C969C92-C305-3227-A11B-81711A7AB0CB}.Release|Win32.ActiveCfg = Release|Win32
		{5C969C92-C305-3227-A11B-81711A7AB0CB}.Release|Win32.Build.0 = Release|Win32
		{5C969C92-C305-3227-A11B-81711A7AB0CB}.MinSizeRel|Win32.ActiveCfg = MinSizeRel|Win32
		{5C969C92-C305-3227-A11B-81711A7AB0CB}.MinSizeRel|Win32.Build.0 = MinSizeRel|Win32
		{5C969C92-C305-3227-A11B-81711A7AB0CB}.RelWithDebInfo|Win32.ActiveCfg = RelWithDebInfo|Win32
		{5C969C92-C305-3227-A11B-81711A7AB0CB}.RelWithDebInfo|Win32.Build.0 = RelWithDebInfo|Win32
		{AEB54389-D6BD-3EDE-AE4B-2C767A66A47B}.Debug|Win32.ActiveCfg = Debug|Win32
		{AEB54389-D6BD-3EDE-AE4B-2C767A66A47B}.Release|Win32.ActiveCfg = Release|Win32
		{AEB54389-D6BD-3EDE-AE4B-2C767A66A47B}.MinSizeRel|Win32.ActiveCfg = MinSizeRel|Win32
		{AEB54389-D6BD-3EDE-AE4B-2C767A66A47B}.RelWithDebInfo|Win32.ActiveCfg = RelWithDebInfo|Win32
		{FBEF5775-88E4-38A6-BF6C-E201D47514D7}.Debug|Win32.ActiveCfg = Debug|Win32
		{FBEF5775-88E4-38A6-BF6C-E201D47514D7}.Debug|Win32.Build.0 = Debug|Win32
		{FBEF5775-88E4-38A6-BF6C-E201D47514D7}.Release|Win32.ActiveCfg = Release|Win32
		{FBEF5775-88E4-38A6-BF6C-E201D47514D7}.Release|Win32.Build.0 = Release|Win32
		{FBEF5775-88E4-38A6-BF6C-E201D47514D7}.MinSizeRel|Win32.ActiveCfg = MinSizeRel|Win32
		{FBEF5775-88E4-38A6-BF6C-E201D47514D7}.MinSizeRel|Win32.Build.0 = MinSizeRel|Win32
		{FBEF5775-88E4-38A6-BF6C-E201D47514D7}.RelWithDebInfo|Win32.ActiveCfg = RelWithDebInfo|Win32
		{FBEF5775-88E4-38A6-BF6C-E201D47514D7}.RelWithDebInfo|Win32.Build.0 = RelWithDebInfo|Win32
		{9F0161D6-EC32-3B27-8021-56F42FD440A4}.Debug|Win32.ActiveCfg = Debug|Win32
		{9F0161D6-EC32-3B27-8021-56F42FD440A4}.Debug|Win32.Build.0 = Debug|Win32
		{9F0161D6-EC32-3B27-8021-56F42FD440A4}.Release|Win32.ActiveCfg = Release|Win32
		{9F0161D6-EC32-3B27-8021-56F42FD440A4}.Release|Win32.Build.0 = Release|Win32
		{9F0161D6-EC32-3B27-8021-56F42FD440A4}.MinSizeRel|Win32.ActiveCfg = MinSizeRel|Win32
		{9F0161D6-EC32-3B27-8021-56F42FD440A4}.MinSizeRel|Win32.Build.0 = MinSizeRel|Win32
		{9F0161D6-EC32-3B27-8021-56F42FD440A4}.RelWithDebInfo|Win32.ActiveCfg = RelWithDebInfo|Win32
		{9F0161D6-EC32-3B27-8021-56F42FD440A4}.RelWithDebInfo|Win32.Build.0 = RelWithDebInfo|Win32
		{ECE97D26-58F3-32C5-8D82-F14B1CBAC7EE}.Debug|Win32.ActiveCfg = Debug|Win32
		{ECE97D26-58F3-32C5-8D82-F14B1CBAC7EE}.Debug|Win32.Build.0 = Debug|Win32
		{ECE97D26-58F3-32C5-8D82-F14B1CBAC7EE}.Release|Win32.ActiveCfg = Release|Win32
		{ECE97D26-58F3-32C5-8D82-F14B1CBAC7EE}.Release|Win32.Build.0 = Release|Win32
		{ECE97D26-58F3-32C5-8D82-F14B1CBAC7EE}.MinSizeRel|Win32.ActiveCfg = MinSizeRel|Win32
		{ECE97D26-58F3-32C5-8D82-F14B1CBAC7EE}.MinSizeRel|Win32.Build.0 = MinSizeRel|Win32
		{ECE97D26-58F3-32C5-8D82-F14B1CBAC7EE}.RelWithDebInfo|Win32.ActiveCfg = RelWithDebInfo|Win32
		{ECE97D26-58F3-32C5-8D82-F14B1CBAC7EE}.RelWithDebInfo|Win32.Build.0 = RelWithDebInfo|Win32
		{7075B231-5376-34C5-A708-848CA03C5108}.Debug|Win32.ActiveCfg = Debug|Win32
		{7075B231-5376-34C5-A708-848CA03C5108}.Debug|Win32.Build.0 = Debug|Win32
		{7075B231-5376-34C5-A708-848CA03C5108}.Release|Win32.ActiveCfg = Release|Win32
		{7075B231-5376-34C5-A708-848CA03C5108}.Release|Win32.Build.0 = Release|Win32
		{7075B231-5376-34C5-A708-848CA03C5108}.MinSizeRel|Win32.ActiveCfg = MinSizeRel|Win32
		{7075B231-5376-34C5-A708-848CA03C5108}.MinSizeRel|Win32.Build.0 = MinSizeRel|Win32
		{7075B231-5376-34C5-A708-848CA03C5108}.RelWithDebInfo|Win32.ActiveCfg = RelWithDebInfo|Win32
		{7075B231-5376-34C5-A708-848CA03C5108}.RelWithDebInfo|Win32.Build.0 = RelWithDebInfo|Win32
	EndGlobalSection
	GlobalSection(ExtensibilityGlobals) = postSolution
		SolutionGuid = {A1AD79E9-6994-342E-A698-72BADB237765}
	EndGlobalSection
	GlobalSection(ExtensibilityAddIns) = postSolution
	EndGlobalSection
EndGlobal
